{
  "version": 4,
  "terraform_version": "1.7.4",
  "serial": 196,
  "lineage": "cf8f7b94-e2db-673d-16e0-2fd0f71f05bd",
  "outputs": {
    "Amazon-Linux-ami": {
      "value": "ami-03111090a3473ce0c",
      "type": "string"
    },
    "My-Public-IP": {
      "value": "172.58.14.162",
      "type": "string"
    },
    "Random_Bytes_BaseX64": {
      "value": "jqCS5GZLfynqgA==",
      "type": "string",
      "sensitive": true
    },
    "Random_Bytes_HEX": {
      "value": "8ea092e4664b7f29ea80",
      "type": "string",
      "sensitive": true
    },
    "Random_Id_Var": {
      "value": "Tmjb4byN608",
      "type": "string"
    },
    "Random_Password": {
      "value": {
        "bcrypt_hash": "$2a$10$k/509VILAo.p0MDBExrCmugbsEconLNPtC6w3Ljig6PoTp8kqtD4i",
        "id": "none",
        "keepers": null,
        "length": 10,
        "lower": true,
        "min_lower": 0,
        "min_numeric": 0,
        "min_special": 0,
        "min_upper": 0,
        "number": true,
        "numeric": true,
        "override_special": null,
        "result": "d-_*l=:mVc",
        "special": true,
        "upper": true
      },
      "type": [
        "object",
        {
          "bcrypt_hash": "string",
          "id": "string",
          "keepers": [
            "map",
            "string"
          ],
          "length": "number",
          "lower": "bool",
          "min_lower": "number",
          "min_numeric": "number",
          "min_special": "number",
          "min_upper": "number",
          "number": "bool",
          "numeric": "bool",
          "override_special": "string",
          "result": "string",
          "special": "bool",
          "upper": "bool"
        }
      ],
      "sensitive": true
    },
    "Random_Pet_Name": {
      "value": "positively-suited-earwig",
      "type": "string"
    },
    "Random_Shuffle": {
      "value": {
        "id": "-",
        "input": [
          "Pari",
          "harsha",
          "chaitu"
        ],
        "keepers": null,
        "result": [
          "harsha",
          "chaitu",
          "Pari"
        ],
        "result_count": null,
        "seed": null
      },
      "type": [
        "object",
        {
          "id": "string",
          "input": [
            "list",
            "string"
          ],
          "keepers": [
            "map",
            "string"
          ],
          "result": [
            "list",
            "string"
          ],
          "result_count": "number",
          "seed": "string"
        }
      ]
    },
    "Random_UUID": {
      "value": "9f2a36e4-6c4f-6ba4-698c-ef9c132b78a6",
      "type": "string"
    },
    "Windows-Password-dnc": {
      "value": "Uj3;u(ABZ-DqJ255JmpLr%PuBeHT$k2k",
      "type": "string",
      "sensitive": true
    },
    "Windows-Password-enc": {
      "value": "ijV+imMhKVs149Hw7GcjV3eLMQjvAKewNJuVGqLbJfAaw/mLpsVw1AFbvQE1LRTnbivrDvHbKQncn9E5dCS9ve//FuIjN/3CRh0w//U46l9GhpzijMeWHpps/vFT31NrTA/7o1MVbIQ+LfJPB2BdtaMoF/w9DspEmhpwZ618F4o8InFC0/MNn3ewPzqbyzAEXGX6TfUusohCNun9Kj+mFb793bLmtPjecv8/l8pgiYfecSOY3R9OIgEZfXBk1CRANzVNkrYYcROjI/BfouBlk2AguWLtQckeBfYFF4MtgXppIPvZkfBlEK+YJgVj7Xml73DeV8kRHlsIeyayz83wGQ==",
      "type": "string"
    },
    "Windows-ami": {
      "value": "ami-0e6aa5f69f06ffa91",
      "type": "string"
    },
    "Windows-publicIP": {
      "value": "18.221.102.67",
      "type": "string"
    }
  },
  "resources": [
    {
      "mode": "data",
      "type": "aws_ami",
      "name": "Amazon-Linux-ami",
      "provider": "provider[\"registry.terraform.io/hashicorp/aws\"]",
      "instances": [
        {
          "schema_version": 0,
          "attributes": {
            "architecture": "arm64",
            "arn": "arn:aws:ec2:us-east-2::image/ami-03111090a3473ce0c",
            "block_device_mappings": [
              {
                "device_name": "/dev/xvda",
                "ebs": {
                  "delete_on_termination": "true",
                  "encrypted": "false",
                  "iops": "3000",
                  "snapshot_id": "snap-0ed0e6909dfa83800",
                  "throughput": "125",
                  "volume_size": "8",
                  "volume_type": "gp3"
                },
                "no_device": "",
                "virtual_name": ""
              }
            ],
            "boot_mode": "uefi",
            "creation_date": "2023-08-02T22:30:06.000Z",
            "deprecation_time": "2025-08-02T22:30:06.000Z",
            "description": "Amazon Linux 2023 AMI 2023 ARM Support by TC",
            "ena_support": true,
            "executable_users": null,
            "filter": [
              {
                "name": "name",
                "values": [
                  "Amazon Linux*"
                ]
              }
            ],
            "hypervisor": "xen",
            "id": "ami-03111090a3473ce0c",
            "image_id": "ami-03111090a3473ce0c",
            "image_location": "aws-marketplace/Amazon Linux 2023 AMI 2023 ARM Support by TC-35f11dcb-96b0-4cfa-aa7b-68559812647f",
            "image_owner_alias": "aws-marketplace",
            "image_type": "machine",
            "imds_support": "v2.0",
            "include_deprecated": false,
            "kernel_id": "",
            "most_recent": true,
            "name": "Amazon Linux 2023 AMI 2023 ARM Support by TC-35f11dcb-96b0-4cfa-aa7b-68559812647f",
            "name_regex": null,
            "owner_id": "679593333241",
            "owners": null,
            "platform": "",
            "platform_details": "Linux/UNIX",
            "product_codes": [
              {
                "product_code_id": "36yreqrey7e7zronmmgyy6n3z",
                "product_code_type": "marketplace"
              }
            ],
            "public": true,
            "ramdisk_id": "",
            "root_device_name": "/dev/xvda",
            "root_device_type": "ebs",
            "root_snapshot_id": "snap-0ed0e6909dfa83800",
            "sriov_net_support": "simple",
            "state": "available",
            "state_reason": {
              "code": "UNSET",
              "message": "UNSET"
            },
            "tags": {},
            "timeouts": null,
            "tpm_support": "",
            "usage_operation": "RunInstances",
            "virtualization_type": "hvm"
          },
          "sensitive_attributes": []
        }
      ]
    },
    {
      "mode": "data",
      "type": "aws_ami",
      "name": "windows-ami",
      "provider": "provider[\"registry.terraform.io/hashicorp/aws\"]",
      "instances": [
        {
          "schema_version": 0,
          "attributes": {
            "architecture": "x86_64",
            "arn": "arn:aws:ec2:us-east-2::image/ami-0e6aa5f69f06ffa91",
            "block_device_mappings": [
              {
                "device_name": "/dev/sda1",
                "ebs": {
                  "delete_on_termination": "true",
                  "encrypted": "false",
                  "iops": "0",
                  "snapshot_id": "snap-0603cb465158f8469",
                  "throughput": "0",
                  "volume_size": "30",
                  "volume_type": "gp2"
                },
                "no_device": "",
                "virtual_name": ""
              },
              {
                "device_name": "xvdca",
                "ebs": {},
                "no_device": "",
                "virtual_name": "ephemeral0"
              },
              {
                "device_name": "xvdcb",
                "ebs": {},
                "no_device": "",
                "virtual_name": "ephemeral1"
              },
              {
                "device_name": "xvdcc",
                "ebs": {},
                "no_device": "",
                "virtual_name": "ephemeral2"
              },
              {
                "device_name": "xvdcd",
                "ebs": {},
                "no_device": "",
                "virtual_name": "ephemeral3"
              },
              {
                "device_name": "xvdce",
                "ebs": {},
                "no_device": "",
                "virtual_name": "ephemeral4"
              },
              {
                "device_name": "xvdcf",
                "ebs": {},
                "no_device": "",
                "virtual_name": "ephemeral5"
              },
              {
                "device_name": "xvdcg",
                "ebs": {},
                "no_device": "",
                "virtual_name": "ephemeral6"
              },
              {
                "device_name": "xvdch",
                "ebs": {},
                "no_device": "",
                "virtual_name": "ephemeral7"
              },
              {
                "device_name": "xvdci",
                "ebs": {},
                "no_device": "",
                "virtual_name": "ephemeral8"
              },
              {
                "device_name": "xvdcj",
                "ebs": {},
                "no_device": "",
                "virtual_name": "ephemeral9"
              },
              {
                "device_name": "xvdck",
                "ebs": {},
                "no_device": "",
                "virtual_name": "ephemeral10"
              },
              {
                "device_name": "xvdcl",
                "ebs": {},
                "no_device": "",
                "virtual_name": "ephemeral11"
              },
              {
                "device_name": "xvdcm",
                "ebs": {},
                "no_device": "",
                "virtual_name": "ephemeral12"
              },
              {
                "device_name": "xvdcn",
                "ebs": {},
                "no_device": "",
                "virtual_name": "ephemeral13"
              },
              {
                "device_name": "xvdco",
                "ebs": {},
                "no_device": "",
                "virtual_name": "ephemeral14"
              },
              {
                "device_name": "xvdcp",
                "ebs": {},
                "no_device": "",
                "virtual_name": "ephemeral15"
              },
              {
                "device_name": "xvdcq",
                "ebs": {},
                "no_device": "",
                "virtual_name": "ephemeral16"
              },
              {
                "device_name": "xvdcr",
                "ebs": {},
                "no_device": "",
                "virtual_name": "ephemeral17"
              },
              {
                "device_name": "xvdcs",
                "ebs": {},
                "no_device": "",
                "virtual_name": "ephemeral18"
              },
              {
                "device_name": "xvdct",
                "ebs": {},
                "no_device": "",
                "virtual_name": "ephemeral19"
              },
              {
                "device_name": "xvdcu",
                "ebs": {},
                "no_device": "",
                "virtual_name": "ephemeral20"
              },
              {
                "device_name": "xvdcv",
                "ebs": {},
                "no_device": "",
                "virtual_name": "ephemeral21"
              },
              {
                "device_name": "xvdcw",
                "ebs": {},
                "no_device": "",
                "virtual_name": "ephemeral22"
              },
              {
                "device_name": "xvdcx",
                "ebs": {},
                "no_device": "",
                "virtual_name": "ephemeral23"
              },
              {
                "device_name": "xvdcy",
                "ebs": {},
                "no_device": "",
                "virtual_name": "ephemeral24"
              },
              {
                "device_name": "xvdcz",
                "ebs": {},
                "no_device": "",
                "virtual_name": "ephemeral25"
              }
            ],
            "boot_mode": "",
            "creation_date": "2024-02-14T05:25:45.000Z",
            "deprecation_time": "2026-02-14T05:25:45.000Z",
            "description": "Microsoft Windows Server 2022 Full Locale English AMI provided by Amazon",
            "ena_support": true,
            "executable_users": null,
            "filter": [
              {
                "name": "name",
                "values": [
                  "Windows_Server-2022-English-Full-Base-*"
                ]
              }
            ],
            "hypervisor": "xen",
            "id": "ami-0e6aa5f69f06ffa91",
            "image_id": "ami-0e6aa5f69f06ffa91",
            "image_location": "amazon/Windows_Server-2022-English-Full-Base-2024.02.14",
            "image_owner_alias": "amazon",
            "image_type": "machine",
            "imds_support": "",
            "include_deprecated": false,
            "kernel_id": "",
            "most_recent": true,
            "name": "Windows_Server-2022-English-Full-Base-2024.02.14",
            "name_regex": null,
            "owner_id": "801119661308",
            "owners": null,
            "platform": "windows",
            "platform_details": "Windows",
            "product_codes": [],
            "public": true,
            "ramdisk_id": "",
            "root_device_name": "/dev/sda1",
            "root_device_type": "ebs",
            "root_snapshot_id": "snap-0603cb465158f8469",
            "sriov_net_support": "simple",
            "state": "available",
            "state_reason": {
              "code": "UNSET",
              "message": "UNSET"
            },
            "tags": {},
            "timeouts": null,
            "tpm_support": "",
            "usage_operation": "RunInstances:0002",
            "virtualization_type": "hvm"
          },
          "sensitive_attributes": []
        }
      ]
    },
    {
      "mode": "data",
      "type": "http",
      "name": "MyIP",
      "provider": "provider[\"registry.terraform.io/hashicorp/http\"]",
      "instances": [
        {
          "schema_version": 0,
          "attributes": {
            "body": "{\n  \"ip\": \"172.58.14.162\",\n  \"city\": \"Minneapolis\",\n  \"region\": \"Minnesota\",\n  \"country\": \"US\",\n  \"loc\": \"44.9800,-93.2638\",\n  \"org\": \"AS21928 T-Mobile USA, Inc.\",\n  \"postal\": \"55401\",\n  \"timezone\": \"America/Chicago\",\n  \"readme\": \"https://ipinfo.io/missingauth\"\n}",
            "ca_cert_pem": null,
            "id": "http://ipinfo.io/json",
            "insecure": null,
            "method": null,
            "request_body": null,
            "request_headers": null,
            "request_timeout_ms": null,
            "response_body": "{\n  \"ip\": \"172.58.14.162\",\n  \"city\": \"Minneapolis\",\n  \"region\": \"Minnesota\",\n  \"country\": \"US\",\n  \"loc\": \"44.9800,-93.2638\",\n  \"org\": \"AS21928 T-Mobile USA, Inc.\",\n  \"postal\": \"55401\",\n  \"timezone\": \"America/Chicago\",\n  \"readme\": \"https://ipinfo.io/missingauth\"\n}",
            "response_body_base64": "ewogICJpcCI6ICIxNzIuNTguMTQuMTYyIiwKICAiY2l0eSI6ICJNaW5uZWFwb2xpcyIsCiAgInJlZ2lvbiI6ICJNaW5uZXNvdGEiLAogICJjb3VudHJ5IjogIlVTIiwKICAibG9jIjogIjQ0Ljk4MDAsLTkzLjI2MzgiLAogICJvcmciOiAiQVMyMTkyOCBULU1vYmlsZSBVU0EsIEluYy4iLAogICJwb3N0YWwiOiAiNTU0MDEiLAogICJ0aW1lem9uZSI6ICJBbWVyaWNhL0NoaWNhZ28iLAogICJyZWFkbWUiOiAiaHR0cHM6Ly9pcGluZm8uaW8vbWlzc2luZ2F1dGgiCn0=",
            "response_headers": {
              "Access-Control-Allow-Origin": "*",
              "Content-Length": "263",
              "Content-Type": "application/json; charset=utf-8",
              "Date": "Fri, 15 Mar 2024 01:21:05 GMT",
              "Server": "nginx/1.24.0",
              "Strict-Transport-Security": "max-age=2592000; includeSubDomains",
              "Via": "1.1 google",
              "X-Content-Type-Options": "nosniff",
              "X-Envoy-Upstream-Service-Time": "2"
            },
            "retry": null,
            "status_code": 200,
            "url": "http://ipinfo.io/json"
          },
          "sensitive_attributes": []
        }
      ]
    },
    {
      "mode": "managed",
      "type": "aws_acm_certificate",
      "name": "client",
      "provider": "provider[\"registry.terraform.io/hashicorp/aws\"]",
      "instances": [
        {
          "schema_version": 0,
          "attributes": {
            "arn": "arn:aws:acm:us-east-2:767397775147:certificate/9d77e65b-4a3d-4b80-9f1c-84b5c8cd3503",
            "certificate_authority_arn": "",
            "certificate_body": "-----BEGIN CERTIFICATE-----\nMIIDNDCCAhygAwIBAgIRAIj3O4oqE/pyOOZ9mvmGIg0wDQYJKoZIhvcNAQELBQAw\nODEaMBgGA1UEChMRSW5kdXMgVmFsbGV5LCBJbmMxGjAYBgNVBAMTEVBhcml2ZXNo\naXRhLlRob3RhMB4XDTI0MDMxNTAwMjIyN1oXDTI0MDgxMjAwMjIyN1owMDEaMBgG\nA1UEChMRSW5kdXMgVmFsbGV5LCBJbmMxEjAQBgNVBAMTCVBhcmkuSG9tZTCCASIw\nDQYJKoZIhvcNAQEBBQADggEPADCCAQoCggEBAKh2U0mgIHogBe4Tl9+cvUrqLfUC\n/RI+xJB5juwv6xVyVINbUX85zWHPOfUkKpPSRqO0A2XaRExNS1/2a+oNrf+l9K6n\nLiWL6F0QmKyRHnSBgmzU2LMkC2/307Y7MQmvcgBFnbGd51IHQHR1CpLfrKs22k96\n8oBAopj5V49JWzCqcIyzkGRNLV67N71i8wcthZcSbBitQ8YaUlbb/UL+/+2d6qmt\n9O7OwAsDZ4BpBuAM0dFMf4ALSWQD/bxXNHlkVjBcUgZOB1Zt8aeHDrUE4oxK9DZZ\nYRx2Q8VNBK/CXoAm5b1oWlvoMrkw6BgY5Yl7GUXcXJ9czGLW4Pd6dk7OZRECAwEA\nAaNBMD8wDgYDVR0PAQH/BAQDAgKkMAwGA1UdEwEB/wQCMAAwHwYDVR0jBBgwFoAU\nbCL5R3Br17X9uOTYOe4bsT1IRWswDQYJKoZIhvcNAQELBQADggEBAJYO9XzI5IaG\nMudd/TNuoCtmVsNxo3M4jYzN4o1TN4E2L9rcBNMPHJg2WsAzF4xRTcbCPHIUEHCG\nptRAa28gYDFzmsWrtxjl+uKaKayPteDJUko4/dCJi9mSBU6ESD9qf5BYAursjtvA\n0UpSMXGriuWCjpLGLUebQGv5JZoHtWp2wO6QZbfHQQ/NmMUzXVR53cMSYjBC8G9G\nuwn7OCSwor2ITLh+fZiib/bNWIUZzVUHH3PExZxDxQ2jD8J/q4+3j5EudT+iehjc\nlg6xOdOGfdD0xD0+ADfnEY3m3m+IBzPfP/VLYduNflm5kXJ4WOaI5LeEZ6eJTzKI\nQm46Nvcnex0=\n-----END CERTIFICATE-----\n",
            "certificate_chain": "-----BEGIN CERTIFICATE-----\nMIIDPDCCAiSgAwIBAgIQaKxw2Tlu8JxBTFxzTDw5IzANBgkqhkiG9w0BAQsFADA4\nMRowGAYDVQQKExFJbmR1cyBWYWxsZXksIEluYzEaMBgGA1UEAxMRUGFyaXZlc2hp\ndGEuVGhvdGEwHhcNMjQwMzE0MjM0MDI2WhcNMjQwODExMjM0MDI2WjA4MRowGAYD\nVQQKExFJbmR1cyBWYWxsZXksIEluYzEaMBgGA1UEAxMRUGFyaXZlc2hpdGEuVGhv\ndGEwggEiMA0GCSqGSIb3DQEBAQUAA4IBDwAwggEKAoIBAQCzwYw5B30zWGQGktUL\noWTkuRfskKcGQdvu/S/domixYseb9wZ1uL74UYJN3ZK1G0Y89DKv4KAelNidwBwD\nXpAu/BfV54ta1qFBYsWjKwdgDvIY5TDS7+zVTprJkp7SGSrS7L76tKVa5FNfi5jV\nixjGbmJJKtZ3wdj7AK4JfIyho+SZ96EDPj272vZTheg7aklEgjCzS6qeMWxIeSzO\nyvWA8ZcchuW2k0updlDhQoz30ZtbFLjhBzW8D5wuckEfHrQg5SrxWZhETu0MMTGC\n+5BUCQsdZ55oyFdqYSs9v0RuwIBTKuZkz3FlCYrYb+7cYmwvImND/Z6L3PGfvJRg\nJhChAgMBAAGjQjBAMA4GA1UdDwEB/wQEAwICpDAPBgNVHRMBAf8EBTADAQH/MB0G\nA1UdDgQWBBRsIvlHcGvXtf245Ng57huxPUhFazANBgkqhkiG9w0BAQsFAAOCAQEA\nsbSiEpNZ4w+xdLaFrQs0qGS2snYrQRQyh+y1pF4OX1QN0nUokqzMGun7cyMLWfBW\nuLcr5jpXPU4XJ9U/a7EmNVbGR1w4xwWZuEw1ETof+fPmt0lt7uL2zfAdzCHGBFqQ\nsNaHqPPe0WyObqgV+DlycEjdq7h3q0ofcuFnjDJxXJo4ZmX5mn6axkshTXGKmYgq\nvxUFcfp7XoAJmlrUz2DeunEB//Y95qMSGYmE3rRcV3F9poTA8k3nys+WoUnKGjuR\nfTE+QlI6Ng4sg1N3h4f8OW48qBRxi3I0/dAh57FqPbOl/qhVa8D9TGbq9jBaV6DJ\nkprr+UcjFVw1iZ4QYQLSKA==\n-----END CERTIFICATE-----\n",
            "domain_name": "Pari.Home",
            "domain_validation_options": [],
            "early_renewal_duration": "",
            "id": "arn:aws:acm:us-east-2:767397775147:certificate/9d77e65b-4a3d-4b80-9f1c-84b5c8cd3503",
            "key_algorithm": "RSA_2048",
            "not_after": "2024-08-12T00:22:27Z",
            "not_before": "2024-03-15T00:22:27Z",
            "options": [
              {
                "certificate_transparency_logging_preference": "DISABLED"
              }
            ],
            "pending_renewal": false,
            "private_key": "-----BEGIN RSA PRIVATE KEY-----\nMIIEogIBAAKCAQEAqHZTSaAgeiAF7hOX35y9Suot9QL9Ej7EkHmO7C/rFXJUg1tR\nfznNYc859SQqk9JGo7QDZdpETE1LX/Zr6g2t/6X0rqcuJYvoXRCYrJEedIGCbNTY\nsyQLb/fTtjsxCa9yAEWdsZ3nUgdAdHUKkt+sqzbaT3rygECimPlXj0lbMKpwjLOQ\nZE0tXrs3vWLzBy2FlxJsGK1DxhpSVtv9Qv7/7Z3qqa307s7ACwNngGkG4AzR0Ux/\ngAtJZAP9vFc0eWRWMFxSBk4HVm3xp4cOtQTijEr0NllhHHZDxU0Er8JegCblvWha\nW+gyuTDoGBjliXsZRdxcn1zMYtbg93p2Ts5lEQIDAQABAoIBAH4fACHp8QadfPMN\n1jFCXnF8u2VolGEZfv4PE9J92YlX7C/fqTcP5lSo2WJPblT3I42h0r1pWKKrZ5fz\nnD1Bepgf/fzYCvNvOEqch0EC8IMXBrdF7urHPIzaRLV0wTTYFghgFjyI1EsURMwr\nZ/wn21TfnzfL+0vLmC/g1Q3gRJY8fU0Czh6hZLdGcw0Uz+bBnCPI8HJVRA/hNDdV\n/itTp0letZCLObzGoO0pZ3njYCxyypX4+NvJyj7izJJeWE6qpcXXRJSnhXvXuFyn\nlYwE0XDrW893nOFXyfAikR+hj/A0+HfRFXsfGI87OSnn252lGwSnMMdiuPSfv69+\ng06p58UCgYEA0ARjqGUUpXih0ky0jl/QKdp+kzhxgkFp7AY6k1DYjx8pLjGXEZS8\nweS51zfv8upU8jF5wMbH/1Hqn1wyJNOYR2rK9TUdZIRvHWGK2Oh1ygcOCB0BUHLo\namChrEG6bkO79BB8DuRC8BFL2xVKToxYDmArkRYV2YnZw53PpN3rNF8CgYEAz1It\n5xTkVUjwoTMNUQW2GBVlUibSysNZxZnA745EFWuupsyZdiSVRLKIrAdSa7G1GlK8\nZ34OQ1TPiaTcTx005FsHszXGE69RgsyRQ7y8xfAq+akN8/NFBq/2H0020g23PK3b\n+63iZskpv5zlt3CBBe5tz0Yz4xa4Ja/Jk6SmXI8CgYBc7skTL22E65roGErGHLok\nKLBJ13qmpdDLmJDMxd6qOlKsh40lVpzpxuTb6OqzTMt8lGv/mw842wEGByuD1mB+\n75AS8pLaGGyH5M8iTuBozLQRHdw7c8qv09IG4iqHHo224TJ7eLELDb8k9qMG6p5g\ndcig/gvu7y4xvaxJzLdK4wKBgCOh/EG7VYNTBgiuvZsvYBzDkKaOBazT5poP0xlZ\nWlpUJ7CDedzUbNNh3Bu1JnVcFcRwc/FVuR3ZddIyg6sVWgHlo20p0OGRQHE6t7zs\ns4VRwhEm/T7wkOyVUbgPjVyM/vFu8GBRgpgn+wTz8oeUzpg2Yqk9Z62gOgZAMGUv\n52gBAoGAOz736C7DBnM6Ky+selFJVypxFU0X0vaJfDpj8GUBFPhYXUyfxKTTCPFx\ntnkZw28NSSqQqRjW96TdMThAfaG4N0vRHgZcd9hDfswhzP6O9kmCjCtNgHSPPkce\nrxPTtPR6YhGlSBA/0G444q0A7uXWHiFb2hoFndXKiEBFwZe4scc=\n-----END RSA PRIVATE KEY-----\n",
            "renewal_eligibility": "INELIGIBLE",
            "renewal_summary": [],
            "status": "ISSUED",
            "subject_alternative_names": [
              "Pari.Home"
            ],
            "tags": {},
            "tags_all": {},
            "type": "IMPORTED",
            "validation_emails": [],
            "validation_method": "NONE",
            "validation_option": []
          },
          "sensitive_attributes": [
            [
              {
                "type": "get_attr",
                "value": "private_key"
              }
            ]
          ],
          "private": "bnVsbA==",
          "dependencies": [
            "tls_cert_request.client-req",
            "tls_locally_signed_cert.client-crt",
            "tls_private_key.ca-pvt",
            "tls_private_key.client-pvt",
            "tls_self_signed_cert.ca"
          ]
        }
      ]
    },
    {
      "mode": "managed",
      "type": "aws_acm_certificate",
      "name": "server",
      "provider": "provider[\"registry.terraform.io/hashicorp/aws\"]",
      "instances": [
        {
          "schema_version": 0,
          "attributes": {
            "arn": "arn:aws:acm:us-east-2:767397775147:certificate/e6af7bf0-4f0b-40ef-bb94-b1ca6e407952",
            "certificate_authority_arn": "",
            "certificate_body": "-----BEGIN CERTIFICATE-----\nMIIDMjCCAhqgAwIBAgIQTFiE3JCb80cYbsiyD5BBmjANBgkqhkiG9w0BAQsFADA4\nMRowGAYDVQQKExFJbmR1cyBWYWxsZXksIEluYzEaMBgGA1UEAxMRUGFyaXZlc2hp\ndGEuVGhvdGEwHhcNMjQwMzE1MDAxMzAyWhcNMjQwODEyMDAxMzAyWjAvMRowGAYD\nVQQKExFJbmR1cyBWYWxsZXksIEluYzERMA8GA1UEAxMIUGFyaS5BV1MwggEiMA0G\nCSqGSIb3DQEBAQUAA4IBDwAwggEKAoIBAQCd9D4Bbl7tPr3iAoOw0PtzxLCqQB1X\nps+ed8oFRPCGVRW8BE3BzNlUwynEpfgMp/OVxMqV+pAoc0j7MteWZO9MdzRrqSH4\nq3RKZ0a3JIYeRTjiF6MsE1g2iGe+juYLPbCh6id5VRNXn/X2KiL5LJpBGhTW//A9\nC6RAng3yTe8Hv2SFvJ+bYdORo4/KqEB0HxFLxWBEBKr92Md0O90/9itnVl3ZMkGX\nmPhAW/iuPgli9+lfa3ExBKswV1CiBhA0I4GfSuX2o3NDnxvyDbscrBvoeEX0OyEA\nktpyJ6L9lGa7SdK/IjJUluXcOY5xFOoxpwES7K84mL/XecnBJ382I/d1AgMBAAGj\nQTA/MA4GA1UdDwEB/wQEAwICpDAMBgNVHRMBAf8EAjAAMB8GA1UdIwQYMBaAFGwi\n+Udwa9e1/bjk2DnuG7E9SEVrMA0GCSqGSIb3DQEBCwUAA4IBAQCj7VDmz2LIj7Cw\nPFrkbH4WNJ88HzCqN04gpyhKOglMrDRbBhY7yNVENskOFcb9mROwyMcGgF0FlImR\nF38Y5mkqHpqtM26RiFMOftY22eszVaIT14GFNoigKAj32CarIEUvcuNqqCC/eYpd\nqE8oHVeT0atfFZchUpR4djO3K6Tni8rpPrCka75FciKoVN/iNhouXHFgimK9dJDP\nij/3Va/evn1ZUGVvftJhxdvvny/rAiqKDcbFiOkxS0tTNI2AaDNhVsZqI3FfL5oW\nqLNhzP3x14yE/oLyiJE5UtWE5SHDAqv3+7Ms7uJ1nn9YxpbtGzElbktfvcoHclUX\nxcP+UEke\n-----END CERTIFICATE-----\n",
            "certificate_chain": "-----BEGIN CERTIFICATE-----\nMIIDPDCCAiSgAwIBAgIQaKxw2Tlu8JxBTFxzTDw5IzANBgkqhkiG9w0BAQsFADA4\nMRowGAYDVQQKExFJbmR1cyBWYWxsZXksIEluYzEaMBgGA1UEAxMRUGFyaXZlc2hp\ndGEuVGhvdGEwHhcNMjQwMzE0MjM0MDI2WhcNMjQwODExMjM0MDI2WjA4MRowGAYD\nVQQKExFJbmR1cyBWYWxsZXksIEluYzEaMBgGA1UEAxMRUGFyaXZlc2hpdGEuVGhv\ndGEwggEiMA0GCSqGSIb3DQEBAQUAA4IBDwAwggEKAoIBAQCzwYw5B30zWGQGktUL\noWTkuRfskKcGQdvu/S/domixYseb9wZ1uL74UYJN3ZK1G0Y89DKv4KAelNidwBwD\nXpAu/BfV54ta1qFBYsWjKwdgDvIY5TDS7+zVTprJkp7SGSrS7L76tKVa5FNfi5jV\nixjGbmJJKtZ3wdj7AK4JfIyho+SZ96EDPj272vZTheg7aklEgjCzS6qeMWxIeSzO\nyvWA8ZcchuW2k0updlDhQoz30ZtbFLjhBzW8D5wuckEfHrQg5SrxWZhETu0MMTGC\n+5BUCQsdZ55oyFdqYSs9v0RuwIBTKuZkz3FlCYrYb+7cYmwvImND/Z6L3PGfvJRg\nJhChAgMBAAGjQjBAMA4GA1UdDwEB/wQEAwICpDAPBgNVHRMBAf8EBTADAQH/MB0G\nA1UdDgQWBBRsIvlHcGvXtf245Ng57huxPUhFazANBgkqhkiG9w0BAQsFAAOCAQEA\nsbSiEpNZ4w+xdLaFrQs0qGS2snYrQRQyh+y1pF4OX1QN0nUokqzMGun7cyMLWfBW\nuLcr5jpXPU4XJ9U/a7EmNVbGR1w4xwWZuEw1ETof+fPmt0lt7uL2zfAdzCHGBFqQ\nsNaHqPPe0WyObqgV+DlycEjdq7h3q0ofcuFnjDJxXJo4ZmX5mn6axkshTXGKmYgq\nvxUFcfp7XoAJmlrUz2DeunEB//Y95qMSGYmE3rRcV3F9poTA8k3nys+WoUnKGjuR\nfTE+QlI6Ng4sg1N3h4f8OW48qBRxi3I0/dAh57FqPbOl/qhVa8D9TGbq9jBaV6DJ\nkprr+UcjFVw1iZ4QYQLSKA==\n-----END CERTIFICATE-----\n",
            "domain_name": "Pari.AWS",
            "domain_validation_options": [],
            "early_renewal_duration": "",
            "id": "arn:aws:acm:us-east-2:767397775147:certificate/e6af7bf0-4f0b-40ef-bb94-b1ca6e407952",
            "key_algorithm": "RSA_2048",
            "not_after": "2024-08-12T00:13:02Z",
            "not_before": "2024-03-15T00:13:02Z",
            "options": [
              {
                "certificate_transparency_logging_preference": "DISABLED"
              }
            ],
            "pending_renewal": false,
            "private_key": "-----BEGIN RSA PRIVATE KEY-----\nMIIEowIBAAKCAQEAnfQ+AW5e7T694gKDsND7c8SwqkAdV6bPnnfKBUTwhlUVvARN\nwczZVMMpxKX4DKfzlcTKlfqQKHNI+zLXlmTvTHc0a6kh+Kt0SmdGtySGHkU44hej\nLBNYNohnvo7mCz2woeoneVUTV5/19ioi+SyaQRoU1v/wPQukQJ4N8k3vB79khbyf\nm2HTkaOPyqhAdB8RS8VgRASq/djHdDvdP/YrZ1Zd2TJBl5j4QFv4rj4JYvfpX2tx\nMQSrMFdQogYQNCOBn0rl9qNzQ58b8g27HKwb6HhF9DshAJLaciei/ZRmu0nSvyIy\nVJbl3DmOcRTqMacBEuyvOJi/13nJwSd/NiP3dQIDAQABAoIBAFqukz6NF/CKmcb8\nfJBxmjr/jBFiF7ZvrTikOxZFWvU0OfMkYWPG8GrKVNtyEXNqpNyyC0CJhmPCs/6L\nVNwh/IRg13aLtlYmUPA6VI3maR1Nznd27JXsUTOVokHzljyT4SlD3f+5iQ5AZpw5\n2rRFGBYSHC7G5yyU12rFkuouNfGy1+VuPONrUlL4NXJlOFcZa7TFcPYAfJHzbfDP\nXSGS4c3PTS4eatc9/mhs86iwcbwmBcpLHTEtdeEpIvaaSlPT9Oxk0iJPYOyrulSt\nIRbnMCfODtFHV703OSKHp9NnKWJ5rcK2qt6tAgWd/3sj7AHb9ua9WRCQwGkT3XkT\naoqyXcECgYEAyRWGpWHhP4Vx/SPTxN8IQqeoFd1JDpRyJmWFeQD8geWjCAcuwLmF\nuU0Qi3qB8EMNaM56qduPIoByprZV7bM7HU7Yku2m10T8zp1HmBw1JTbZu7aVlPLv\nPQhvF5adg+roAgGQHdn63UqTezhsFoSWSn2j30x5u1KMP1fS9t7hdfECgYEAyRdZ\nkSHwSbSN/tE91Ka0zA3jYH2nBmh2QjVQ84uRUEm+a0OAB70JQNNOgFuVwvfzeGR2\nqgir86syx4wHb+zg2RF6OF6QVf6ylYFNjR+VkU0FWc7ICw19XElxtm4iyWkOatWj\n5Up8WW/W7xBiSfb/YpVIYMlf3ByNiF0lIAA+hcUCgYEAwHM0qaXzEXtjLDYU4M/g\ntQKG0V43JJgYY/038CZshNnF3dIaAePNQxqpogQ+xjc2Zz9ukJCM/iVXFY1e0h9+\njT8/8ec3jcH9/rTyp3cfuh0z5/8ITETxiUVAJaBF4tJ4+CqMxrUv7okIe571e9ur\nh2GV7AniW9DWX21rgFCyEdECgYALi9atuaglY0Of9P263xOUf9ulZ7GWcZsQtCUA\nxuvCE2nmmMqaJyWH3losjpWryzbkm8ggfTz6UcMpqAWpTI2giRtebzeUaHpykSkV\nyFF7NVPwUyozUEP5b5Ii6nH+5JRaWAgAG2XGcOCDe4pZOuBxFadBP27MoasSwF5o\nVvtADQKBgE6E1G3PQA5cJYt74dLY6bevTcIO56Zoocjx42Teh90b/MImOLyChoT1\nGrbL99mmXIQrh0Fi/KYHIIQcCccmIa2RCGBEWtzrnjNPhvWqYEQQXjgZndNBwPse\nyTAifgi/FNHIsiY1n1QaniHY+7pw2cBWKORKYBQ/r40fOQUtaoI3\n-----END RSA PRIVATE KEY-----\n",
            "renewal_eligibility": "INELIGIBLE",
            "renewal_summary": [],
            "status": "ISSUED",
            "subject_alternative_names": [
              "Pari.AWS"
            ],
            "tags": {},
            "tags_all": {},
            "type": "IMPORTED",
            "validation_emails": [],
            "validation_method": "NONE",
            "validation_option": []
          },
          "sensitive_attributes": [
            [
              {
                "type": "get_attr",
                "value": "private_key"
              }
            ]
          ],
          "private": "bnVsbA==",
          "dependencies": [
            "tls_cert_request.server-req",
            "tls_locally_signed_cert.server",
            "tls_private_key.ca-pvt",
            "tls_private_key.server-pvt",
            "tls_self_signed_cert.ca"
          ]
        }
      ]
    },
    {
      "mode": "managed",
      "type": "aws_ec2_client_vpn_endpoint",
      "name": "vpn-st",
      "provider": "provider[\"registry.terraform.io/hashicorp/aws\"]",
      "instances": [
        {
          "schema_version": 0,
          "attributes": {
            "arn": "arn:aws:ec2:us-east-2:767397775147:client-vpn-endpoint/cvpn-endpoint-0dbd01ed705fb97b5",
            "authentication_options": [
              {
                "active_directory_id": "",
                "root_certificate_chain_arn": "arn:aws:acm:us-east-2:767397775147:certificate/9d77e65b-4a3d-4b80-9f1c-84b5c8cd3503",
                "saml_provider_arn": "",
                "self_service_saml_provider_arn": "",
                "type": "certificate-authentication"
              }
            ],
            "client_cidr_block": "192.168.0.0/21",
            "client_connect_options": [
              {
                "enabled": false,
                "lambda_function_arn": ""
              }
            ],
            "client_login_banner_options": [
              {
                "banner_text": "Welcome to Pari's AWS VPN",
                "enabled": true
              }
            ],
            "connection_log_options": [
              {
                "cloudwatch_log_group": "",
                "cloudwatch_log_stream": "",
                "enabled": false
              }
            ],
            "description": "Pari AWS Client VPN",
            "dns_name": "*.cvpn-endpoint-0dbd01ed705fb97b5.prod.clientvpn.us-east-2.amazonaws.com",
            "dns_servers": [
              "10.0.0.2",
              "8.8.8.8"
            ],
            "id": "cvpn-endpoint-0dbd01ed705fb97b5",
            "security_group_ids": [
              "sg-0aa4de4d20535a512"
            ],
            "self_service_portal": "disabled",
            "self_service_portal_url": "",
            "server_certificate_arn": "arn:aws:acm:us-east-2:767397775147:certificate/e6af7bf0-4f0b-40ef-bb94-b1ca6e407952",
            "session_timeout_hours": 24,
            "split_tunnel": true,
            "tags": {
              "Name": "positively-suited-earwig"
            },
            "tags_all": {
              "Name": "positively-suited-earwig"
            },
            "transport_protocol": "udp",
            "vpc_id": "vpc-085eb742993f3ddc5",
            "vpn_port": 443
          },
          "sensitive_attributes": [],
          "private": "bnVsbA==",
          "dependencies": [
            "aws_acm_certificate.client",
            "aws_acm_certificate.server",
            "aws_vpc.VPC-01",
            "random_pet.random_pet_name",
            "tls_cert_request.client-req",
            "tls_cert_request.server-req",
            "tls_locally_signed_cert.client-crt",
            "tls_locally_signed_cert.server",
            "tls_private_key.ca-pvt",
            "tls_private_key.client-pvt",
            "tls_private_key.server-pvt",
            "tls_self_signed_cert.ca"
          ]
        }
      ]
    },
    {
      "mode": "managed",
      "type": "aws_eip",
      "name": "EIP",
      "provider": "provider[\"registry.terraform.io/hashicorp/aws\"]",
      "instances": [
        {
          "schema_version": 0,
          "attributes": {
            "address": null,
            "allocation_id": "eipalloc-0347745f8fdbed293",
            "associate_with_private_ip": null,
            "association_id": "eipassoc-05a388e714658cd4e",
            "carrier_ip": "",
            "customer_owned_ip": "",
            "customer_owned_ipv4_pool": "",
            "domain": "vpc",
            "id": "eipalloc-0347745f8fdbed293",
            "instance": "",
            "network_border_group": "us-east-2",
            "network_interface": "eni-0bf01e7ceed19d015",
            "private_dns": "ip-10-0-7-10.us-east-2.compute.internal",
            "private_ip": "10.0.7.10",
            "public_dns": "ec2-3-130-150-100.us-east-2.compute.amazonaws.com",
            "public_ip": "3.130.150.100",
            "public_ipv4_pool": "amazon",
            "tags": {},
            "tags_all": {},
            "timeouts": null,
            "vpc": true
          },
          "sensitive_attributes": [],
          "private": "eyJlMmJmYjczMC1lY2FhLTExZTYtOGY4OC0zNDM2M2JjN2M0YzAiOnsiZGVsZXRlIjoxODAwMDAwMDAwMDAsInJlYWQiOjkwMDAwMDAwMDAwMCwidXBkYXRlIjozMDAwMDAwMDAwMDB9fQ=="
        }
      ]
    },
    {
      "mode": "managed",
      "type": "aws_eip",
      "name": "nat_EIP",
      "provider": "provider[\"registry.terraform.io/hashicorp/aws\"]",
      "instances": [
        {
          "schema_version": 0,
          "attributes": {
            "address": null,
            "allocation_id": "eipalloc-0dc8dd2fbf6965ee4",
            "associate_with_private_ip": null,
            "association_id": "",
            "carrier_ip": "",
            "customer_owned_ip": "",
            "customer_owned_ipv4_pool": "",
            "domain": "vpc",
            "id": "eipalloc-0dc8dd2fbf6965ee4",
            "instance": "",
            "network_border_group": "us-east-2",
            "network_interface": "",
            "private_dns": null,
            "private_ip": "",
            "public_dns": "ec2-3-129-28-155.us-east-2.compute.amazonaws.com",
            "public_ip": "3.129.28.155",
            "public_ipv4_pool": "amazon",
            "tags": {
              "Name": "Nat-positively-suited-earwig"
            },
            "tags_all": {
              "Name": "Nat-positively-suited-earwig"
            },
            "timeouts": null,
            "vpc": true
          },
          "sensitive_attributes": [],
          "private": "eyJlMmJmYjczMC1lY2FhLTExZTYtOGY4OC0zNDM2M2JjN2M0YzAiOnsiZGVsZXRlIjoxODAwMDAwMDAwMDAsInJlYWQiOjkwMDAwMDAwMDAwMCwidXBkYXRlIjozMDAwMDAwMDAwMDB9fQ==",
          "dependencies": [
            "random_pet.random_pet_name"
          ]
        }
      ]
    },
    {
      "mode": "managed",
      "type": "aws_eip",
      "name": "windows_eip",
      "provider": "provider[\"registry.terraform.io/hashicorp/aws\"]",
      "instances": [
        {
          "schema_version": 0,
          "attributes": {
            "address": null,
            "allocation_id": "eipalloc-0780aaaa827802b2e",
            "associate_with_private_ip": null,
            "association_id": "eipassoc-0192c21b1cdc499e9",
            "carrier_ip": "",
            "customer_owned_ip": "",
            "customer_owned_ipv4_pool": "",
            "domain": "vpc",
            "id": "eipalloc-0780aaaa827802b2e",
            "instance": "i-0087da5a2f2a2b251",
            "network_border_group": "us-east-2",
            "network_interface": "eni-007e0a266f8d6f590",
            "private_dns": "ip-10-0-0-109.us-east-2.compute.internal",
            "private_ip": "10.0.0.109",
            "public_dns": "ec2-18-221-102-67.us-east-2.compute.amazonaws.com",
            "public_ip": "18.221.102.67",
            "public_ipv4_pool": "amazon",
            "tags": {
              "Name": "Windows-positively-suited-earwig"
            },
            "tags_all": {
              "Name": "Windows-positively-suited-earwig"
            },
            "timeouts": null,
            "vpc": true
          },
          "sensitive_attributes": [],
          "private": "eyJlMmJmYjczMC1lY2FhLTExZTYtOGY4OC0zNDM2M2JjN2M0YzAiOnsiZGVsZXRlIjoxODAwMDAwMDAwMDAsInJlYWQiOjkwMDAwMDAwMDAwMCwidXBkYXRlIjozMDAwMDAwMDAwMDB9fQ==",
          "dependencies": [
            "random_pet.random_pet_name"
          ]
        }
      ]
    },
    {
      "mode": "managed",
      "type": "aws_eip_association",
      "name": "Windows_eip_assoc",
      "provider": "provider[\"registry.terraform.io/hashicorp/aws\"]",
      "instances": [
        {
          "schema_version": 0,
          "attributes": {
            "allocation_id": "eipalloc-0780aaaa827802b2e",
            "allow_reassociation": null,
            "id": "eipassoc-0192c21b1cdc499e9",
            "instance_id": "i-0087da5a2f2a2b251",
            "network_interface_id": "eni-007e0a266f8d6f590",
            "private_ip_address": "10.0.0.109",
            "public_ip": "18.221.102.67"
          },
          "sensitive_attributes": [],
          "private": "bnVsbA==",
          "dependencies": [
            "aws_eip.windows_eip",
            "aws_instance.Windows-Web-EC2",
            "aws_key_pair.key_pair",
            "aws_security_group.WebSG",
            "aws_subnet.Public-Subnet",
            "aws_vpc.VPC-01",
            "data.aws_ami.windows-ami",
            "data.http.MyIP",
            "random_pet.random_pet_name",
            "tls_private_key.private_key"
          ]
        }
      ]
    },
    {
      "mode": "managed",
      "type": "aws_instance",
      "name": "Linux-EC2",
      "provider": "provider[\"registry.terraform.io/hashicorp/aws\"]",
      "instances": [
        {
          "schema_version": 1,
          "attributes": {
            "ami": "ami-022661f8a4a1b91cf",
            "arn": "arn:aws:ec2:us-east-2:767397775147:instance/i-06b8bb425adfcb984",
            "associate_public_ip_address": false,
            "availability_zone": "us-east-2a",
            "capacity_reservation_specification": [
              {
                "capacity_reservation_preference": "open",
                "capacity_reservation_target": []
              }
            ],
            "cpu_core_count": 1,
            "cpu_options": [
              {
                "amd_sev_snp": "",
                "core_count": 1,
                "threads_per_core": 1
              }
            ],
            "cpu_threads_per_core": 1,
            "credit_specification": [
              {
                "cpu_credits": "standard"
              }
            ],
            "disable_api_stop": false,
            "disable_api_termination": false,
            "ebs_block_device": [],
            "ebs_optimized": false,
            "enclave_options": [
              {
                "enabled": false
              }
            ],
            "ephemeral_block_device": [],
            "get_password_data": false,
            "hibernation": false,
            "host_id": "",
            "host_resource_group_arn": null,
            "iam_instance_profile": "",
            "id": "i-06b8bb425adfcb984",
            "instance_initiated_shutdown_behavior": "stop",
            "instance_lifecycle": "",
            "instance_market_options": [],
            "instance_state": "running",
            "instance_type": "t2.micro",
            "ipv6_address_count": 0,
            "ipv6_addresses": [],
            "key_name": "positively-suited-earwig",
            "launch_template": [],
            "maintenance_options": [
              {
                "auto_recovery": "default"
              }
            ],
            "metadata_options": [
              {
                "http_endpoint": "enabled",
                "http_protocol_ipv6": "disabled",
                "http_put_response_hop_limit": 2,
                "http_tokens": "required",
                "instance_metadata_tags": "disabled"
              }
            ],
            "monitoring": false,
            "network_interface": [],
            "outpost_arn": "",
            "password_data": "",
            "placement_group": "",
            "placement_partition_number": 0,
            "primary_network_interface_id": "eni-01ffb2b1130cf2851",
            "private_dns": "ip-10-0-10-38.us-east-2.compute.internal",
            "private_dns_name_options": [
              {
                "enable_resource_name_dns_a_record": false,
                "enable_resource_name_dns_aaaa_record": false,
                "hostname_type": "ip-name"
              }
            ],
            "private_ip": "10.0.10.38",
            "public_dns": "",
            "public_ip": "",
            "root_block_device": [
              {
                "delete_on_termination": true,
                "device_name": "/dev/xvda",
                "encrypted": false,
                "iops": 3000,
                "kms_key_id": "",
                "tags": {},
                "tags_all": {},
                "throughput": 125,
                "volume_id": "vol-0b3b1e28952d32ebc",
                "volume_size": 8,
                "volume_type": "gp3"
              }
            ],
            "secondary_private_ips": [],
            "security_groups": [],
            "source_dest_check": true,
            "spot_instance_request_id": "",
            "subnet_id": "subnet-0c906e2a87c07a0e0",
            "tags": {
              "Name": "Linux-positively-suited-earwig"
            },
            "tags_all": {
              "Name": "Linux-positively-suited-earwig"
            },
            "tenancy": "default",
            "timeouts": null,
            "user_data": null,
            "user_data_base64": null,
            "user_data_replace_on_change": false,
            "volume_tags": null,
            "vpc_security_group_ids": [
              "sg-03cfaead773fc238a"
            ]
          },
          "sensitive_attributes": [],
          "private": "eyJlMmJmYjczMC1lY2FhLTExZTYtOGY4OC0zNDM2M2JjN2M0YzAiOnsiY3JlYXRlIjo2MDAwMDAwMDAwMDAsImRlbGV0ZSI6MTIwMDAwMDAwMDAwMCwicmVhZCI6OTAwMDAwMDAwMDAwLCJ1cGRhdGUiOjYwMDAwMDAwMDAwMH0sInNjaGVtYV92ZXJzaW9uIjoiMSJ9",
          "dependencies": [
            "aws_key_pair.key_pair",
            "aws_security_group.LinuxSG",
            "aws_subnet.Private-Subnet",
            "aws_vpc.VPC-01",
            "random_pet.random_pet_name",
            "tls_private_key.private_key"
          ]
        }
      ]
    },
    {
      "mode": "managed",
      "type": "aws_instance",
      "name": "Windows-Web-EC2",
      "provider": "provider[\"registry.terraform.io/hashicorp/aws\"]",
      "instances": [
        {
          "schema_version": 1,
          "attributes": {
            "ami": "ami-0e6aa5f69f06ffa91",
            "arn": "arn:aws:ec2:us-east-2:767397775147:instance/i-0087da5a2f2a2b251",
            "associate_public_ip_address": true,
            "availability_zone": "us-east-2a",
            "capacity_reservation_specification": [
              {
                "capacity_reservation_preference": "open",
                "capacity_reservation_target": []
              }
            ],
            "cpu_core_count": 2,
            "cpu_options": [
              {
                "amd_sev_snp": "",
                "core_count": 2,
                "threads_per_core": 1
              }
            ],
            "cpu_threads_per_core": 1,
            "credit_specification": [
              {
                "cpu_credits": "standard"
              }
            ],
            "disable_api_stop": false,
            "disable_api_termination": false,
            "ebs_block_device": [],
            "ebs_optimized": false,
            "enclave_options": [
              {
                "enabled": false
              }
            ],
            "ephemeral_block_device": [],
            "get_password_data": true,
            "hibernation": false,
            "host_id": "",
            "host_resource_group_arn": null,
            "iam_instance_profile": "",
            "id": "i-0087da5a2f2a2b251",
            "instance_initiated_shutdown_behavior": "stop",
            "instance_lifecycle": "",
            "instance_market_options": [],
            "instance_state": "running",
            "instance_type": "t2.medium",
            "ipv6_address_count": 0,
            "ipv6_addresses": [],
            "key_name": "positively-suited-earwig",
            "launch_template": [],
            "maintenance_options": [
              {
                "auto_recovery": "default"
              }
            ],
            "metadata_options": [
              {
                "http_endpoint": "enabled",
                "http_protocol_ipv6": "disabled",
                "http_put_response_hop_limit": 1,
                "http_tokens": "optional",
                "instance_metadata_tags": "disabled"
              }
            ],
            "monitoring": false,
            "network_interface": [],
            "outpost_arn": "",
            "password_data": "ijV+imMhKVs149Hw7GcjV3eLMQjvAKewNJuVGqLbJfAaw/mLpsVw1AFbvQE1LRTnbivrDvHbKQncn9E5dCS9ve//FuIjN/3CRh0w//U46l9GhpzijMeWHpps/vFT31NrTA/7o1MVbIQ+LfJPB2BdtaMoF/w9DspEmhpwZ618F4o8InFC0/MNn3ewPzqbyzAEXGX6TfUusohCNun9Kj+mFb793bLmtPjecv8/l8pgiYfecSOY3R9OIgEZfXBk1CRANzVNkrYYcROjI/BfouBlk2AguWLtQckeBfYFF4MtgXppIPvZkfBlEK+YJgVj7Xml73DeV8kRHlsIeyayz83wGQ==",
            "placement_group": "",
            "placement_partition_number": 0,
            "primary_network_interface_id": "eni-007e0a266f8d6f590",
            "private_dns": "ip-10-0-0-109.us-east-2.compute.internal",
            "private_dns_name_options": [
              {
                "enable_resource_name_dns_a_record": false,
                "enable_resource_name_dns_aaaa_record": false,
                "hostname_type": "ip-name"
              }
            ],
            "private_ip": "10.0.0.109",
            "public_dns": "",
            "public_ip": "18.221.102.67",
            "root_block_device": [
              {
                "delete_on_termination": true,
                "device_name": "/dev/sda1",
                "encrypted": false,
                "iops": 100,
                "kms_key_id": "",
                "tags": {},
                "tags_all": {},
                "throughput": 0,
                "volume_id": "vol-0b51d4a3e13e9031b",
                "volume_size": 30,
                "volume_type": "gp2"
              }
            ],
            "secondary_private_ips": [],
            "security_groups": [],
            "source_dest_check": true,
            "spot_instance_request_id": "",
            "subnet_id": "subnet-0881bf83bc19950d1",
            "tags": {
              "Name": "WindowsWeb-positively-suited-earwig"
            },
            "tags_all": {
              "Name": "WindowsWeb-positively-suited-earwig"
            },
            "tenancy": "default",
            "timeouts": null,
            "user_data": null,
            "user_data_base64": null,
            "user_data_replace_on_change": false,
            "volume_tags": null,
            "vpc_security_group_ids": [
              "sg-002c99c92ba58c0d3"
            ]
          },
          "sensitive_attributes": [],
          "private": "eyJlMmJmYjczMC1lY2FhLTExZTYtOGY4OC0zNDM2M2JjN2M0YzAiOnsiY3JlYXRlIjo2MDAwMDAwMDAwMDAsImRlbGV0ZSI6MTIwMDAwMDAwMDAwMCwicmVhZCI6OTAwMDAwMDAwMDAwLCJ1cGRhdGUiOjYwMDAwMDAwMDAwMH0sInNjaGVtYV92ZXJzaW9uIjoiMSJ9",
          "dependencies": [
            "aws_key_pair.key_pair",
            "aws_security_group.WebSG",
            "aws_subnet.Public-Subnet",
            "aws_vpc.VPC-01",
            "data.aws_ami.windows-ami",
            "data.http.MyIP",
            "random_pet.random_pet_name",
            "tls_private_key.private_key"
          ]
        }
      ]
    },
    {
      "mode": "managed",
      "type": "aws_internet_gateway",
      "name": "igw",
      "provider": "provider[\"registry.terraform.io/hashicorp/aws\"]",
      "instances": [
        {
          "schema_version": 0,
          "attributes": {
            "arn": "arn:aws:ec2:us-east-2:767397775147:internet-gateway/igw-0f6fc66f74fef048d",
            "id": "igw-0f6fc66f74fef048d",
            "owner_id": "767397775147",
            "tags": {
              "Name": "positively-suited-earwig"
            },
            "tags_all": {
              "Name": "positively-suited-earwig"
            },
            "timeouts": null,
            "vpc_id": "vpc-085eb742993f3ddc5"
          },
          "sensitive_attributes": [],
          "private": "eyJlMmJmYjczMC1lY2FhLTExZTYtOGY4OC0zNDM2M2JjN2M0YzAiOnsiY3JlYXRlIjoxMjAwMDAwMDAwMDAwLCJkZWxldGUiOjEyMDAwMDAwMDAwMDAsInVwZGF0ZSI6MTIwMDAwMDAwMDAwMH19",
          "dependencies": [
            "random_pet.random_pet_name"
          ]
        }
      ]
    },
    {
      "mode": "managed",
      "type": "aws_internet_gateway_attachment",
      "name": "igw_attach",
      "provider": "provider[\"registry.terraform.io/hashicorp/aws\"]",
      "instances": [
        {
          "schema_version": 0,
          "attributes": {
            "id": "igw-0f6fc66f74fef048d:vpc-085eb742993f3ddc5",
            "internet_gateway_id": "igw-0f6fc66f74fef048d",
            "timeouts": null,
            "vpc_id": "vpc-085eb742993f3ddc5"
          },
          "sensitive_attributes": [],
          "private": "eyJlMmJmYjczMC1lY2FhLTExZTYtOGY4OC0zNDM2M2JjN2M0YzAiOnsiY3JlYXRlIjoxMjAwMDAwMDAwMDAwLCJkZWxldGUiOjEyMDAwMDAwMDAwMDB9fQ==",
          "dependencies": [
            "aws_internet_gateway.igw",
            "aws_vpc.VPC-01",
            "random_pet.random_pet_name"
          ]
        }
      ]
    },
    {
      "mode": "managed",
      "type": "aws_key_pair",
      "name": "key_pair",
      "provider": "provider[\"registry.terraform.io/hashicorp/aws\"]",
      "instances": [
        {
          "schema_version": 1,
          "attributes": {
            "arn": "arn:aws:ec2:us-east-2:767397775147:key-pair/positively-suited-earwig",
            "fingerprint": "90:f1:a2:76:03:93:2f:b8:4e:e5:92:25:97:d2:ab:2d",
            "id": "positively-suited-earwig",
            "key_name": "positively-suited-earwig",
            "key_name_prefix": "",
            "key_pair_id": "key-0f5fab37b4869974a",
            "key_type": "rsa",
            "public_key": "ssh-rsa AAAAB3NzaC1yc2EAAAADAQABAAABAQDBdh2n2wJYBEOIV+3mJav0OXYeUwDoD8WV20P6j2c2nU4le0J0oU6l3ssLw6JDK5m4nE7WxyaGtUuFdKwr9r184T/KMXebRdUDm/L2aosG3CMxdSw2rDw5sdJ60ATQuPagS7ySA2MmUBp5lI3R6Q896UmFeDAhEuUADi3sPGOqgkJhEsf9aSk4DxsmdY0RqMJeBAYvoulkx3KIqd6jAZhmKHCCNHEH3z7JAlfWf4lsaHzKNX/CpecGgT85dYlhykkE7CpiqdkoGOEtFzatzgVdk82yPie72A0lva65M7luVGMv/Ep1w/zx/0HYTHNqZTdOoTmhMD0CwkAdNXal3C25",
            "tags": {},
            "tags_all": {}
          },
          "sensitive_attributes": [],
          "private": "eyJzY2hlbWFfdmVyc2lvbiI6IjEifQ==",
          "dependencies": [
            "random_pet.random_pet_name",
            "tls_private_key.private_key"
          ]
        }
      ]
    },
    {
      "mode": "managed",
      "type": "aws_nat_gateway",
      "name": "Public_NAT_Gateway_Public_Subnet",
      "provider": "provider[\"registry.terraform.io/hashicorp/aws\"]",
      "instances": [
        {
          "schema_version": 0,
          "attributes": {
            "allocation_id": "eipalloc-0347745f8fdbed293",
            "association_id": "eipassoc-05a388e714658cd4e",
            "connectivity_type": "public",
            "id": "nat-0fa77b56131812248",
            "network_interface_id": "eni-0bf01e7ceed19d015",
            "private_ip": "10.0.7.10",
            "public_ip": "3.130.150.100",
            "secondary_allocation_ids": [],
            "secondary_private_ip_address_count": 0,
            "secondary_private_ip_addresses": [],
            "subnet_id": "subnet-0881bf83bc19950d1",
            "tags": {
              "Name": "positively-suited-earwig"
            },
            "tags_all": {
              "Name": "positively-suited-earwig"
            },
            "timeouts": null
          },
          "sensitive_attributes": [],
          "private": "eyJlMmJmYjczMC1lY2FhLTExZTYtOGY4OC0zNDM2M2JjN2M0YzAiOnsiY3JlYXRlIjo2MDAwMDAwMDAwMDAsImRlbGV0ZSI6MTgwMDAwMDAwMDAwMCwidXBkYXRlIjo2MDAwMDAwMDAwMDB9fQ==",
          "dependencies": [
            "aws_eip.EIP",
            "aws_subnet.Public-Subnet",
            "aws_vpc.VPC-01",
            "random_pet.random_pet_name"
          ]
        }
      ]
    },
    {
      "mode": "managed",
      "type": "aws_route_table",
      "name": "private_rt",
      "provider": "provider[\"registry.terraform.io/hashicorp/aws\"]",
      "instances": [
        {
          "schema_version": 0,
          "attributes": {
            "arn": "arn:aws:ec2:us-east-2:767397775147:route-table/rtb-0884d4b55161c7a76",
            "id": "rtb-0884d4b55161c7a76",
            "owner_id": "767397775147",
            "propagating_vgws": [],
            "route": [
              {
                "carrier_gateway_id": "",
                "cidr_block": "0.0.0.0/0",
                "core_network_arn": "",
                "destination_prefix_list_id": "",
                "egress_only_gateway_id": "",
                "gateway_id": "nat-0fa77b56131812248",
                "ipv6_cidr_block": "",
                "local_gateway_id": "",
                "nat_gateway_id": "",
                "network_interface_id": "",
                "transit_gateway_id": "",
                "vpc_endpoint_id": "",
                "vpc_peering_connection_id": ""
              },
              {
                "carrier_gateway_id": null,
                "cidr_block": "10.0.0.0/20",
                "core_network_arn": null,
                "destination_prefix_list_id": null,
                "egress_only_gateway_id": null,
                "gateway_id": "local",
                "ipv6_cidr_block": null,
                "local_gateway_id": null,
                "nat_gateway_id": null,
                "network_interface_id": null,
                "transit_gateway_id": null,
                "vpc_endpoint_id": null,
                "vpc_peering_connection_id": null
              }
            ],
            "tags": {
              "Name": "private-positively-suited-earwig"
            },
            "tags_all": {
              "Name": "private-positively-suited-earwig"
            },
            "timeouts": null,
            "vpc_id": "vpc-085eb742993f3ddc5"
          },
          "sensitive_attributes": [],
          "private": "eyJlMmJmYjczMC1lY2FhLTExZTYtOGY4OC0zNDM2M2JjN2M0YzAiOnsiY3JlYXRlIjozMDAwMDAwMDAwMDAsImRlbGV0ZSI6MzAwMDAwMDAwMDAwLCJ1cGRhdGUiOjEyMDAwMDAwMDAwMH19",
          "dependencies": [
            "aws_eip.EIP",
            "aws_nat_gateway.Public_NAT_Gateway_Public_Subnet",
            "aws_subnet.Public-Subnet",
            "aws_vpc.VPC-01",
            "random_pet.random_pet_name"
          ]
        }
      ]
    },
    {
      "mode": "managed",
      "type": "aws_route_table",
      "name": "public_rt",
      "provider": "provider[\"registry.terraform.io/hashicorp/aws\"]",
      "instances": [
        {
          "schema_version": 0,
          "attributes": {
            "arn": "arn:aws:ec2:us-east-2:767397775147:route-table/rtb-0487e4352f1ff293b",
            "id": "rtb-0487e4352f1ff293b",
            "owner_id": "767397775147",
            "propagating_vgws": [],
            "route": [
              {
                "carrier_gateway_id": "",
                "cidr_block": "0.0.0.0/0",
                "core_network_arn": "",
                "destination_prefix_list_id": "",
                "egress_only_gateway_id": "",
                "gateway_id": "igw-0f6fc66f74fef048d",
                "ipv6_cidr_block": "",
                "local_gateway_id": "",
                "nat_gateway_id": "",
                "network_interface_id": "",
                "transit_gateway_id": "",
                "vpc_endpoint_id": "",
                "vpc_peering_connection_id": ""
              },
              {
                "carrier_gateway_id": "",
                "cidr_block": "10.0.0.0/20",
                "core_network_arn": "",
                "destination_prefix_list_id": "",
                "egress_only_gateway_id": "",
                "gateway_id": "local",
                "ipv6_cidr_block": "",
                "local_gateway_id": "",
                "nat_gateway_id": "",
                "network_interface_id": "",
                "transit_gateway_id": "",
                "vpc_endpoint_id": "",
                "vpc_peering_connection_id": ""
              }
            ],
            "tags": {
              "Name": "public-positively-suited-earwig"
            },
            "tags_all": {
              "Name": "public-positively-suited-earwig"
            },
            "timeouts": null,
            "vpc_id": "vpc-085eb742993f3ddc5"
          },
          "sensitive_attributes": [],
          "private": "eyJlMmJmYjczMC1lY2FhLTExZTYtOGY4OC0zNDM2M2JjN2M0YzAiOnsiY3JlYXRlIjozMDAwMDAwMDAwMDAsImRlbGV0ZSI6MzAwMDAwMDAwMDAwLCJ1cGRhdGUiOjEyMDAwMDAwMDAwMH19",
          "dependencies": [
            "aws_internet_gateway.igw",
            "aws_vpc.VPC-01",
            "random_pet.random_pet_name"
          ]
        }
      ]
    },
    {
      "mode": "managed",
      "type": "aws_route_table_association",
      "name": "private_rt_assoc",
      "provider": "provider[\"registry.terraform.io/hashicorp/aws\"]",
      "instances": [
        {
          "schema_version": 0,
          "attributes": {
            "gateway_id": "",
            "id": "rtbassoc-0ca5a7b0311c7909c",
            "route_table_id": "rtb-0884d4b55161c7a76",
            "subnet_id": "subnet-0c906e2a87c07a0e0",
            "timeouts": null
          },
          "sensitive_attributes": [],
          "private": "eyJlMmJmYjczMC1lY2FhLTExZTYtOGY4OC0zNDM2M2JjN2M0YzAiOnsiY3JlYXRlIjozMDAwMDAwMDAwMDAsImRlbGV0ZSI6MzAwMDAwMDAwMDAwLCJ1cGRhdGUiOjEyMDAwMDAwMDAwMH19",
          "dependencies": [
            "aws_eip.EIP",
            "aws_nat_gateway.Public_NAT_Gateway_Public_Subnet",
            "aws_route_table.private_rt",
            "aws_subnet.Private-Subnet",
            "aws_subnet.Public-Subnet",
            "aws_vpc.VPC-01",
            "random_pet.random_pet_name"
          ]
        }
      ]
    },
    {
      "mode": "managed",
      "type": "aws_route_table_association",
      "name": "public_rt_assoc",
      "provider": "provider[\"registry.terraform.io/hashicorp/aws\"]",
      "instances": [
        {
          "schema_version": 0,
          "attributes": {
            "gateway_id": "",
            "id": "rtbassoc-02fb0e40501a3d7e9",
            "route_table_id": "rtb-0487e4352f1ff293b",
            "subnet_id": "subnet-0881bf83bc19950d1",
            "timeouts": null
          },
          "sensitive_attributes": [],
          "private": "eyJlMmJmYjczMC1lY2FhLTExZTYtOGY4OC0zNDM2M2JjN2M0YzAiOnsiY3JlYXRlIjozMDAwMDAwMDAwMDAsImRlbGV0ZSI6MzAwMDAwMDAwMDAwLCJ1cGRhdGUiOjEyMDAwMDAwMDAwMH19",
          "dependencies": [
            "aws_internet_gateway.igw",
            "aws_route_table.public_rt",
            "aws_subnet.Public-Subnet",
            "aws_vpc.VPC-01",
            "random_pet.random_pet_name"
          ]
        }
      ]
    },
    {
      "mode": "managed",
      "type": "aws_security_group",
      "name": "LinuxSG",
      "provider": "provider[\"registry.terraform.io/hashicorp/aws\"]",
      "instances": [
        {
          "schema_version": 1,
          "attributes": {
            "arn": "arn:aws:ec2:us-east-2:767397775147:security-group/sg-03cfaead773fc238a",
            "description": "Managed by Terraform",
            "egress": [
              {
                "cidr_blocks": [
                  "0.0.0.0/0"
                ],
                "description": "Allow access to internet and all protocols",
                "from_port": 0,
                "ipv6_cidr_blocks": [],
                "prefix_list_ids": [],
                "protocol": "-1",
                "security_groups": [],
                "self": false,
                "to_port": 0
              }
            ],
            "id": "sg-03cfaead773fc238a",
            "ingress": [
              {
                "cidr_blocks": [
                  "0.0.0.0/0"
                ],
                "description": "Allow access to SSH",
                "from_port": 22,
                "ipv6_cidr_blocks": [],
                "prefix_list_ids": [],
                "protocol": "tcp",
                "security_groups": [],
                "self": false,
                "to_port": 22
              },
              {
                "cidr_blocks": [
                  "0.0.0.0/0"
                ],
                "description": "Allow access to mysql",
                "from_port": 3306,
                "ipv6_cidr_blocks": [],
                "prefix_list_ids": [],
                "protocol": "tcp",
                "security_groups": [],
                "self": false,
                "to_port": 3306
              }
            ],
            "name": "LinuxDB-positively-suited-earwig",
            "name_prefix": "",
            "owner_id": "767397775147",
            "revoke_rules_on_delete": false,
            "tags": {
              "Name": "positively-suited-earwig"
            },
            "tags_all": {
              "Name": "positively-suited-earwig"
            },
            "timeouts": null,
            "vpc_id": "vpc-085eb742993f3ddc5"
          },
          "sensitive_attributes": [],
          "private": "eyJlMmJmYjczMC1lY2FhLTExZTYtOGY4OC0zNDM2M2JjN2M0YzAiOnsiY3JlYXRlIjo2MDAwMDAwMDAwMDAsImRlbGV0ZSI6OTAwMDAwMDAwMDAwfSwic2NoZW1hX3ZlcnNpb24iOiIxIn0=",
          "dependencies": [
            "aws_vpc.VPC-01",
            "random_pet.random_pet_name"
          ]
        }
      ]
    },
    {
      "mode": "managed",
      "type": "aws_security_group",
      "name": "WebSG",
      "provider": "provider[\"registry.terraform.io/hashicorp/aws\"]",
      "instances": [
        {
          "schema_version": 1,
          "attributes": {
            "arn": "arn:aws:ec2:us-east-2:767397775147:security-group/sg-002c99c92ba58c0d3",
            "description": "Managed by Terraform",
            "egress": [
              {
                "cidr_blocks": [
                  "0.0.0.0/0"
                ],
                "description": "Allow access to all IPV4 \u0026 all protocols",
                "from_port": 0,
                "ipv6_cidr_blocks": [],
                "prefix_list_ids": [],
                "protocol": "-1",
                "security_groups": [],
                "self": false,
                "to_port": 0
              }
            ],
            "id": "sg-002c99c92ba58c0d3",
            "ingress": [
              {
                "cidr_blocks": [
                  "0.0.0.0/0"
                ],
                "description": "Allows HTTP",
                "from_port": 80,
                "ipv6_cidr_blocks": [],
                "prefix_list_ids": [],
                "protocol": "tcp",
                "security_groups": [],
                "self": false,
                "to_port": 80
              },
              {
                "cidr_blocks": [
                  "0.0.0.0/0"
                ],
                "description": "Allows HTTPS",
                "from_port": 443,
                "ipv6_cidr_blocks": [],
                "prefix_list_ids": [],
                "protocol": "tcp",
                "security_groups": [],
                "self": false,
                "to_port": 443
              },
              {
                "cidr_blocks": [
                  "172.58.14.162/32"
                ],
                "description": "Allows RDP",
                "from_port": 3389,
                "ipv6_cidr_blocks": [],
                "prefix_list_ids": [],
                "protocol": "tcp",
                "security_groups": [],
                "self": false,
                "to_port": 3389
              }
            ],
            "name": "WindowsWeb-positively-suited-earwig",
            "name_prefix": "",
            "owner_id": "767397775147",
            "revoke_rules_on_delete": false,
            "tags": {
              "Name": "positively-suited-earwig"
            },
            "tags_all": {
              "Name": "positively-suited-earwig"
            },
            "timeouts": null,
            "vpc_id": "vpc-085eb742993f3ddc5"
          },
          "sensitive_attributes": [],
          "private": "eyJlMmJmYjczMC1lY2FhLTExZTYtOGY4OC0zNDM2M2JjN2M0YzAiOnsiY3JlYXRlIjo2MDAwMDAwMDAwMDAsImRlbGV0ZSI6OTAwMDAwMDAwMDAwfSwic2NoZW1hX3ZlcnNpb24iOiIxIn0=",
          "dependencies": [
            "aws_vpc.VPC-01",
            "data.http.MyIP",
            "random_pet.random_pet_name"
          ]
        }
      ]
    },
    {
      "mode": "managed",
      "type": "aws_subnet",
      "name": "Private-Subnet",
      "provider": "provider[\"registry.terraform.io/hashicorp/aws\"]",
      "instances": [
        {
          "schema_version": 1,
          "attributes": {
            "arn": "arn:aws:ec2:us-east-2:767397775147:subnet/subnet-0c906e2a87c07a0e0",
            "assign_ipv6_address_on_creation": false,
            "availability_zone": "us-east-2a",
            "availability_zone_id": "use2-az1",
            "cidr_block": "10.0.8.0/21",
            "customer_owned_ipv4_pool": "",
            "enable_dns64": false,
            "enable_lni_at_device_index": 0,
            "enable_resource_name_dns_a_record_on_launch": false,
            "enable_resource_name_dns_aaaa_record_on_launch": false,
            "id": "subnet-0c906e2a87c07a0e0",
            "ipv6_cidr_block": "",
            "ipv6_cidr_block_association_id": "",
            "ipv6_native": false,
            "map_customer_owned_ip_on_launch": false,
            "map_public_ip_on_launch": false,
            "outpost_arn": "",
            "owner_id": "767397775147",
            "private_dns_hostname_type_on_launch": "ip-name",
            "tags": {
              "Name": "private-positively-suited-earwig"
            },
            "tags_all": {
              "Name": "private-positively-suited-earwig"
            },
            "timeouts": null,
            "vpc_id": "vpc-085eb742993f3ddc5"
          },
          "sensitive_attributes": [],
          "private": "eyJlMmJmYjczMC1lY2FhLTExZTYtOGY4OC0zNDM2M2JjN2M0YzAiOnsiY3JlYXRlIjo2MDAwMDAwMDAwMDAsImRlbGV0ZSI6MTIwMDAwMDAwMDAwMH0sInNjaGVtYV92ZXJzaW9uIjoiMSJ9",
          "dependencies": [
            "aws_vpc.VPC-01",
            "random_pet.random_pet_name"
          ]
        }
      ]
    },
    {
      "mode": "managed",
      "type": "aws_subnet",
      "name": "Public-Subnet",
      "provider": "provider[\"registry.terraform.io/hashicorp/aws\"]",
      "instances": [
        {
          "schema_version": 1,
          "attributes": {
            "arn": "arn:aws:ec2:us-east-2:767397775147:subnet/subnet-0881bf83bc19950d1",
            "assign_ipv6_address_on_creation": false,
            "availability_zone": "us-east-2a",
            "availability_zone_id": "use2-az1",
            "cidr_block": "10.0.0.0/21",
            "customer_owned_ipv4_pool": "",
            "enable_dns64": false,
            "enable_lni_at_device_index": 0,
            "enable_resource_name_dns_a_record_on_launch": false,
            "enable_resource_name_dns_aaaa_record_on_launch": false,
            "id": "subnet-0881bf83bc19950d1",
            "ipv6_cidr_block": "",
            "ipv6_cidr_block_association_id": "",
            "ipv6_native": false,
            "map_customer_owned_ip_on_launch": false,
            "map_public_ip_on_launch": false,
            "outpost_arn": "",
            "owner_id": "767397775147",
            "private_dns_hostname_type_on_launch": "ip-name",
            "tags": {
              "Name": "public-positively-suited-earwig"
            },
            "tags_all": {
              "Name": "public-positively-suited-earwig"
            },
            "timeouts": null,
            "vpc_id": "vpc-085eb742993f3ddc5"
          },
          "sensitive_attributes": [],
          "private": "eyJlMmJmYjczMC1lY2FhLTExZTYtOGY4OC0zNDM2M2JjN2M0YzAiOnsiY3JlYXRlIjo2MDAwMDAwMDAwMDAsImRlbGV0ZSI6MTIwMDAwMDAwMDAwMH0sInNjaGVtYV92ZXJzaW9uIjoiMSJ9",
          "dependencies": [
            "aws_vpc.VPC-01",
            "random_pet.random_pet_name"
          ]
        }
      ]
    },
    {
      "mode": "managed",
      "type": "aws_vpc",
      "name": "VPC-01",
      "provider": "provider[\"registry.terraform.io/hashicorp/aws\"]",
      "instances": [
        {
          "schema_version": 1,
          "attributes": {
            "arn": "arn:aws:ec2:us-east-2:767397775147:vpc/vpc-085eb742993f3ddc5",
            "assign_generated_ipv6_cidr_block": false,
            "cidr_block": "10.0.0.0/20",
            "default_network_acl_id": "acl-08ed62b1178e77a8d",
            "default_route_table_id": "rtb-01d95ab61d0b9dcff",
            "default_security_group_id": "sg-0aa4de4d20535a512",
            "dhcp_options_id": "dopt-03ed2ef9b09f152bc",
            "enable_dns_hostnames": false,
            "enable_dns_support": true,
            "enable_network_address_usage_metrics": false,
            "id": "vpc-085eb742993f3ddc5",
            "instance_tenancy": "default",
            "ipv4_ipam_pool_id": null,
            "ipv4_netmask_length": null,
            "ipv6_association_id": "",
            "ipv6_cidr_block": "",
            "ipv6_cidr_block_network_border_group": "",
            "ipv6_ipam_pool_id": "",
            "ipv6_netmask_length": 0,
            "main_route_table_id": "rtb-01d95ab61d0b9dcff",
            "owner_id": "767397775147",
            "tags": {
              "Name": "positively-suited-earwig"
            },
            "tags_all": {
              "Name": "positively-suited-earwig"
            }
          },
          "sensitive_attributes": [],
          "private": "eyJzY2hlbWFfdmVyc2lvbiI6IjEifQ==",
          "dependencies": [
            "random_pet.random_pet_name"
          ]
        }
      ]
    },
    {
      "mode": "managed",
      "type": "local_file",
      "name": "ca-cert-file",
      "provider": "provider[\"registry.terraform.io/hashicorp/local\"]",
      "instances": [
        {
          "schema_version": 0,
          "attributes": {
            "content": "-----BEGIN CERTIFICATE-----\nMIIDPDCCAiSgAwIBAgIQaKxw2Tlu8JxBTFxzTDw5IzANBgkqhkiG9w0BAQsFADA4\nMRowGAYDVQQKExFJbmR1cyBWYWxsZXksIEluYzEaMBgGA1UEAxMRUGFyaXZlc2hp\ndGEuVGhvdGEwHhcNMjQwMzE0MjM0MDI2WhcNMjQwODExMjM0MDI2WjA4MRowGAYD\nVQQKExFJbmR1cyBWYWxsZXksIEluYzEaMBgGA1UEAxMRUGFyaXZlc2hpdGEuVGhv\ndGEwggEiMA0GCSqGSIb3DQEBAQUAA4IBDwAwggEKAoIBAQCzwYw5B30zWGQGktUL\noWTkuRfskKcGQdvu/S/domixYseb9wZ1uL74UYJN3ZK1G0Y89DKv4KAelNidwBwD\nXpAu/BfV54ta1qFBYsWjKwdgDvIY5TDS7+zVTprJkp7SGSrS7L76tKVa5FNfi5jV\nixjGbmJJKtZ3wdj7AK4JfIyho+SZ96EDPj272vZTheg7aklEgjCzS6qeMWxIeSzO\nyvWA8ZcchuW2k0updlDhQoz30ZtbFLjhBzW8D5wuckEfHrQg5SrxWZhETu0MMTGC\n+5BUCQsdZ55oyFdqYSs9v0RuwIBTKuZkz3FlCYrYb+7cYmwvImND/Z6L3PGfvJRg\nJhChAgMBAAGjQjBAMA4GA1UdDwEB/wQEAwICpDAPBgNVHRMBAf8EBTADAQH/MB0G\nA1UdDgQWBBRsIvlHcGvXtf245Ng57huxPUhFazANBgkqhkiG9w0BAQsFAAOCAQEA\nsbSiEpNZ4w+xdLaFrQs0qGS2snYrQRQyh+y1pF4OX1QN0nUokqzMGun7cyMLWfBW\nuLcr5jpXPU4XJ9U/a7EmNVbGR1w4xwWZuEw1ETof+fPmt0lt7uL2zfAdzCHGBFqQ\nsNaHqPPe0WyObqgV+DlycEjdq7h3q0ofcuFnjDJxXJo4ZmX5mn6axkshTXGKmYgq\nvxUFcfp7XoAJmlrUz2DeunEB//Y95qMSGYmE3rRcV3F9poTA8k3nys+WoUnKGjuR\nfTE+QlI6Ng4sg1N3h4f8OW48qBRxi3I0/dAh57FqPbOl/qhVa8D9TGbq9jBaV6DJ\nkprr+UcjFVw1iZ4QYQLSKA==\n-----END CERTIFICATE-----\n",
            "content_base64": null,
            "content_base64sha256": "bZCLtVe63RZY9FSnB/1UPk8NTZNB7rULvVa/OdCDICw=",
            "content_base64sha512": "qJpJQtJ1rLkAtuZVRYq09wJ5L59TFhZKAN6N4sriWxqpVWiQ4PuC+zrpGb68k+s0w+hzHwTb5K3RMu2F04n1hw==",
            "content_md5": "a23aaf4d6e85e9759af5ccebe0683242",
            "content_sha1": "8cc6372a25283c0a88c60d419e87a8e11662cc01",
            "content_sha256": "6d908bb557badd1658f454a707fd543e4f0d4d9341eeb50bbd56bf39d083202c",
            "content_sha512": "a89a4942d275acb900b6e655458ab4f702792f9f5316164a00de8de2cae25b1aa9556890e0fb82fb3ae919bebc93eb34c3e8731f04dbe4add132ed85d389f587",
            "directory_permission": "0777",
            "file_permission": "0400",
            "filename": "./.cert/ca.crt",
            "id": "8cc6372a25283c0a88c60d419e87a8e11662cc01",
            "sensitive_content": null,
            "source": null
          },
          "sensitive_attributes": [],
          "dependencies": [
            "tls_private_key.ca-pvt",
            "tls_self_signed_cert.ca"
          ]
        }
      ]
    },
    {
      "mode": "managed",
      "type": "local_file",
      "name": "ca-pvt-key",
      "provider": "provider[\"registry.terraform.io/hashicorp/local\"]",
      "instances": [
        {
          "schema_version": 0,
          "attributes": {
            "content": "-----BEGIN RSA PRIVATE KEY-----\nMIIEowIBAAKCAQEAs8GMOQd9M1hkBpLVC6Fk5LkX7JCnBkHb7v0v3aJosWLHm/cG\ndbi++FGCTd2StRtGPPQyr+CgHpTYncAcA16QLvwX1eeLWtahQWLFoysHYA7yGOUw\n0u/s1U6ayZKe0hkq0uy++rSlWuRTX4uY1YsYxm5iSSrWd8HY+wCuCXyMoaPkmfeh\nAz49u9r2U4XoO2pJRIIws0uqnjFsSHkszsr1gPGXHIbltpNLqXZQ4UKM99GbWxS4\n4Qc1vA+cLnJBHx60IOUq8VmYRE7tDDExgvuQVAkLHWeeaMhXamErPb9EbsCAUyrm\nZM9xZQmK2G/u3GJsLyJjQ/2ei9zxn7yUYCYQoQIDAQABAoIBAQCLFpn/jrHrxtsu\n0vKSW0GMUUQXwh3bE56wH6yn3AESMJKvNccD0/3AeqFOysG37PC+PV3zBOYgg5/R\nAFMssED0eg+fbdhAY47G3zx58tN0GlxtsvnCXe9tZbMTgaXuf5bJOnLT3m+MEtwI\nNCYAJe73q3XVk5X7eD0CixYfNQZEExZM719Njsvk+ww5f0Dj5hPrIV7wJ1Y1724N\ny9Pl3Ss9leIue4GJW4+gd8nUCWfb3Srsab1UNCJUVV3DFHcz4hDuAtXTZp8a3aUj\npHuu8eKRDqCl7mJ+3r4DUgg9zCslFqGnfAJuaWuX5N2zUzi1SuA+PrsIpOsqurBK\nNImqjNCBAoGBAMqW7md/xE8SuXnm+0pa5ls7PUA6wYPC+QZcyp840ahrA+uCNGbc\nrKhsGEbR+N9/A2HA/CcaEiccpd4gRNvStxrI4+EcWEebvwTfJkYz0YNYjaBee6i5\nILGwrHUOOZ6SowpP8c6DDCbYG9AEghuocCkAB+7nQxCu9YnrVk2DNCXpAoGBAOMl\njEcWvsYaiAgJk7Ojt/qXHtMATsBhFU1jxZCYn7VKBXWLKzWdsG8Zv9gFjvs9ZE6y\nJyPiwYgFru8iAYZAiOTBTc/DO5mwoCRtFmRw/XoAQHRDmzwqFJC5X1tjNGKuPLTQ\nIsKNm7PKhp1vg200RYLwRGEfB0obMNUti3adWAn5AoGAO9ovgQBsXPgpN+yX3TXR\nzK5JwEoblfPqYojTjArbViiXteJ33NPhZrjYy0OJhW4e76h2Vo8LQebi0icycMdm\nNVGYkY8wPaez3ZqX0jHI+kcVQIXpfsWC9Tw/Fy4ms8Saypcn1108H9XFEcXjMoym\n5lYOAfTtCWbHQAH5M1lJ9NECgYAVn7p1/g1VUKtIkJjWDizylzZhAfN9TwC3KFtj\ng5QYrx5L7V7EsOld+kaQKx9MfbCx6TXerbSc3WWk8EjS3gvqMxjUQZLH88+bCCOM\nllEbLzDzoIgDt0HT8UHJsm0HQ+0VjYbxnIeJGyurizUozUQczgDEei64eFQyxy4y\nsZHzCQKBgFLUAPO8wD960505cPEobNnFnWraVOB0VQygeRAPcu4SspcOCqUtfG2N\nj4QX5WWFZOXmRaJs1A61rMc7Ezc6wfyTPDlDBb9XwNGdF0bJlWFv0rFG00oxo8Yd\nCjePiq4dMSwRKwz95V080gNaUCJxHOTnGC0JD/PrBGaKOwU5p6D1\n-----END RSA PRIVATE KEY-----\n",
            "content_base64": null,
            "content_base64sha256": "VQWHqtPhs6nwAzXo90giK6YZUC+6q7blrj+zCT/VRhc=",
            "content_base64sha512": "r0H+ePLnpOffdoMEgPDjRrpc6AAWr329x46904hBgP/j7dYQ35lT0E6Vkw41FJEOkMlhJ0mWnMbhimcVHh1nZA==",
            "content_md5": "e4cc6a7ba85a395a7927ab30b72535ba",
            "content_sha1": "54457938901da43f41bf7be0c21c5a15a41224fe",
            "content_sha256": "550587aad3e1b3a9f00335e8f748222ba619502fbaabb6e5ae3fb3093fd54617",
            "content_sha512": "af41fe78f2e7a4e7df76830480f0e346ba5ce80016af7dbdc78ebdd3884180ffe3edd610df9953d04e95930e3514910e90c9612749969cc6e18a67151e1d6764",
            "directory_permission": "0777",
            "file_permission": "0400",
            "filename": "./.cert/ca-pvt.pem",
            "id": "54457938901da43f41bf7be0c21c5a15a41224fe",
            "sensitive_content": null,
            "source": null
          },
          "sensitive_attributes": [
            [
              {
                "type": "get_attr",
                "value": "content"
              }
            ]
          ],
          "dependencies": [
            "tls_private_key.ca-pvt"
          ]
        }
      ]
    },
    {
      "mode": "managed",
      "type": "local_file",
      "name": "client-crt-file",
      "provider": "provider[\"registry.terraform.io/hashicorp/local\"]",
      "instances": [
        {
          "schema_version": 0,
          "attributes": {
            "content": "-----BEGIN CERTIFICATE-----\nMIIDNDCCAhygAwIBAgIRAIj3O4oqE/pyOOZ9mvmGIg0wDQYJKoZIhvcNAQELBQAw\nODEaMBgGA1UEChMRSW5kdXMgVmFsbGV5LCBJbmMxGjAYBgNVBAMTEVBhcml2ZXNo\naXRhLlRob3RhMB4XDTI0MDMxNTAwMjIyN1oXDTI0MDgxMjAwMjIyN1owMDEaMBgG\nA1UEChMRSW5kdXMgVmFsbGV5LCBJbmMxEjAQBgNVBAMTCVBhcmkuSG9tZTCCASIw\nDQYJKoZIhvcNAQEBBQADggEPADCCAQoCggEBAKh2U0mgIHogBe4Tl9+cvUrqLfUC\n/RI+xJB5juwv6xVyVINbUX85zWHPOfUkKpPSRqO0A2XaRExNS1/2a+oNrf+l9K6n\nLiWL6F0QmKyRHnSBgmzU2LMkC2/307Y7MQmvcgBFnbGd51IHQHR1CpLfrKs22k96\n8oBAopj5V49JWzCqcIyzkGRNLV67N71i8wcthZcSbBitQ8YaUlbb/UL+/+2d6qmt\n9O7OwAsDZ4BpBuAM0dFMf4ALSWQD/bxXNHlkVjBcUgZOB1Zt8aeHDrUE4oxK9DZZ\nYRx2Q8VNBK/CXoAm5b1oWlvoMrkw6BgY5Yl7GUXcXJ9czGLW4Pd6dk7OZRECAwEA\nAaNBMD8wDgYDVR0PAQH/BAQDAgKkMAwGA1UdEwEB/wQCMAAwHwYDVR0jBBgwFoAU\nbCL5R3Br17X9uOTYOe4bsT1IRWswDQYJKoZIhvcNAQELBQADggEBAJYO9XzI5IaG\nMudd/TNuoCtmVsNxo3M4jYzN4o1TN4E2L9rcBNMPHJg2WsAzF4xRTcbCPHIUEHCG\nptRAa28gYDFzmsWrtxjl+uKaKayPteDJUko4/dCJi9mSBU6ESD9qf5BYAursjtvA\n0UpSMXGriuWCjpLGLUebQGv5JZoHtWp2wO6QZbfHQQ/NmMUzXVR53cMSYjBC8G9G\nuwn7OCSwor2ITLh+fZiib/bNWIUZzVUHH3PExZxDxQ2jD8J/q4+3j5EudT+iehjc\nlg6xOdOGfdD0xD0+ADfnEY3m3m+IBzPfP/VLYduNflm5kXJ4WOaI5LeEZ6eJTzKI\nQm46Nvcnex0=\n-----END CERTIFICATE-----\n",
            "content_base64": null,
            "content_base64sha256": "cOsX6fRXSwjytw7JhPHh8oWLBBHztv9Z1Gr1JtY4Zzg=",
            "content_base64sha512": "M7i/1dArpYtu5klJC6BgVI8087BZOYSTh6oxMsiroBwW9ZA9nGZHuKmmgbB4xE6rJUJC0epNeIJWQi6quHOfbg==",
            "content_md5": "2a21a73e9c71cd70e826ea57d116fc19",
            "content_sha1": "e19a7ac48c0bde1c88d93b6d752fe7717490e13b",
            "content_sha256": "70eb17e9f4574b08f2b70ec984f1e1f2858b0411f3b6ff59d46af526d6386738",
            "content_sha512": "33b8bfd5d02ba58b6ee649490ba060548f34f3b05939849387aa3132c8aba01c16f5903d9c6647b8a9a681b078c44eab254242d1ea4d788256422eaab8739f6e",
            "directory_permission": "0777",
            "file_permission": "0400",
            "filename": "./.cert/client.crt",
            "id": "e19a7ac48c0bde1c88d93b6d752fe7717490e13b",
            "sensitive_content": null,
            "source": null
          },
          "sensitive_attributes": [],
          "dependencies": [
            "tls_cert_request.client-req",
            "tls_locally_signed_cert.client-crt",
            "tls_private_key.ca-pvt",
            "tls_private_key.client-pvt",
            "tls_self_signed_cert.ca"
          ]
        }
      ]
    },
    {
      "mode": "managed",
      "type": "local_file",
      "name": "client-pvt-file",
      "provider": "provider[\"registry.terraform.io/hashicorp/local\"]",
      "instances": [
        {
          "schema_version": 0,
          "attributes": {
            "content": "-----BEGIN RSA PRIVATE KEY-----\nMIIEogIBAAKCAQEAqHZTSaAgeiAF7hOX35y9Suot9QL9Ej7EkHmO7C/rFXJUg1tR\nfznNYc859SQqk9JGo7QDZdpETE1LX/Zr6g2t/6X0rqcuJYvoXRCYrJEedIGCbNTY\nsyQLb/fTtjsxCa9yAEWdsZ3nUgdAdHUKkt+sqzbaT3rygECimPlXj0lbMKpwjLOQ\nZE0tXrs3vWLzBy2FlxJsGK1DxhpSVtv9Qv7/7Z3qqa307s7ACwNngGkG4AzR0Ux/\ngAtJZAP9vFc0eWRWMFxSBk4HVm3xp4cOtQTijEr0NllhHHZDxU0Er8JegCblvWha\nW+gyuTDoGBjliXsZRdxcn1zMYtbg93p2Ts5lEQIDAQABAoIBAH4fACHp8QadfPMN\n1jFCXnF8u2VolGEZfv4PE9J92YlX7C/fqTcP5lSo2WJPblT3I42h0r1pWKKrZ5fz\nnD1Bepgf/fzYCvNvOEqch0EC8IMXBrdF7urHPIzaRLV0wTTYFghgFjyI1EsURMwr\nZ/wn21TfnzfL+0vLmC/g1Q3gRJY8fU0Czh6hZLdGcw0Uz+bBnCPI8HJVRA/hNDdV\n/itTp0letZCLObzGoO0pZ3njYCxyypX4+NvJyj7izJJeWE6qpcXXRJSnhXvXuFyn\nlYwE0XDrW893nOFXyfAikR+hj/A0+HfRFXsfGI87OSnn252lGwSnMMdiuPSfv69+\ng06p58UCgYEA0ARjqGUUpXih0ky0jl/QKdp+kzhxgkFp7AY6k1DYjx8pLjGXEZS8\nweS51zfv8upU8jF5wMbH/1Hqn1wyJNOYR2rK9TUdZIRvHWGK2Oh1ygcOCB0BUHLo\namChrEG6bkO79BB8DuRC8BFL2xVKToxYDmArkRYV2YnZw53PpN3rNF8CgYEAz1It\n5xTkVUjwoTMNUQW2GBVlUibSysNZxZnA745EFWuupsyZdiSVRLKIrAdSa7G1GlK8\nZ34OQ1TPiaTcTx005FsHszXGE69RgsyRQ7y8xfAq+akN8/NFBq/2H0020g23PK3b\n+63iZskpv5zlt3CBBe5tz0Yz4xa4Ja/Jk6SmXI8CgYBc7skTL22E65roGErGHLok\nKLBJ13qmpdDLmJDMxd6qOlKsh40lVpzpxuTb6OqzTMt8lGv/mw842wEGByuD1mB+\n75AS8pLaGGyH5M8iTuBozLQRHdw7c8qv09IG4iqHHo224TJ7eLELDb8k9qMG6p5g\ndcig/gvu7y4xvaxJzLdK4wKBgCOh/EG7VYNTBgiuvZsvYBzDkKaOBazT5poP0xlZ\nWlpUJ7CDedzUbNNh3Bu1JnVcFcRwc/FVuR3ZddIyg6sVWgHlo20p0OGRQHE6t7zs\ns4VRwhEm/T7wkOyVUbgPjVyM/vFu8GBRgpgn+wTz8oeUzpg2Yqk9Z62gOgZAMGUv\n52gBAoGAOz736C7DBnM6Ky+selFJVypxFU0X0vaJfDpj8GUBFPhYXUyfxKTTCPFx\ntnkZw28NSSqQqRjW96TdMThAfaG4N0vRHgZcd9hDfswhzP6O9kmCjCtNgHSPPkce\nrxPTtPR6YhGlSBA/0G444q0A7uXWHiFb2hoFndXKiEBFwZe4scc=\n-----END RSA PRIVATE KEY-----\n",
            "content_base64": null,
            "content_base64sha256": "XTbxL+pInSkohlaLAa2oVD+8NriQhqhsFc65JZS6ByI=",
            "content_base64sha512": "PeRuyvyr30suK3biPiIP6k12gAXR04bLkHt5+z/iq1Ef0VoNCzU9BafO4I5Bv+JBJ+qpo3YXcISAA1hiT5F3gA==",
            "content_md5": "f364cb880b30a6f16592d82a75e09409",
            "content_sha1": "689faa3c4cf089740f8a0e257ffc6fe5967b35e2",
            "content_sha256": "5d36f12fea489d292886568b01ada8543fbc36b89086a86c15ceb92594ba0722",
            "content_sha512": "3de46ecafcabdf4b2e2b76e23e220fea4d768005d1d386cb907b79fb3fe2ab511fd15a0d0b353d05a7cee08e41bfe24127eaa9a376177084800358624f917780",
            "directory_permission": "0777",
            "file_permission": "0400",
            "filename": "./.cert/client-pvt.pem",
            "id": "689faa3c4cf089740f8a0e257ffc6fe5967b35e2",
            "sensitive_content": null,
            "source": null
          },
          "sensitive_attributes": [
            [
              {
                "type": "get_attr",
                "value": "content"
              }
            ]
          ],
          "dependencies": [
            "tls_private_key.client-pvt"
          ]
        }
      ]
    },
    {
      "mode": "managed",
      "type": "local_file",
      "name": "password",
      "provider": "provider[\"registry.terraform.io/hashicorp/local\"]",
      "instances": [
        {
          "schema_version": 0,
          "attributes": {
            "content": "Uj3;u(ABZ-DqJ255JmpLr%PuBeHT$k2k",
            "content_base64": null,
            "content_base64sha256": "mJQCOozmMKIoijm1vaxbQ3TXfqztn4TqeckE71AbJKk=",
            "content_base64sha512": "KlkI4vxq+CPdsN1le+NgXcVeZQLX9E8zFU2d8KzyRVGfjR/Ixa1YPeXx8+RVAD1ONtbL5ucROZwXhMEbOX5rFQ==",
            "content_md5": "f7a5d18fc102ed20b1f2d380ec03303f",
            "content_sha1": "3a2a2d58df195011d3081d3a9483f99cdfd51428",
            "content_sha256": "9894023a8ce630a2288a39b5bdac5b4374d77eaced9f84ea79c904ef501b24a9",
            "content_sha512": "2a5908e2fc6af823ddb0dd657be3605dc55e6502d7f44f33154d9df0acf245519f8d1fc8c5ad583de5f1f3e455003d4e36d6cbe6e711399c1784c11b397e6b15",
            "directory_permission": "0777",
            "file_permission": "0400",
            "filename": "./Keys/Windows-positively-suited-earwig.pass",
            "id": "3a2a2d58df195011d3081d3a9483f99cdfd51428",
            "sensitive_content": null,
            "source": null
          },
          "sensitive_attributes": [
            [
              {
                "type": "get_attr",
                "value": "content"
              }
            ]
          ],
          "dependencies": [
            "aws_instance.Windows-Web-EC2",
            "aws_key_pair.key_pair",
            "aws_security_group.WebSG",
            "aws_subnet.Public-Subnet",
            "aws_vpc.VPC-01",
            "data.aws_ami.windows-ami",
            "data.http.MyIP",
            "random_pet.random_pet_name",
            "tls_private_key.private_key"
          ]
        }
      ]
    },
    {
      "mode": "managed",
      "type": "local_file",
      "name": "private_key_pem",
      "provider": "provider[\"registry.terraform.io/hashicorp/local\"]",
      "instances": [
        {
          "schema_version": 0,
          "attributes": {
            "content": "-----BEGIN RSA PRIVATE KEY-----\nMIIEpAIBAAKCAQEAwXYdp9sCWARDiFft5iWr9Dl2HlMA6A/FldtD+o9nNp1OJXtC\ndKFOpd7LC8OiQyuZuJxO1scmhrVLhXSsK/a9fOE/yjF3m0XVA5vy9mqLBtwjMXUs\nNqw8ObHSetAE0Lj2oEu8kgNjJlAaeZSN0ekPPelJhXgwIRLlAA4t7DxjqoJCYRLH\n/WkpOA8bJnWNEajCXgQGL6LpZMdyiKneowGYZihwgjRxB98+yQJX1n+JbGh8yjV/\nwqXnBoE/OXWJYcpJBOwqYqnZKBjhLRc2rc4FXZPNsj4nu9gNJb2uuTO5blRjL/xK\ndcP88f9B2ExzamU3TqE5oTA9AsJAHTV2pdwtuQIDAQABAoIBAQCWjtC3gDbLvs27\nvwpysOComUt2gAxVjWisnk7CIXYmx7c4bjuivqKRbdjBGAgglD72sBafCa/O6CqU\n+t6+/DAtjrLxLRwzJ96GB4jHAtWdihaNd+3nwpTAJcZzM457zWaKC0b+r0orV+2y\nrszMDr+A5BwGlimGo8i6CU7t6XV7DLexwLTDyNKYYTCratnvAoMgRpk4RTXUUCy8\nP/VsjHmFGKJEE11I9TAo7WGcX0xENSLHdZ2L6xRA05JMPFNFTrpbmIqV1AYluv9H\nXraEdTW0ZNDgDX5222tpjQzCMUw3MpCU/S3lme/nUw9ZUZKZk0xdPdBwXt4utwbx\nibQv87Q9AoGBANMKVHBjnEUMalkYQpr2lCm9w3UdtmVeUMM4Oe0QDAV+/D68xUao\neILOUE/y46NAcgngmqHHb7t45hOH7Iar0u6+X5DoiWgACq4uGDXnlCJlqZYXS6UC\nrrlvIA+ov+7rRyxprsBn6J4yJDhAC7rq3LoWfWfNLKVMFNvLWkNTKOLvAoGBAOqt\nEZRyi9/Ne3vlwXt+vygiW/RfbMikQr/voFYjchpGqg6P7NoxSqFtMXp/DXKjwbDi\nCzwD870ZP9LWa0N7WxAeXsCQy8BTywQCKdA042XjnoUEzspltf81VgJewiFky9qE\nUfjObb7sVPko3A8M6uxViYHrd73kf2BkTdKoZ9nXAoGBAKT4+z8MLxmu9eeF1nNK\n9FGY/RUtT+r4CoxBBM8zbyJQvSDR8iklA2fFnfSRe6+fbkYYZOi4fbiAbuKvq48u\n/GoTOaOOk/NPrQmyEMz6pcspy6L/vOtWKH3ex6JWGQvMskuepbPUxnv72GJ8dm78\nr+VsNUYSlqb0zY1v7rSYamrTAoGARTBFcJjc+FzivUKd6sURosmOhtvjfLxBGcmS\nYhMNPwX6eVShpirGMBW7crwmwNfa8UWTvlwD7oqVMJobAchKrtPlZ6zJBakuv73L\niiEtsgqL3/fs5+tY3ydgdk5tud6343MDn/Fslc+jtdoAF0fds1P8uJstsIS/sTGh\naCxSgf0CgYAOBBLiiF60kq1RyFX46Gfxrlv/CeV4GnfyO4mMWppBmlDc2px8nOFA\nYsUcn9qv7NVgFzFcQLkaGt2Um8M/Jck+KS8XY2JKt7VxxkpN/W+GmgJnIMu6wDbL\nKLirjILU5v+pPJrsYHIaCNnBlXSxFQORd5HUFaGbbr5QpwfjU8WbAw==\n-----END RSA PRIVATE KEY-----\n",
            "content_base64": null,
            "content_base64sha256": "it3ukQxiO3gwVe1uZbsCaxEq0GqnNHLRsUx2zW63QXQ=",
            "content_base64sha512": "9JqoiUePPcImRx/qx9zC9G8GHscGVFSF2uOpdHzKsDzy7U10W0/384njUEgaSol/MrHa3x9XWUO8N+MiL5Cv7Q==",
            "content_md5": "a3d3a97b94f8e2440f13b3416cb31329",
            "content_sha1": "c56ec6c61aceb7c4f5b5ceb5c106be348f526f75",
            "content_sha256": "8addee910c623b783055ed6e65bb026b112ad06aa73472d1b14c76cd6eb74174",
            "content_sha512": "f49aa889478f3dc226471feac7dcc2f46f061ec706545485dae3a9747ccab03cf2ed4d745b4ff7f389e350481a4a897f32b1dadf1f575943bc37e3222f90afed",
            "directory_permission": "0777",
            "file_permission": "0400",
            "filename": "../Keys/Private-Key-positively-suited-earwig.pem",
            "id": "c56ec6c61aceb7c4f5b5ceb5c106be348f526f75",
            "sensitive_content": null,
            "source": null
          },
          "sensitive_attributes": [
            [
              {
                "type": "get_attr",
                "value": "content"
              }
            ]
          ],
          "dependencies": [
            "random_pet.random_pet_name",
            "tls_private_key.private_key"
          ]
        }
      ]
    },
    {
      "mode": "managed",
      "type": "local_file",
      "name": "public_key_pem",
      "provider": "provider[\"registry.terraform.io/hashicorp/local\"]",
      "instances": [
        {
          "schema_version": 0,
          "attributes": {
            "content": "-----BEGIN RSA PRIVATE KEY-----\nMIIEpAIBAAKCAQEAwXYdp9sCWARDiFft5iWr9Dl2HlMA6A/FldtD+o9nNp1OJXtC\ndKFOpd7LC8OiQyuZuJxO1scmhrVLhXSsK/a9fOE/yjF3m0XVA5vy9mqLBtwjMXUs\nNqw8ObHSetAE0Lj2oEu8kgNjJlAaeZSN0ekPPelJhXgwIRLlAA4t7DxjqoJCYRLH\n/WkpOA8bJnWNEajCXgQGL6LpZMdyiKneowGYZihwgjRxB98+yQJX1n+JbGh8yjV/\nwqXnBoE/OXWJYcpJBOwqYqnZKBjhLRc2rc4FXZPNsj4nu9gNJb2uuTO5blRjL/xK\ndcP88f9B2ExzamU3TqE5oTA9AsJAHTV2pdwtuQIDAQABAoIBAQCWjtC3gDbLvs27\nvwpysOComUt2gAxVjWisnk7CIXYmx7c4bjuivqKRbdjBGAgglD72sBafCa/O6CqU\n+t6+/DAtjrLxLRwzJ96GB4jHAtWdihaNd+3nwpTAJcZzM457zWaKC0b+r0orV+2y\nrszMDr+A5BwGlimGo8i6CU7t6XV7DLexwLTDyNKYYTCratnvAoMgRpk4RTXUUCy8\nP/VsjHmFGKJEE11I9TAo7WGcX0xENSLHdZ2L6xRA05JMPFNFTrpbmIqV1AYluv9H\nXraEdTW0ZNDgDX5222tpjQzCMUw3MpCU/S3lme/nUw9ZUZKZk0xdPdBwXt4utwbx\nibQv87Q9AoGBANMKVHBjnEUMalkYQpr2lCm9w3UdtmVeUMM4Oe0QDAV+/D68xUao\neILOUE/y46NAcgngmqHHb7t45hOH7Iar0u6+X5DoiWgACq4uGDXnlCJlqZYXS6UC\nrrlvIA+ov+7rRyxprsBn6J4yJDhAC7rq3LoWfWfNLKVMFNvLWkNTKOLvAoGBAOqt\nEZRyi9/Ne3vlwXt+vygiW/RfbMikQr/voFYjchpGqg6P7NoxSqFtMXp/DXKjwbDi\nCzwD870ZP9LWa0N7WxAeXsCQy8BTywQCKdA042XjnoUEzspltf81VgJewiFky9qE\nUfjObb7sVPko3A8M6uxViYHrd73kf2BkTdKoZ9nXAoGBAKT4+z8MLxmu9eeF1nNK\n9FGY/RUtT+r4CoxBBM8zbyJQvSDR8iklA2fFnfSRe6+fbkYYZOi4fbiAbuKvq48u\n/GoTOaOOk/NPrQmyEMz6pcspy6L/vOtWKH3ex6JWGQvMskuepbPUxnv72GJ8dm78\nr+VsNUYSlqb0zY1v7rSYamrTAoGARTBFcJjc+FzivUKd6sURosmOhtvjfLxBGcmS\nYhMNPwX6eVShpirGMBW7crwmwNfa8UWTvlwD7oqVMJobAchKrtPlZ6zJBakuv73L\niiEtsgqL3/fs5+tY3ydgdk5tud6343MDn/Fslc+jtdoAF0fds1P8uJstsIS/sTGh\naCxSgf0CgYAOBBLiiF60kq1RyFX46Gfxrlv/CeV4GnfyO4mMWppBmlDc2px8nOFA\nYsUcn9qv7NVgFzFcQLkaGt2Um8M/Jck+KS8XY2JKt7VxxkpN/W+GmgJnIMu6wDbL\nKLirjILU5v+pPJrsYHIaCNnBlXSxFQORd5HUFaGbbr5QpwfjU8WbAw==\n-----END RSA PRIVATE KEY-----\n",
            "content_base64": null,
            "content_base64sha256": "it3ukQxiO3gwVe1uZbsCaxEq0GqnNHLRsUx2zW63QXQ=",
            "content_base64sha512": "9JqoiUePPcImRx/qx9zC9G8GHscGVFSF2uOpdHzKsDzy7U10W0/384njUEgaSol/MrHa3x9XWUO8N+MiL5Cv7Q==",
            "content_md5": "a3d3a97b94f8e2440f13b3416cb31329",
            "content_sha1": "c56ec6c61aceb7c4f5b5ceb5c106be348f526f75",
            "content_sha256": "8addee910c623b783055ed6e65bb026b112ad06aa73472d1b14c76cd6eb74174",
            "content_sha512": "f49aa889478f3dc226471feac7dcc2f46f061ec706545485dae3a9747ccab03cf2ed4d745b4ff7f389e350481a4a897f32b1dadf1f575943bc37e3222f90afed",
            "directory_permission": "0777",
            "file_permission": "0400",
            "filename": "../Keys/Public-Key-positively-suited-earwig.pem",
            "id": "c56ec6c61aceb7c4f5b5ceb5c106be348f526f75",
            "sensitive_content": null,
            "source": null
          },
          "sensitive_attributes": [
            [
              {
                "type": "get_attr",
                "value": "content"
              }
            ]
          ],
          "dependencies": [
            "random_pet.random_pet_name",
            "tls_private_key.private_key"
          ]
        }
      ]
    },
    {
      "mode": "managed",
      "type": "local_file",
      "name": "rdp",
      "provider": "provider[\"registry.terraform.io/hashicorp/local\"]",
      "instances": [
        {
          "schema_version": 0,
          "attributes": {
            "content": "auto connect:i:1\r\nfull address:s:18.221.102.67\r\nusername:s: Administrator\r\naudiomode:i:2\r\naudiocapturemode:i:1\r\n",
            "content_base64": null,
            "content_base64sha256": "2sfsEjMUUsszFC1xK3oWaJWMc0gzg8CNhkI/2snxs9M=",
            "content_base64sha512": "xCkj0McCGaRvmfVBD98qfPb41vDHw0S/RYymT4S/J1zE2kgSp4KPg2DSFMK+sgAlGmKRQRgQl/rOiKT3RGRWkg==",
            "content_md5": "8f00385cd9dabf5ed7cfb0db17f8390d",
            "content_sha1": "723b3d2a1fab6993b6bcd044d88b71e1bab80d46",
            "content_sha256": "dac7ec12331452cb33142d712b7a1668958c73483383c08d86423fdac9f1b3d3",
            "content_sha512": "c42923d0c70219a46f99f5410fdf2a7cf6f8d6f0c7c344bf458ca64f84bf275cc4da4812a7828f8360d214c2beb200251a629141181097face88a4f744645692",
            "directory_permission": "0777",
            "file_permission": "0400",
            "filename": "./.rdp/Keys/positively-suited-earwig.rdp",
            "id": "723b3d2a1fab6993b6bcd044d88b71e1bab80d46",
            "sensitive_content": null,
            "source": null
          },
          "sensitive_attributes": [],
          "dependencies": [
            "aws_eip.windows_eip",
            "random_pet.random_pet_name"
          ]
        }
      ]
    },
    {
      "mode": "managed",
      "type": "local_file",
      "name": "server-cert",
      "provider": "provider[\"registry.terraform.io/hashicorp/local\"]",
      "instances": [
        {
          "schema_version": 0,
          "attributes": {
            "content": "-----BEGIN CERTIFICATE-----\nMIIDMjCCAhqgAwIBAgIQTFiE3JCb80cYbsiyD5BBmjANBgkqhkiG9w0BAQsFADA4\nMRowGAYDVQQKExFJbmR1cyBWYWxsZXksIEluYzEaMBgGA1UEAxMRUGFyaXZlc2hp\ndGEuVGhvdGEwHhcNMjQwMzE1MDAxMzAyWhcNMjQwODEyMDAxMzAyWjAvMRowGAYD\nVQQKExFJbmR1cyBWYWxsZXksIEluYzERMA8GA1UEAxMIUGFyaS5BV1MwggEiMA0G\nCSqGSIb3DQEBAQUAA4IBDwAwggEKAoIBAQCd9D4Bbl7tPr3iAoOw0PtzxLCqQB1X\nps+ed8oFRPCGVRW8BE3BzNlUwynEpfgMp/OVxMqV+pAoc0j7MteWZO9MdzRrqSH4\nq3RKZ0a3JIYeRTjiF6MsE1g2iGe+juYLPbCh6id5VRNXn/X2KiL5LJpBGhTW//A9\nC6RAng3yTe8Hv2SFvJ+bYdORo4/KqEB0HxFLxWBEBKr92Md0O90/9itnVl3ZMkGX\nmPhAW/iuPgli9+lfa3ExBKswV1CiBhA0I4GfSuX2o3NDnxvyDbscrBvoeEX0OyEA\nktpyJ6L9lGa7SdK/IjJUluXcOY5xFOoxpwES7K84mL/XecnBJ382I/d1AgMBAAGj\nQTA/MA4GA1UdDwEB/wQEAwICpDAMBgNVHRMBAf8EAjAAMB8GA1UdIwQYMBaAFGwi\n+Udwa9e1/bjk2DnuG7E9SEVrMA0GCSqGSIb3DQEBCwUAA4IBAQCj7VDmz2LIj7Cw\nPFrkbH4WNJ88HzCqN04gpyhKOglMrDRbBhY7yNVENskOFcb9mROwyMcGgF0FlImR\nF38Y5mkqHpqtM26RiFMOftY22eszVaIT14GFNoigKAj32CarIEUvcuNqqCC/eYpd\nqE8oHVeT0atfFZchUpR4djO3K6Tni8rpPrCka75FciKoVN/iNhouXHFgimK9dJDP\nij/3Va/evn1ZUGVvftJhxdvvny/rAiqKDcbFiOkxS0tTNI2AaDNhVsZqI3FfL5oW\nqLNhzP3x14yE/oLyiJE5UtWE5SHDAqv3+7Ms7uJ1nn9YxpbtGzElbktfvcoHclUX\nxcP+UEke\n-----END CERTIFICATE-----\n",
            "content_base64": null,
            "content_base64sha256": "HgOWQetuzfc8kRnIt6xvNWTmRry1GAr56ir/iYdQoUw=",
            "content_base64sha512": "hBs4lM3d1/uoul+IYJu+mD5bIShNVmCqW8ozJiPcKkq2kPyhRuwvcIxnToscc9ZltXq2VH7PaWOhZvgC+y0Z1Q==",
            "content_md5": "82e1d2d5c99c050c81b80adf2578c314",
            "content_sha1": "aa32a6ab3e2cf38910925973262e78a11b99bdaf",
            "content_sha256": "1e039641eb6ecdf73c9119c8b7ac6f3564e646bcb5180af9ea2aff898750a14c",
            "content_sha512": "841b3894cdddd7fba8ba5f88609bbe983e5b21284d5660aa5bca332623dc2a4ab690fca146ec2f708c674e8b1c73d665b57ab6547ecf6963a166f802fb2d19d5",
            "directory_permission": "0777",
            "file_permission": "0400",
            "filename": "./.cert/server.crt",
            "id": "aa32a6ab3e2cf38910925973262e78a11b99bdaf",
            "sensitive_content": null,
            "source": null
          },
          "sensitive_attributes": [],
          "dependencies": [
            "tls_cert_request.server-req",
            "tls_locally_signed_cert.server",
            "tls_private_key.ca-pvt",
            "tls_private_key.server-pvt",
            "tls_self_signed_cert.ca"
          ]
        }
      ]
    },
    {
      "mode": "managed",
      "type": "local_file",
      "name": "server-pvt",
      "provider": "provider[\"registry.terraform.io/hashicorp/local\"]",
      "instances": [
        {
          "schema_version": 0,
          "attributes": {
            "content": "-----BEGIN RSA PRIVATE KEY-----\nMIIEowIBAAKCAQEAnfQ+AW5e7T694gKDsND7c8SwqkAdV6bPnnfKBUTwhlUVvARN\nwczZVMMpxKX4DKfzlcTKlfqQKHNI+zLXlmTvTHc0a6kh+Kt0SmdGtySGHkU44hej\nLBNYNohnvo7mCz2woeoneVUTV5/19ioi+SyaQRoU1v/wPQukQJ4N8k3vB79khbyf\nm2HTkaOPyqhAdB8RS8VgRASq/djHdDvdP/YrZ1Zd2TJBl5j4QFv4rj4JYvfpX2tx\nMQSrMFdQogYQNCOBn0rl9qNzQ58b8g27HKwb6HhF9DshAJLaciei/ZRmu0nSvyIy\nVJbl3DmOcRTqMacBEuyvOJi/13nJwSd/NiP3dQIDAQABAoIBAFqukz6NF/CKmcb8\nfJBxmjr/jBFiF7ZvrTikOxZFWvU0OfMkYWPG8GrKVNtyEXNqpNyyC0CJhmPCs/6L\nVNwh/IRg13aLtlYmUPA6VI3maR1Nznd27JXsUTOVokHzljyT4SlD3f+5iQ5AZpw5\n2rRFGBYSHC7G5yyU12rFkuouNfGy1+VuPONrUlL4NXJlOFcZa7TFcPYAfJHzbfDP\nXSGS4c3PTS4eatc9/mhs86iwcbwmBcpLHTEtdeEpIvaaSlPT9Oxk0iJPYOyrulSt\nIRbnMCfODtFHV703OSKHp9NnKWJ5rcK2qt6tAgWd/3sj7AHb9ua9WRCQwGkT3XkT\naoqyXcECgYEAyRWGpWHhP4Vx/SPTxN8IQqeoFd1JDpRyJmWFeQD8geWjCAcuwLmF\nuU0Qi3qB8EMNaM56qduPIoByprZV7bM7HU7Yku2m10T8zp1HmBw1JTbZu7aVlPLv\nPQhvF5adg+roAgGQHdn63UqTezhsFoSWSn2j30x5u1KMP1fS9t7hdfECgYEAyRdZ\nkSHwSbSN/tE91Ka0zA3jYH2nBmh2QjVQ84uRUEm+a0OAB70JQNNOgFuVwvfzeGR2\nqgir86syx4wHb+zg2RF6OF6QVf6ylYFNjR+VkU0FWc7ICw19XElxtm4iyWkOatWj\n5Up8WW/W7xBiSfb/YpVIYMlf3ByNiF0lIAA+hcUCgYEAwHM0qaXzEXtjLDYU4M/g\ntQKG0V43JJgYY/038CZshNnF3dIaAePNQxqpogQ+xjc2Zz9ukJCM/iVXFY1e0h9+\njT8/8ec3jcH9/rTyp3cfuh0z5/8ITETxiUVAJaBF4tJ4+CqMxrUv7okIe571e9ur\nh2GV7AniW9DWX21rgFCyEdECgYALi9atuaglY0Of9P263xOUf9ulZ7GWcZsQtCUA\nxuvCE2nmmMqaJyWH3losjpWryzbkm8ggfTz6UcMpqAWpTI2giRtebzeUaHpykSkV\nyFF7NVPwUyozUEP5b5Ii6nH+5JRaWAgAG2XGcOCDe4pZOuBxFadBP27MoasSwF5o\nVvtADQKBgE6E1G3PQA5cJYt74dLY6bevTcIO56Zoocjx42Teh90b/MImOLyChoT1\nGrbL99mmXIQrh0Fi/KYHIIQcCccmIa2RCGBEWtzrnjNPhvWqYEQQXjgZndNBwPse\nyTAifgi/FNHIsiY1n1QaniHY+7pw2cBWKORKYBQ/r40fOQUtaoI3\n-----END RSA PRIVATE KEY-----\n",
            "content_base64": null,
            "content_base64sha256": "TAkkWCsbDcvF8Zo5W5eNleZUIRrbHtrY4/o/P9cGous=",
            "content_base64sha512": "TKQjxKVy+4fz7M1nuU+KHlbfo8e1tzPjfSp4E01KNTTWcSghARZTFdBMK4608xN2NExK6LwAmt2VCDKFT7exRg==",
            "content_md5": "6a4220823331d4326ef39357dfd61410",
            "content_sha1": "8eacb89307f32eb43eeaeff19e01a4bc93d23da6",
            "content_sha256": "4c0924582b1b0dcbc5f19a395b978d95e654211adb1edad8e3fa3f3fd706a2eb",
            "content_sha512": "4ca423c4a572fb87f3eccd67b94f8a1e56dfa3c7b5b733e37d2a78134d4a3534d671282101165315d04c2b8eb4f31376344c4ae8bc009add950832854fb7b146",
            "directory_permission": "0777",
            "file_permission": "0400",
            "filename": "./.cert/server-pvt.pem",
            "id": "8eacb89307f32eb43eeaeff19e01a4bc93d23da6",
            "sensitive_content": null,
            "source": null
          },
          "sensitive_attributes": [
            [
              {
                "type": "get_attr",
                "value": "content"
              }
            ]
          ],
          "dependencies": [
            "tls_private_key.server-pvt"
          ]
        }
      ]
    },
    {
      "mode": "managed",
      "type": "null_resource",
      "name": "edp_exec",
      "provider": "provider[\"registry.terraform.io/hashicorp/null\"]",
      "instances": [
        {
          "schema_version": 0,
          "attributes": {
            "id": "3420719651769984919",
            "triggers": {
              "always_run": null
            }
          },
          "sensitive_attributes": [],
          "dependencies": [
            "aws_eip.windows_eip",
            "local_file.rdp",
            "random_pet.random_pet_name"
          ]
        }
      ]
    },
    {
      "mode": "managed",
      "type": "random_bytes",
      "name": "random_bytes",
      "provider": "provider[\"registry.terraform.io/hashicorp/random\"]",
      "instances": [
        {
          "schema_version": 0,
          "attributes": {
            "base64": "jqCS5GZLfynqgA==",
            "hex": "8ea092e4664b7f29ea80",
            "keepers": null,
            "length": 10
          },
          "sensitive_attributes": []
        }
      ]
    },
    {
      "mode": "managed",
      "type": "random_id",
      "name": "random_id_var",
      "provider": "provider[\"registry.terraform.io/hashicorp/random\"]",
      "instances": [
        {
          "schema_version": 0,
          "attributes": {
            "b64_std": "Tmjb4byN608=",
            "b64_url": "Tmjb4byN608",
            "byte_length": 8,
            "dec": "5650007495113829199",
            "hex": "4e68dbe1bc8deb4f",
            "id": "Tmjb4byN608",
            "keepers": null,
            "prefix": null
          },
          "sensitive_attributes": []
        }
      ]
    },
    {
      "mode": "managed",
      "type": "random_password",
      "name": "random_password_var",
      "provider": "provider[\"registry.terraform.io/hashicorp/random\"]",
      "instances": [
        {
          "schema_version": 3,
          "attributes": {
            "bcrypt_hash": "$2a$10$k/509VILAo.p0MDBExrCmugbsEconLNPtC6w3Ljig6PoTp8kqtD4i",
            "id": "none",
            "keepers": null,
            "length": 10,
            "lower": true,
            "min_lower": 0,
            "min_numeric": 0,
            "min_special": 0,
            "min_upper": 0,
            "number": true,
            "numeric": true,
            "override_special": null,
            "result": "d-_*l=:mVc",
            "special": true,
            "upper": true
          },
          "sensitive_attributes": []
        }
      ]
    },
    {
      "mode": "managed",
      "type": "random_pet",
      "name": "random_pet_name",
      "provider": "provider[\"registry.terraform.io/hashicorp/random\"]",
      "instances": [
        {
          "schema_version": 0,
          "attributes": {
            "id": "positively-suited-earwig",
            "keepers": null,
            "length": 3,
            "prefix": null,
            "separator": "-"
          },
          "sensitive_attributes": []
        }
      ]
    },
    {
      "mode": "managed",
      "type": "random_shuffle",
      "name": "random_shuffle_var",
      "provider": "provider[\"registry.terraform.io/hashicorp/random\"]",
      "instances": [
        {
          "schema_version": 0,
          "attributes": {
            "id": "-",
            "input": [
              "Pari",
              "harsha",
              "chaitu"
            ],
            "keepers": null,
            "result": [
              "harsha",
              "chaitu",
              "Pari"
            ],
            "result_count": null,
            "seed": null
          },
          "sensitive_attributes": []
        }
      ]
    },
    {
      "mode": "managed",
      "type": "random_string",
      "name": "random_string_var",
      "provider": "provider[\"registry.terraform.io/hashicorp/random\"]",
      "instances": [
        {
          "schema_version": 2,
          "attributes": {
            "id": "z9VGVCVw?0P!",
            "keepers": null,
            "length": 12,
            "lower": true,
            "min_lower": 0,
            "min_numeric": 0,
            "min_special": 0,
            "min_upper": 0,
            "number": true,
            "numeric": true,
            "override_special": null,
            "result": "z9VGVCVw?0P!",
            "special": true,
            "upper": true
          },
          "sensitive_attributes": []
        }
      ]
    },
    {
      "mode": "managed",
      "type": "random_uuid",
      "name": "random_uuid_var",
      "provider": "provider[\"registry.terraform.io/hashicorp/random\"]",
      "instances": [
        {
          "schema_version": 0,
          "attributes": {
            "id": "9f2a36e4-6c4f-6ba4-698c-ef9c132b78a6",
            "keepers": null,
            "result": "9f2a36e4-6c4f-6ba4-698c-ef9c132b78a6"
          },
          "sensitive_attributes": []
        }
      ]
    },
    {
      "mode": "managed",
      "type": "tls_cert_request",
      "name": "client-req",
      "provider": "provider[\"registry.terraform.io/hashicorp/tls\"]",
      "instances": [
        {
          "schema_version": 0,
          "attributes": {
            "cert_request_pem": "-----BEGIN CERTIFICATE REQUEST-----\nMIICdTCCAV0CAQAwMDEaMBgGA1UEChMRSW5kdXMgVmFsbGV5LCBJbmMxEjAQBgNV\nBAMTCVBhcmkuSG9tZTCCASIwDQYJKoZIhvcNAQEBBQADggEPADCCAQoCggEBAKh2\nU0mgIHogBe4Tl9+cvUrqLfUC/RI+xJB5juwv6xVyVINbUX85zWHPOfUkKpPSRqO0\nA2XaRExNS1/2a+oNrf+l9K6nLiWL6F0QmKyRHnSBgmzU2LMkC2/307Y7MQmvcgBF\nnbGd51IHQHR1CpLfrKs22k968oBAopj5V49JWzCqcIyzkGRNLV67N71i8wcthZcS\nbBitQ8YaUlbb/UL+/+2d6qmt9O7OwAsDZ4BpBuAM0dFMf4ALSWQD/bxXNHlkVjBc\nUgZOB1Zt8aeHDrUE4oxK9DZZYRx2Q8VNBK/CXoAm5b1oWlvoMrkw6BgY5Yl7GUXc\nXJ9czGLW4Pd6dk7OZRECAwEAAaAAMA0GCSqGSIb3DQEBCwUAA4IBAQA/5NsfYgj1\nLMDunos1/1oqCAdCHiTLmpU9y83IXso9GgakBtarpkADdnd+z6TVvptkFciSME2B\nARvrf4JnCAiEBmMkyRwoDcn2f8i4mx1Lw3EU7VAzsCM6AgPfwXLl74ERirHCKkIe\nxaF1Qf7pef04YfVmnIO3NiJdM/XhLv0y2hD2qzACaiVQij0dmp/Ui36NaP/09Eq5\nrBD3bq9+pl2aQZvMJoEDlcnDj4FHIibAgjOc/Q4klOACQy9uWt3VbQkIhSmTxd81\nDa0Rbs/CPWbwU1Cl9uF6TDp+d4h86bO+5UmP8iYGpHRFUjCLU1WqqbovJ83rs1D9\nZMGGIzL0TQwe\n-----END CERTIFICATE REQUEST-----\n",
            "dns_names": null,
            "id": "29138984ddbea18fbaa13c0eac6168846c136d71",
            "ip_addresses": null,
            "key_algorithm": "RSA",
            "private_key_pem": "-----BEGIN RSA PRIVATE KEY-----\nMIIEogIBAAKCAQEAqHZTSaAgeiAF7hOX35y9Suot9QL9Ej7EkHmO7C/rFXJUg1tR\nfznNYc859SQqk9JGo7QDZdpETE1LX/Zr6g2t/6X0rqcuJYvoXRCYrJEedIGCbNTY\nsyQLb/fTtjsxCa9yAEWdsZ3nUgdAdHUKkt+sqzbaT3rygECimPlXj0lbMKpwjLOQ\nZE0tXrs3vWLzBy2FlxJsGK1DxhpSVtv9Qv7/7Z3qqa307s7ACwNngGkG4AzR0Ux/\ngAtJZAP9vFc0eWRWMFxSBk4HVm3xp4cOtQTijEr0NllhHHZDxU0Er8JegCblvWha\nW+gyuTDoGBjliXsZRdxcn1zMYtbg93p2Ts5lEQIDAQABAoIBAH4fACHp8QadfPMN\n1jFCXnF8u2VolGEZfv4PE9J92YlX7C/fqTcP5lSo2WJPblT3I42h0r1pWKKrZ5fz\nnD1Bepgf/fzYCvNvOEqch0EC8IMXBrdF7urHPIzaRLV0wTTYFghgFjyI1EsURMwr\nZ/wn21TfnzfL+0vLmC/g1Q3gRJY8fU0Czh6hZLdGcw0Uz+bBnCPI8HJVRA/hNDdV\n/itTp0letZCLObzGoO0pZ3njYCxyypX4+NvJyj7izJJeWE6qpcXXRJSnhXvXuFyn\nlYwE0XDrW893nOFXyfAikR+hj/A0+HfRFXsfGI87OSnn252lGwSnMMdiuPSfv69+\ng06p58UCgYEA0ARjqGUUpXih0ky0jl/QKdp+kzhxgkFp7AY6k1DYjx8pLjGXEZS8\nweS51zfv8upU8jF5wMbH/1Hqn1wyJNOYR2rK9TUdZIRvHWGK2Oh1ygcOCB0BUHLo\namChrEG6bkO79BB8DuRC8BFL2xVKToxYDmArkRYV2YnZw53PpN3rNF8CgYEAz1It\n5xTkVUjwoTMNUQW2GBVlUibSysNZxZnA745EFWuupsyZdiSVRLKIrAdSa7G1GlK8\nZ34OQ1TPiaTcTx005FsHszXGE69RgsyRQ7y8xfAq+akN8/NFBq/2H0020g23PK3b\n+63iZskpv5zlt3CBBe5tz0Yz4xa4Ja/Jk6SmXI8CgYBc7skTL22E65roGErGHLok\nKLBJ13qmpdDLmJDMxd6qOlKsh40lVpzpxuTb6OqzTMt8lGv/mw842wEGByuD1mB+\n75AS8pLaGGyH5M8iTuBozLQRHdw7c8qv09IG4iqHHo224TJ7eLELDb8k9qMG6p5g\ndcig/gvu7y4xvaxJzLdK4wKBgCOh/EG7VYNTBgiuvZsvYBzDkKaOBazT5poP0xlZ\nWlpUJ7CDedzUbNNh3Bu1JnVcFcRwc/FVuR3ZddIyg6sVWgHlo20p0OGRQHE6t7zs\ns4VRwhEm/T7wkOyVUbgPjVyM/vFu8GBRgpgn+wTz8oeUzpg2Yqk9Z62gOgZAMGUv\n52gBAoGAOz736C7DBnM6Ky+selFJVypxFU0X0vaJfDpj8GUBFPhYXUyfxKTTCPFx\ntnkZw28NSSqQqRjW96TdMThAfaG4N0vRHgZcd9hDfswhzP6O9kmCjCtNgHSPPkce\nrxPTtPR6YhGlSBA/0G444q0A7uXWHiFb2hoFndXKiEBFwZe4scc=\n-----END RSA PRIVATE KEY-----\n",
            "subject": [
              {
                "common_name": "Pari.Home",
                "country": null,
                "locality": null,
                "organization": "Indus Valley, Inc",
                "organizational_unit": null,
                "postal_code": null,
                "province": null,
                "serial_number": null,
                "street_address": null
              }
            ],
            "uris": null
          },
          "sensitive_attributes": [
            [
              {
                "type": "get_attr",
                "value": "private_key_pem"
              }
            ]
          ],
          "dependencies": [
            "tls_private_key.client-pvt"
          ]
        }
      ]
    },
    {
      "mode": "managed",
      "type": "tls_cert_request",
      "name": "server-req",
      "provider": "provider[\"registry.terraform.io/hashicorp/tls\"]",
      "instances": [
        {
          "schema_version": 0,
          "attributes": {
            "cert_request_pem": "-----BEGIN CERTIFICATE REQUEST-----\nMIICdDCCAVwCAQAwLzEaMBgGA1UEChMRSW5kdXMgVmFsbGV5LCBJbmMxETAPBgNV\nBAMTCFBhcmkuQVdTMIIBIjANBgkqhkiG9w0BAQEFAAOCAQ8AMIIBCgKCAQEAnfQ+\nAW5e7T694gKDsND7c8SwqkAdV6bPnnfKBUTwhlUVvARNwczZVMMpxKX4DKfzlcTK\nlfqQKHNI+zLXlmTvTHc0a6kh+Kt0SmdGtySGHkU44hejLBNYNohnvo7mCz2woeon\neVUTV5/19ioi+SyaQRoU1v/wPQukQJ4N8k3vB79khbyfm2HTkaOPyqhAdB8RS8Vg\nRASq/djHdDvdP/YrZ1Zd2TJBl5j4QFv4rj4JYvfpX2txMQSrMFdQogYQNCOBn0rl\n9qNzQ58b8g27HKwb6HhF9DshAJLaciei/ZRmu0nSvyIyVJbl3DmOcRTqMacBEuyv\nOJi/13nJwSd/NiP3dQIDAQABoAAwDQYJKoZIhvcNAQELBQADggEBAGsI7Gf+r4E+\nL6QtaeCvK7t39TtIWJGq8k5Kw/dBrw32JWyiGD1rrfuXMXXa+1bvlQXSKuvOvPwt\nKsEFtqm1sJwVJyqd8Y49QYZhcgY2vIQHUie13wl9QHzpm2twKnRXnY5buID/dgHW\naOwLvmHvnsJXF1COu2aaWeXpCqRG7jISSUw72DpTgQytixzupUhnmRbXMajosX/P\nMQGMibFmoegTVTV5R9l1EWHgEEP6keJTOixsmnQdmELSOOas7IC+Ir9p94z0Wspm\nRYegf9ko/63ZR9KuVeW0MzIY/7rKr1Va09bcGsxQr2vHHCTasDJI4WNUwpGeazku\nnQLiHbi+zu0=\n-----END CERTIFICATE REQUEST-----\n",
            "dns_names": null,
            "id": "bc13febd9b594a7d39e36c8a2100d2300b0725c8",
            "ip_addresses": null,
            "key_algorithm": "RSA",
            "private_key_pem": "-----BEGIN RSA PRIVATE KEY-----\nMIIEowIBAAKCAQEAnfQ+AW5e7T694gKDsND7c8SwqkAdV6bPnnfKBUTwhlUVvARN\nwczZVMMpxKX4DKfzlcTKlfqQKHNI+zLXlmTvTHc0a6kh+Kt0SmdGtySGHkU44hej\nLBNYNohnvo7mCz2woeoneVUTV5/19ioi+SyaQRoU1v/wPQukQJ4N8k3vB79khbyf\nm2HTkaOPyqhAdB8RS8VgRASq/djHdDvdP/YrZ1Zd2TJBl5j4QFv4rj4JYvfpX2tx\nMQSrMFdQogYQNCOBn0rl9qNzQ58b8g27HKwb6HhF9DshAJLaciei/ZRmu0nSvyIy\nVJbl3DmOcRTqMacBEuyvOJi/13nJwSd/NiP3dQIDAQABAoIBAFqukz6NF/CKmcb8\nfJBxmjr/jBFiF7ZvrTikOxZFWvU0OfMkYWPG8GrKVNtyEXNqpNyyC0CJhmPCs/6L\nVNwh/IRg13aLtlYmUPA6VI3maR1Nznd27JXsUTOVokHzljyT4SlD3f+5iQ5AZpw5\n2rRFGBYSHC7G5yyU12rFkuouNfGy1+VuPONrUlL4NXJlOFcZa7TFcPYAfJHzbfDP\nXSGS4c3PTS4eatc9/mhs86iwcbwmBcpLHTEtdeEpIvaaSlPT9Oxk0iJPYOyrulSt\nIRbnMCfODtFHV703OSKHp9NnKWJ5rcK2qt6tAgWd/3sj7AHb9ua9WRCQwGkT3XkT\naoqyXcECgYEAyRWGpWHhP4Vx/SPTxN8IQqeoFd1JDpRyJmWFeQD8geWjCAcuwLmF\nuU0Qi3qB8EMNaM56qduPIoByprZV7bM7HU7Yku2m10T8zp1HmBw1JTbZu7aVlPLv\nPQhvF5adg+roAgGQHdn63UqTezhsFoSWSn2j30x5u1KMP1fS9t7hdfECgYEAyRdZ\nkSHwSbSN/tE91Ka0zA3jYH2nBmh2QjVQ84uRUEm+a0OAB70JQNNOgFuVwvfzeGR2\nqgir86syx4wHb+zg2RF6OF6QVf6ylYFNjR+VkU0FWc7ICw19XElxtm4iyWkOatWj\n5Up8WW/W7xBiSfb/YpVIYMlf3ByNiF0lIAA+hcUCgYEAwHM0qaXzEXtjLDYU4M/g\ntQKG0V43JJgYY/038CZshNnF3dIaAePNQxqpogQ+xjc2Zz9ukJCM/iVXFY1e0h9+\njT8/8ec3jcH9/rTyp3cfuh0z5/8ITETxiUVAJaBF4tJ4+CqMxrUv7okIe571e9ur\nh2GV7AniW9DWX21rgFCyEdECgYALi9atuaglY0Of9P263xOUf9ulZ7GWcZsQtCUA\nxuvCE2nmmMqaJyWH3losjpWryzbkm8ggfTz6UcMpqAWpTI2giRtebzeUaHpykSkV\nyFF7NVPwUyozUEP5b5Ii6nH+5JRaWAgAG2XGcOCDe4pZOuBxFadBP27MoasSwF5o\nVvtADQKBgE6E1G3PQA5cJYt74dLY6bevTcIO56Zoocjx42Teh90b/MImOLyChoT1\nGrbL99mmXIQrh0Fi/KYHIIQcCccmIa2RCGBEWtzrnjNPhvWqYEQQXjgZndNBwPse\nyTAifgi/FNHIsiY1n1QaniHY+7pw2cBWKORKYBQ/r40fOQUtaoI3\n-----END RSA PRIVATE KEY-----\n",
            "subject": [
              {
                "common_name": "Pari.AWS",
                "country": null,
                "locality": null,
                "organization": "Indus Valley, Inc",
                "organizational_unit": null,
                "postal_code": null,
                "province": null,
                "serial_number": null,
                "street_address": null
              }
            ],
            "uris": null
          },
          "sensitive_attributes": [
            [
              {
                "type": "get_attr",
                "value": "private_key_pem"
              }
            ]
          ],
          "dependencies": [
            "tls_private_key.server-pvt"
          ]
        }
      ]
    },
    {
      "mode": "managed",
      "type": "tls_locally_signed_cert",
      "name": "client-crt",
      "provider": "provider[\"registry.terraform.io/hashicorp/tls\"]",
      "instances": [
        {
          "schema_version": 0,
          "attributes": {
            "allowed_uses": [
              "digital_signature",
              "key_encipherment",
              "cert_signing"
            ],
            "ca_cert_pem": "-----BEGIN CERTIFICATE-----\nMIIDPDCCAiSgAwIBAgIQaKxw2Tlu8JxBTFxzTDw5IzANBgkqhkiG9w0BAQsFADA4\nMRowGAYDVQQKExFJbmR1cyBWYWxsZXksIEluYzEaMBgGA1UEAxMRUGFyaXZlc2hp\ndGEuVGhvdGEwHhcNMjQwMzE0MjM0MDI2WhcNMjQwODExMjM0MDI2WjA4MRowGAYD\nVQQKExFJbmR1cyBWYWxsZXksIEluYzEaMBgGA1UEAxMRUGFyaXZlc2hpdGEuVGhv\ndGEwggEiMA0GCSqGSIb3DQEBAQUAA4IBDwAwggEKAoIBAQCzwYw5B30zWGQGktUL\noWTkuRfskKcGQdvu/S/domixYseb9wZ1uL74UYJN3ZK1G0Y89DKv4KAelNidwBwD\nXpAu/BfV54ta1qFBYsWjKwdgDvIY5TDS7+zVTprJkp7SGSrS7L76tKVa5FNfi5jV\nixjGbmJJKtZ3wdj7AK4JfIyho+SZ96EDPj272vZTheg7aklEgjCzS6qeMWxIeSzO\nyvWA8ZcchuW2k0updlDhQoz30ZtbFLjhBzW8D5wuckEfHrQg5SrxWZhETu0MMTGC\n+5BUCQsdZ55oyFdqYSs9v0RuwIBTKuZkz3FlCYrYb+7cYmwvImND/Z6L3PGfvJRg\nJhChAgMBAAGjQjBAMA4GA1UdDwEB/wQEAwICpDAPBgNVHRMBAf8EBTADAQH/MB0G\nA1UdDgQWBBRsIvlHcGvXtf245Ng57huxPUhFazANBgkqhkiG9w0BAQsFAAOCAQEA\nsbSiEpNZ4w+xdLaFrQs0qGS2snYrQRQyh+y1pF4OX1QN0nUokqzMGun7cyMLWfBW\nuLcr5jpXPU4XJ9U/a7EmNVbGR1w4xwWZuEw1ETof+fPmt0lt7uL2zfAdzCHGBFqQ\nsNaHqPPe0WyObqgV+DlycEjdq7h3q0ofcuFnjDJxXJo4ZmX5mn6axkshTXGKmYgq\nvxUFcfp7XoAJmlrUz2DeunEB//Y95qMSGYmE3rRcV3F9poTA8k3nys+WoUnKGjuR\nfTE+QlI6Ng4sg1N3h4f8OW48qBRxi3I0/dAh57FqPbOl/qhVa8D9TGbq9jBaV6DJ\nkprr+UcjFVw1iZ4QYQLSKA==\n-----END CERTIFICATE-----\n",
            "ca_key_algorithm": "RSA",
            "ca_private_key_pem": "-----BEGIN RSA PRIVATE KEY-----\nMIIEowIBAAKCAQEAs8GMOQd9M1hkBpLVC6Fk5LkX7JCnBkHb7v0v3aJosWLHm/cG\ndbi++FGCTd2StRtGPPQyr+CgHpTYncAcA16QLvwX1eeLWtahQWLFoysHYA7yGOUw\n0u/s1U6ayZKe0hkq0uy++rSlWuRTX4uY1YsYxm5iSSrWd8HY+wCuCXyMoaPkmfeh\nAz49u9r2U4XoO2pJRIIws0uqnjFsSHkszsr1gPGXHIbltpNLqXZQ4UKM99GbWxS4\n4Qc1vA+cLnJBHx60IOUq8VmYRE7tDDExgvuQVAkLHWeeaMhXamErPb9EbsCAUyrm\nZM9xZQmK2G/u3GJsLyJjQ/2ei9zxn7yUYCYQoQIDAQABAoIBAQCLFpn/jrHrxtsu\n0vKSW0GMUUQXwh3bE56wH6yn3AESMJKvNccD0/3AeqFOysG37PC+PV3zBOYgg5/R\nAFMssED0eg+fbdhAY47G3zx58tN0GlxtsvnCXe9tZbMTgaXuf5bJOnLT3m+MEtwI\nNCYAJe73q3XVk5X7eD0CixYfNQZEExZM719Njsvk+ww5f0Dj5hPrIV7wJ1Y1724N\ny9Pl3Ss9leIue4GJW4+gd8nUCWfb3Srsab1UNCJUVV3DFHcz4hDuAtXTZp8a3aUj\npHuu8eKRDqCl7mJ+3r4DUgg9zCslFqGnfAJuaWuX5N2zUzi1SuA+PrsIpOsqurBK\nNImqjNCBAoGBAMqW7md/xE8SuXnm+0pa5ls7PUA6wYPC+QZcyp840ahrA+uCNGbc\nrKhsGEbR+N9/A2HA/CcaEiccpd4gRNvStxrI4+EcWEebvwTfJkYz0YNYjaBee6i5\nILGwrHUOOZ6SowpP8c6DDCbYG9AEghuocCkAB+7nQxCu9YnrVk2DNCXpAoGBAOMl\njEcWvsYaiAgJk7Ojt/qXHtMATsBhFU1jxZCYn7VKBXWLKzWdsG8Zv9gFjvs9ZE6y\nJyPiwYgFru8iAYZAiOTBTc/DO5mwoCRtFmRw/XoAQHRDmzwqFJC5X1tjNGKuPLTQ\nIsKNm7PKhp1vg200RYLwRGEfB0obMNUti3adWAn5AoGAO9ovgQBsXPgpN+yX3TXR\nzK5JwEoblfPqYojTjArbViiXteJ33NPhZrjYy0OJhW4e76h2Vo8LQebi0icycMdm\nNVGYkY8wPaez3ZqX0jHI+kcVQIXpfsWC9Tw/Fy4ms8Saypcn1108H9XFEcXjMoym\n5lYOAfTtCWbHQAH5M1lJ9NECgYAVn7p1/g1VUKtIkJjWDizylzZhAfN9TwC3KFtj\ng5QYrx5L7V7EsOld+kaQKx9MfbCx6TXerbSc3WWk8EjS3gvqMxjUQZLH88+bCCOM\nllEbLzDzoIgDt0HT8UHJsm0HQ+0VjYbxnIeJGyurizUozUQczgDEei64eFQyxy4y\nsZHzCQKBgFLUAPO8wD960505cPEobNnFnWraVOB0VQygeRAPcu4SspcOCqUtfG2N\nj4QX5WWFZOXmRaJs1A61rMc7Ezc6wfyTPDlDBb9XwNGdF0bJlWFv0rFG00oxo8Yd\nCjePiq4dMSwRKwz95V080gNaUCJxHOTnGC0JD/PrBGaKOwU5p6D1\n-----END RSA PRIVATE KEY-----\n",
            "cert_pem": "-----BEGIN CERTIFICATE-----\nMIIDNDCCAhygAwIBAgIRAIj3O4oqE/pyOOZ9mvmGIg0wDQYJKoZIhvcNAQELBQAw\nODEaMBgGA1UEChMRSW5kdXMgVmFsbGV5LCBJbmMxGjAYBgNVBAMTEVBhcml2ZXNo\naXRhLlRob3RhMB4XDTI0MDMxNTAwMjIyN1oXDTI0MDgxMjAwMjIyN1owMDEaMBgG\nA1UEChMRSW5kdXMgVmFsbGV5LCBJbmMxEjAQBgNVBAMTCVBhcmkuSG9tZTCCASIw\nDQYJKoZIhvcNAQEBBQADggEPADCCAQoCggEBAKh2U0mgIHogBe4Tl9+cvUrqLfUC\n/RI+xJB5juwv6xVyVINbUX85zWHPOfUkKpPSRqO0A2XaRExNS1/2a+oNrf+l9K6n\nLiWL6F0QmKyRHnSBgmzU2LMkC2/307Y7MQmvcgBFnbGd51IHQHR1CpLfrKs22k96\n8oBAopj5V49JWzCqcIyzkGRNLV67N71i8wcthZcSbBitQ8YaUlbb/UL+/+2d6qmt\n9O7OwAsDZ4BpBuAM0dFMf4ALSWQD/bxXNHlkVjBcUgZOB1Zt8aeHDrUE4oxK9DZZ\nYRx2Q8VNBK/CXoAm5b1oWlvoMrkw6BgY5Yl7GUXcXJ9czGLW4Pd6dk7OZRECAwEA\nAaNBMD8wDgYDVR0PAQH/BAQDAgKkMAwGA1UdEwEB/wQCMAAwHwYDVR0jBBgwFoAU\nbCL5R3Br17X9uOTYOe4bsT1IRWswDQYJKoZIhvcNAQELBQADggEBAJYO9XzI5IaG\nMudd/TNuoCtmVsNxo3M4jYzN4o1TN4E2L9rcBNMPHJg2WsAzF4xRTcbCPHIUEHCG\nptRAa28gYDFzmsWrtxjl+uKaKayPteDJUko4/dCJi9mSBU6ESD9qf5BYAursjtvA\n0UpSMXGriuWCjpLGLUebQGv5JZoHtWp2wO6QZbfHQQ/NmMUzXVR53cMSYjBC8G9G\nuwn7OCSwor2ITLh+fZiib/bNWIUZzVUHH3PExZxDxQ2jD8J/q4+3j5EudT+iehjc\nlg6xOdOGfdD0xD0+ADfnEY3m3m+IBzPfP/VLYduNflm5kXJ4WOaI5LeEZ6eJTzKI\nQm46Nvcnex0=\n-----END CERTIFICATE-----\n",
            "cert_request_pem": "-----BEGIN CERTIFICATE REQUEST-----\nMIICdTCCAV0CAQAwMDEaMBgGA1UEChMRSW5kdXMgVmFsbGV5LCBJbmMxEjAQBgNV\nBAMTCVBhcmkuSG9tZTCCASIwDQYJKoZIhvcNAQEBBQADggEPADCCAQoCggEBAKh2\nU0mgIHogBe4Tl9+cvUrqLfUC/RI+xJB5juwv6xVyVINbUX85zWHPOfUkKpPSRqO0\nA2XaRExNS1/2a+oNrf+l9K6nLiWL6F0QmKyRHnSBgmzU2LMkC2/307Y7MQmvcgBF\nnbGd51IHQHR1CpLfrKs22k968oBAopj5V49JWzCqcIyzkGRNLV67N71i8wcthZcS\nbBitQ8YaUlbb/UL+/+2d6qmt9O7OwAsDZ4BpBuAM0dFMf4ALSWQD/bxXNHlkVjBc\nUgZOB1Zt8aeHDrUE4oxK9DZZYRx2Q8VNBK/CXoAm5b1oWlvoMrkw6BgY5Yl7GUXc\nXJ9czGLW4Pd6dk7OZRECAwEAAaAAMA0GCSqGSIb3DQEBCwUAA4IBAQA/5NsfYgj1\nLMDunos1/1oqCAdCHiTLmpU9y83IXso9GgakBtarpkADdnd+z6TVvptkFciSME2B\nARvrf4JnCAiEBmMkyRwoDcn2f8i4mx1Lw3EU7VAzsCM6AgPfwXLl74ERirHCKkIe\nxaF1Qf7pef04YfVmnIO3NiJdM/XhLv0y2hD2qzACaiVQij0dmp/Ui36NaP/09Eq5\nrBD3bq9+pl2aQZvMJoEDlcnDj4FHIibAgjOc/Q4klOACQy9uWt3VbQkIhSmTxd81\nDa0Rbs/CPWbwU1Cl9uF6TDp+d4h86bO+5UmP8iYGpHRFUjCLU1WqqbovJ83rs1D9\nZMGGIzL0TQwe\n-----END CERTIFICATE REQUEST-----\n",
            "early_renewal_hours": 0,
            "id": "182058712359482226257917208858619945485",
            "is_ca_certificate": false,
            "ready_for_renewal": false,
            "set_subject_key_id": false,
            "validity_end_time": "2024-08-11T19:22:27.2738517-05:00",
            "validity_period_hours": 3600,
            "validity_start_time": "2024-03-14T19:22:27.2738517-05:00"
          },
          "sensitive_attributes": [
            [
              {
                "type": "get_attr",
                "value": "ca_private_key_pem"
              }
            ]
          ],
          "dependencies": [
            "tls_cert_request.client-req",
            "tls_private_key.ca-pvt",
            "tls_private_key.client-pvt",
            "tls_self_signed_cert.ca"
          ]
        }
      ]
    },
    {
      "mode": "managed",
      "type": "tls_locally_signed_cert",
      "name": "server",
      "provider": "provider[\"registry.terraform.io/hashicorp/tls\"]",
      "instances": [
        {
          "schema_version": 0,
          "attributes": {
            "allowed_uses": [
              "digital_signature",
              "key_encipherment",
              "cert_signing"
            ],
            "ca_cert_pem": "-----BEGIN CERTIFICATE-----\nMIIDPDCCAiSgAwIBAgIQaKxw2Tlu8JxBTFxzTDw5IzANBgkqhkiG9w0BAQsFADA4\nMRowGAYDVQQKExFJbmR1cyBWYWxsZXksIEluYzEaMBgGA1UEAxMRUGFyaXZlc2hp\ndGEuVGhvdGEwHhcNMjQwMzE0MjM0MDI2WhcNMjQwODExMjM0MDI2WjA4MRowGAYD\nVQQKExFJbmR1cyBWYWxsZXksIEluYzEaMBgGA1UEAxMRUGFyaXZlc2hpdGEuVGhv\ndGEwggEiMA0GCSqGSIb3DQEBAQUAA4IBDwAwggEKAoIBAQCzwYw5B30zWGQGktUL\noWTkuRfskKcGQdvu/S/domixYseb9wZ1uL74UYJN3ZK1G0Y89DKv4KAelNidwBwD\nXpAu/BfV54ta1qFBYsWjKwdgDvIY5TDS7+zVTprJkp7SGSrS7L76tKVa5FNfi5jV\nixjGbmJJKtZ3wdj7AK4JfIyho+SZ96EDPj272vZTheg7aklEgjCzS6qeMWxIeSzO\nyvWA8ZcchuW2k0updlDhQoz30ZtbFLjhBzW8D5wuckEfHrQg5SrxWZhETu0MMTGC\n+5BUCQsdZ55oyFdqYSs9v0RuwIBTKuZkz3FlCYrYb+7cYmwvImND/Z6L3PGfvJRg\nJhChAgMBAAGjQjBAMA4GA1UdDwEB/wQEAwICpDAPBgNVHRMBAf8EBTADAQH/MB0G\nA1UdDgQWBBRsIvlHcGvXtf245Ng57huxPUhFazANBgkqhkiG9w0BAQsFAAOCAQEA\nsbSiEpNZ4w+xdLaFrQs0qGS2snYrQRQyh+y1pF4OX1QN0nUokqzMGun7cyMLWfBW\nuLcr5jpXPU4XJ9U/a7EmNVbGR1w4xwWZuEw1ETof+fPmt0lt7uL2zfAdzCHGBFqQ\nsNaHqPPe0WyObqgV+DlycEjdq7h3q0ofcuFnjDJxXJo4ZmX5mn6axkshTXGKmYgq\nvxUFcfp7XoAJmlrUz2DeunEB//Y95qMSGYmE3rRcV3F9poTA8k3nys+WoUnKGjuR\nfTE+QlI6Ng4sg1N3h4f8OW48qBRxi3I0/dAh57FqPbOl/qhVa8D9TGbq9jBaV6DJ\nkprr+UcjFVw1iZ4QYQLSKA==\n-----END CERTIFICATE-----\n",
            "ca_key_algorithm": "RSA",
            "ca_private_key_pem": "-----BEGIN RSA PRIVATE KEY-----\nMIIEowIBAAKCAQEAs8GMOQd9M1hkBpLVC6Fk5LkX7JCnBkHb7v0v3aJosWLHm/cG\ndbi++FGCTd2StRtGPPQyr+CgHpTYncAcA16QLvwX1eeLWtahQWLFoysHYA7yGOUw\n0u/s1U6ayZKe0hkq0uy++rSlWuRTX4uY1YsYxm5iSSrWd8HY+wCuCXyMoaPkmfeh\nAz49u9r2U4XoO2pJRIIws0uqnjFsSHkszsr1gPGXHIbltpNLqXZQ4UKM99GbWxS4\n4Qc1vA+cLnJBHx60IOUq8VmYRE7tDDExgvuQVAkLHWeeaMhXamErPb9EbsCAUyrm\nZM9xZQmK2G/u3GJsLyJjQ/2ei9zxn7yUYCYQoQIDAQABAoIBAQCLFpn/jrHrxtsu\n0vKSW0GMUUQXwh3bE56wH6yn3AESMJKvNccD0/3AeqFOysG37PC+PV3zBOYgg5/R\nAFMssED0eg+fbdhAY47G3zx58tN0GlxtsvnCXe9tZbMTgaXuf5bJOnLT3m+MEtwI\nNCYAJe73q3XVk5X7eD0CixYfNQZEExZM719Njsvk+ww5f0Dj5hPrIV7wJ1Y1724N\ny9Pl3Ss9leIue4GJW4+gd8nUCWfb3Srsab1UNCJUVV3DFHcz4hDuAtXTZp8a3aUj\npHuu8eKRDqCl7mJ+3r4DUgg9zCslFqGnfAJuaWuX5N2zUzi1SuA+PrsIpOsqurBK\nNImqjNCBAoGBAMqW7md/xE8SuXnm+0pa5ls7PUA6wYPC+QZcyp840ahrA+uCNGbc\nrKhsGEbR+N9/A2HA/CcaEiccpd4gRNvStxrI4+EcWEebvwTfJkYz0YNYjaBee6i5\nILGwrHUOOZ6SowpP8c6DDCbYG9AEghuocCkAB+7nQxCu9YnrVk2DNCXpAoGBAOMl\njEcWvsYaiAgJk7Ojt/qXHtMATsBhFU1jxZCYn7VKBXWLKzWdsG8Zv9gFjvs9ZE6y\nJyPiwYgFru8iAYZAiOTBTc/DO5mwoCRtFmRw/XoAQHRDmzwqFJC5X1tjNGKuPLTQ\nIsKNm7PKhp1vg200RYLwRGEfB0obMNUti3adWAn5AoGAO9ovgQBsXPgpN+yX3TXR\nzK5JwEoblfPqYojTjArbViiXteJ33NPhZrjYy0OJhW4e76h2Vo8LQebi0icycMdm\nNVGYkY8wPaez3ZqX0jHI+kcVQIXpfsWC9Tw/Fy4ms8Saypcn1108H9XFEcXjMoym\n5lYOAfTtCWbHQAH5M1lJ9NECgYAVn7p1/g1VUKtIkJjWDizylzZhAfN9TwC3KFtj\ng5QYrx5L7V7EsOld+kaQKx9MfbCx6TXerbSc3WWk8EjS3gvqMxjUQZLH88+bCCOM\nllEbLzDzoIgDt0HT8UHJsm0HQ+0VjYbxnIeJGyurizUozUQczgDEei64eFQyxy4y\nsZHzCQKBgFLUAPO8wD960505cPEobNnFnWraVOB0VQygeRAPcu4SspcOCqUtfG2N\nj4QX5WWFZOXmRaJs1A61rMc7Ezc6wfyTPDlDBb9XwNGdF0bJlWFv0rFG00oxo8Yd\nCjePiq4dMSwRKwz95V080gNaUCJxHOTnGC0JD/PrBGaKOwU5p6D1\n-----END RSA PRIVATE KEY-----\n",
            "cert_pem": "-----BEGIN CERTIFICATE-----\nMIIDMjCCAhqgAwIBAgIQTFiE3JCb80cYbsiyD5BBmjANBgkqhkiG9w0BAQsFADA4\nMRowGAYDVQQKExFJbmR1cyBWYWxsZXksIEluYzEaMBgGA1UEAxMRUGFyaXZlc2hp\ndGEuVGhvdGEwHhcNMjQwMzE1MDAxMzAyWhcNMjQwODEyMDAxMzAyWjAvMRowGAYD\nVQQKExFJbmR1cyBWYWxsZXksIEluYzERMA8GA1UEAxMIUGFyaS5BV1MwggEiMA0G\nCSqGSIb3DQEBAQUAA4IBDwAwggEKAoIBAQCd9D4Bbl7tPr3iAoOw0PtzxLCqQB1X\nps+ed8oFRPCGVRW8BE3BzNlUwynEpfgMp/OVxMqV+pAoc0j7MteWZO9MdzRrqSH4\nq3RKZ0a3JIYeRTjiF6MsE1g2iGe+juYLPbCh6id5VRNXn/X2KiL5LJpBGhTW//A9\nC6RAng3yTe8Hv2SFvJ+bYdORo4/KqEB0HxFLxWBEBKr92Md0O90/9itnVl3ZMkGX\nmPhAW/iuPgli9+lfa3ExBKswV1CiBhA0I4GfSuX2o3NDnxvyDbscrBvoeEX0OyEA\nktpyJ6L9lGa7SdK/IjJUluXcOY5xFOoxpwES7K84mL/XecnBJ382I/d1AgMBAAGj\nQTA/MA4GA1UdDwEB/wQEAwICpDAMBgNVHRMBAf8EAjAAMB8GA1UdIwQYMBaAFGwi\n+Udwa9e1/bjk2DnuG7E9SEVrMA0GCSqGSIb3DQEBCwUAA4IBAQCj7VDmz2LIj7Cw\nPFrkbH4WNJ88HzCqN04gpyhKOglMrDRbBhY7yNVENskOFcb9mROwyMcGgF0FlImR\nF38Y5mkqHpqtM26RiFMOftY22eszVaIT14GFNoigKAj32CarIEUvcuNqqCC/eYpd\nqE8oHVeT0atfFZchUpR4djO3K6Tni8rpPrCka75FciKoVN/iNhouXHFgimK9dJDP\nij/3Va/evn1ZUGVvftJhxdvvny/rAiqKDcbFiOkxS0tTNI2AaDNhVsZqI3FfL5oW\nqLNhzP3x14yE/oLyiJE5UtWE5SHDAqv3+7Ms7uJ1nn9YxpbtGzElbktfvcoHclUX\nxcP+UEke\n-----END CERTIFICATE-----\n",
            "cert_request_pem": "-----BEGIN CERTIFICATE REQUEST-----\nMIICdDCCAVwCAQAwLzEaMBgGA1UEChMRSW5kdXMgVmFsbGV5LCBJbmMxETAPBgNV\nBAMTCFBhcmkuQVdTMIIBIjANBgkqhkiG9w0BAQEFAAOCAQ8AMIIBCgKCAQEAnfQ+\nAW5e7T694gKDsND7c8SwqkAdV6bPnnfKBUTwhlUVvARNwczZVMMpxKX4DKfzlcTK\nlfqQKHNI+zLXlmTvTHc0a6kh+Kt0SmdGtySGHkU44hejLBNYNohnvo7mCz2woeon\neVUTV5/19ioi+SyaQRoU1v/wPQukQJ4N8k3vB79khbyfm2HTkaOPyqhAdB8RS8Vg\nRASq/djHdDvdP/YrZ1Zd2TJBl5j4QFv4rj4JYvfpX2txMQSrMFdQogYQNCOBn0rl\n9qNzQ58b8g27HKwb6HhF9DshAJLaciei/ZRmu0nSvyIyVJbl3DmOcRTqMacBEuyv\nOJi/13nJwSd/NiP3dQIDAQABoAAwDQYJKoZIhvcNAQELBQADggEBAGsI7Gf+r4E+\nL6QtaeCvK7t39TtIWJGq8k5Kw/dBrw32JWyiGD1rrfuXMXXa+1bvlQXSKuvOvPwt\nKsEFtqm1sJwVJyqd8Y49QYZhcgY2vIQHUie13wl9QHzpm2twKnRXnY5buID/dgHW\naOwLvmHvnsJXF1COu2aaWeXpCqRG7jISSUw72DpTgQytixzupUhnmRbXMajosX/P\nMQGMibFmoegTVTV5R9l1EWHgEEP6keJTOixsmnQdmELSOOas7IC+Ir9p94z0Wspm\nRYegf9ko/63ZR9KuVeW0MzIY/7rKr1Va09bcGsxQr2vHHCTasDJI4WNUwpGeazku\nnQLiHbi+zu0=\n-----END CERTIFICATE REQUEST-----\n",
            "early_renewal_hours": 0,
            "id": "101480944556222480093498941022168695194",
            "is_ca_certificate": false,
            "ready_for_renewal": false,
            "set_subject_key_id": false,
            "validity_end_time": "2024-08-11T19:13:02.6148998-05:00",
            "validity_period_hours": 3600,
            "validity_start_time": "2024-03-14T19:13:02.6148998-05:00"
          },
          "sensitive_attributes": [
            [
              {
                "type": "get_attr",
                "value": "ca_private_key_pem"
              }
            ]
          ],
          "dependencies": [
            "tls_cert_request.server-req",
            "tls_private_key.ca-pvt",
            "tls_private_key.server-pvt",
            "tls_self_signed_cert.ca"
          ]
        }
      ]
    },
    {
      "mode": "managed",
      "type": "tls_private_key",
      "name": "ca-pvt",
      "provider": "provider[\"registry.terraform.io/hashicorp/tls\"]",
      "instances": [
        {
          "schema_version": 1,
          "attributes": {
            "algorithm": "RSA",
            "ecdsa_curve": "P224",
            "id": "456a1e1e1d55d0065e9d018dee16ab74ab294adf",
            "private_key_openssh": "-----BEGIN OPENSSH PRIVATE KEY-----\nb3BlbnNzaC1rZXktdjEAAAAABG5vbmUAAAAEbm9uZQAAAAAAAAABAAABFwAAAAdz\nc2gtcnNhAAAAAwEAAQAAAQEAs8GMOQd9M1hkBpLVC6Fk5LkX7JCnBkHb7v0v3aJo\nsWLHm/cGdbi++FGCTd2StRtGPPQyr+CgHpTYncAcA16QLvwX1eeLWtahQWLFoysH\nYA7yGOUw0u/s1U6ayZKe0hkq0uy++rSlWuRTX4uY1YsYxm5iSSrWd8HY+wCuCXyM\noaPkmfehAz49u9r2U4XoO2pJRIIws0uqnjFsSHkszsr1gPGXHIbltpNLqXZQ4UKM\n99GbWxS44Qc1vA+cLnJBHx60IOUq8VmYRE7tDDExgvuQVAkLHWeeaMhXamErPb9E\nbsCAUyrmZM9xZQmK2G/u3GJsLyJjQ/2ei9zxn7yUYCYQoQAAA7iggm3FoIJtxQAA\nAAdzc2gtcnNhAAABAQCzwYw5B30zWGQGktULoWTkuRfskKcGQdvu/S/domixYseb\n9wZ1uL74UYJN3ZK1G0Y89DKv4KAelNidwBwDXpAu/BfV54ta1qFBYsWjKwdgDvIY\n5TDS7+zVTprJkp7SGSrS7L76tKVa5FNfi5jVixjGbmJJKtZ3wdj7AK4JfIyho+SZ\n96EDPj272vZTheg7aklEgjCzS6qeMWxIeSzOyvWA8ZcchuW2k0updlDhQoz30Ztb\nFLjhBzW8D5wuckEfHrQg5SrxWZhETu0MMTGC+5BUCQsdZ55oyFdqYSs9v0RuwIBT\nKuZkz3FlCYrYb+7cYmwvImND/Z6L3PGfvJRgJhChAAAAAwEAAQAAAQEAixaZ/46x\n68bbLtLykltBjFFEF8Id2xOesB+sp9wBEjCSrzXHA9P9wHqhTsrBt+zwvj1d8wTm\nIIOf0QBTLLBA9HoPn23YQGOOxt88efLTdBpcbbL5wl3vbWWzE4Gl7n+WyTpy095v\njBLcCDQmACXu96t11ZOV+3g9AosWHzUGRBMWTO9fTY7L5PsMOX9A4+YT6yFe8CdW\nNe9uDcvT5d0rPZXiLnuBiVuPoHfJ1Aln290q7Gm9VDQiVFVdwxR3M+IQ7gLV02af\nGt2lI6R7rvHikQ6gpe5ift6+A1IIPcwrJRahp3wCbmlrl+Tds1M4tUrgPj67CKTr\nKrqwSjSJqozQgQAAAIBS1ADzvMA/etOdOXDxKGzZxZ1q2lTgdFUMoHkQD3LuErKX\nDgqlLXxtjY+EF+VlhWTl5kWibNQOtazHOxM3OsH8kzw5QwW/V8DRnRdGyZVhb9Kx\nRtNKMaPGHQo3j4quHTEsESsM/eVdPNIDWlAicRzk5xgtCQ/z6wRmijsFOaeg9QAA\nAIEAypbuZ3/ETxK5eeb7SlrmWzs9QDrBg8L5BlzKnzjRqGsD64I0ZtysqGwYRtH4\n338DYcD8JxoSJxyl3iBE29K3Gsjj4RxYR5u/BN8mRjPRg1iNoF57qLkgsbCsdQ45\nnpKjCk/xzoMMJtgb0ASCG6hwKQAH7udDEK71ietWTYM0JekAAACBAOMljEcWvsYa\niAgJk7Ojt/qXHtMATsBhFU1jxZCYn7VKBXWLKzWdsG8Zv9gFjvs9ZE6yJyPiwYgF\nru8iAYZAiOTBTc/DO5mwoCRtFmRw/XoAQHRDmzwqFJC5X1tjNGKuPLTQIsKNm7PK\nhp1vg200RYLwRGEfB0obMNUti3adWAn5AAAAAAEC\n-----END OPENSSH PRIVATE KEY-----\n",
            "private_key_pem": "-----BEGIN RSA PRIVATE KEY-----\nMIIEowIBAAKCAQEAs8GMOQd9M1hkBpLVC6Fk5LkX7JCnBkHb7v0v3aJosWLHm/cG\ndbi++FGCTd2StRtGPPQyr+CgHpTYncAcA16QLvwX1eeLWtahQWLFoysHYA7yGOUw\n0u/s1U6ayZKe0hkq0uy++rSlWuRTX4uY1YsYxm5iSSrWd8HY+wCuCXyMoaPkmfeh\nAz49u9r2U4XoO2pJRIIws0uqnjFsSHkszsr1gPGXHIbltpNLqXZQ4UKM99GbWxS4\n4Qc1vA+cLnJBHx60IOUq8VmYRE7tDDExgvuQVAkLHWeeaMhXamErPb9EbsCAUyrm\nZM9xZQmK2G/u3GJsLyJjQ/2ei9zxn7yUYCYQoQIDAQABAoIBAQCLFpn/jrHrxtsu\n0vKSW0GMUUQXwh3bE56wH6yn3AESMJKvNccD0/3AeqFOysG37PC+PV3zBOYgg5/R\nAFMssED0eg+fbdhAY47G3zx58tN0GlxtsvnCXe9tZbMTgaXuf5bJOnLT3m+MEtwI\nNCYAJe73q3XVk5X7eD0CixYfNQZEExZM719Njsvk+ww5f0Dj5hPrIV7wJ1Y1724N\ny9Pl3Ss9leIue4GJW4+gd8nUCWfb3Srsab1UNCJUVV3DFHcz4hDuAtXTZp8a3aUj\npHuu8eKRDqCl7mJ+3r4DUgg9zCslFqGnfAJuaWuX5N2zUzi1SuA+PrsIpOsqurBK\nNImqjNCBAoGBAMqW7md/xE8SuXnm+0pa5ls7PUA6wYPC+QZcyp840ahrA+uCNGbc\nrKhsGEbR+N9/A2HA/CcaEiccpd4gRNvStxrI4+EcWEebvwTfJkYz0YNYjaBee6i5\nILGwrHUOOZ6SowpP8c6DDCbYG9AEghuocCkAB+7nQxCu9YnrVk2DNCXpAoGBAOMl\njEcWvsYaiAgJk7Ojt/qXHtMATsBhFU1jxZCYn7VKBXWLKzWdsG8Zv9gFjvs9ZE6y\nJyPiwYgFru8iAYZAiOTBTc/DO5mwoCRtFmRw/XoAQHRDmzwqFJC5X1tjNGKuPLTQ\nIsKNm7PKhp1vg200RYLwRGEfB0obMNUti3adWAn5AoGAO9ovgQBsXPgpN+yX3TXR\nzK5JwEoblfPqYojTjArbViiXteJ33NPhZrjYy0OJhW4e76h2Vo8LQebi0icycMdm\nNVGYkY8wPaez3ZqX0jHI+kcVQIXpfsWC9Tw/Fy4ms8Saypcn1108H9XFEcXjMoym\n5lYOAfTtCWbHQAH5M1lJ9NECgYAVn7p1/g1VUKtIkJjWDizylzZhAfN9TwC3KFtj\ng5QYrx5L7V7EsOld+kaQKx9MfbCx6TXerbSc3WWk8EjS3gvqMxjUQZLH88+bCCOM\nllEbLzDzoIgDt0HT8UHJsm0HQ+0VjYbxnIeJGyurizUozUQczgDEei64eFQyxy4y\nsZHzCQKBgFLUAPO8wD960505cPEobNnFnWraVOB0VQygeRAPcu4SspcOCqUtfG2N\nj4QX5WWFZOXmRaJs1A61rMc7Ezc6wfyTPDlDBb9XwNGdF0bJlWFv0rFG00oxo8Yd\nCjePiq4dMSwRKwz95V080gNaUCJxHOTnGC0JD/PrBGaKOwU5p6D1\n-----END RSA PRIVATE KEY-----\n",
            "private_key_pem_pkcs8": "-----BEGIN PRIVATE KEY-----\nMIIEvQIBADANBgkqhkiG9w0BAQEFAASCBKcwggSjAgEAAoIBAQCzwYw5B30zWGQG\nktULoWTkuRfskKcGQdvu/S/domixYseb9wZ1uL74UYJN3ZK1G0Y89DKv4KAelNid\nwBwDXpAu/BfV54ta1qFBYsWjKwdgDvIY5TDS7+zVTprJkp7SGSrS7L76tKVa5FNf\ni5jVixjGbmJJKtZ3wdj7AK4JfIyho+SZ96EDPj272vZTheg7aklEgjCzS6qeMWxI\neSzOyvWA8ZcchuW2k0updlDhQoz30ZtbFLjhBzW8D5wuckEfHrQg5SrxWZhETu0M\nMTGC+5BUCQsdZ55oyFdqYSs9v0RuwIBTKuZkz3FlCYrYb+7cYmwvImND/Z6L3PGf\nvJRgJhChAgMBAAECggEBAIsWmf+OsevG2y7S8pJbQYxRRBfCHdsTnrAfrKfcARIw\nkq81xwPT/cB6oU7Kwbfs8L49XfME5iCDn9EAUyywQPR6D59t2EBjjsbfPHny03Qa\nXG2y+cJd721lsxOBpe5/lsk6ctPeb4wS3Ag0JgAl7verddWTlft4PQKLFh81BkQT\nFkzvX02Oy+T7DDl/QOPmE+shXvAnVjXvbg3L0+XdKz2V4i57gYlbj6B3ydQJZ9vd\nKuxpvVQ0IlRVXcMUdzPiEO4C1dNmnxrdpSOke67x4pEOoKXuYn7evgNSCD3MKyUW\noad8Am5pa5fk3bNTOLVK4D4+uwik6yq6sEo0iaqM0IECgYEAypbuZ3/ETxK5eeb7\nSlrmWzs9QDrBg8L5BlzKnzjRqGsD64I0ZtysqGwYRtH4338DYcD8JxoSJxyl3iBE\n29K3Gsjj4RxYR5u/BN8mRjPRg1iNoF57qLkgsbCsdQ45npKjCk/xzoMMJtgb0ASC\nG6hwKQAH7udDEK71ietWTYM0JekCgYEA4yWMRxa+xhqICAmTs6O3+pce0wBOwGEV\nTWPFkJiftUoFdYsrNZ2wbxm/2AWO+z1kTrInI+LBiAWu7yIBhkCI5MFNz8M7mbCg\nJG0WZHD9egBAdEObPCoUkLlfW2M0Yq48tNAiwo2bs8qGnW+DbTRFgvBEYR8HShsw\n1S2Ldp1YCfkCgYA72i+BAGxc+Ck37JfdNdHMrknAShuV8+piiNOMCttWKJe14nfc\n0+FmuNjLQ4mFbh7vqHZWjwtB5uLSJzJwx2Y1UZiRjzA9p7PdmpfSMcj6RxVAhel+\nxYL1PD8XLiazxJrKlyfXXTwf1cURxeMyjKbmVg4B9O0JZsdAAfkzWUn00QKBgBWf\nunX+DVVQq0iQmNYOLPKXNmEB831PALcoW2ODlBivHkvtXsSw6V36RpArH0x9sLHp\nNd6ttJzdZaTwSNLeC+ozGNRBksfzz5sII4yWURsvMPOgiAO3QdPxQcmybQdD7RWN\nhvGch4kbK6uLNSjNRBzOAMR6Lrh4VDLHLjKxkfMJAoGAUtQA87zAP3rTnTlw8Shs\n2cWdatpU4HRVDKB5EA9y7hKylw4KpS18bY2PhBflZYVk5eZFomzUDrWsxzsTNzrB\n/JM8OUMFv1fA0Z0XRsmVYW/SsUbTSjGjxh0KN4+Krh0xLBErDP3lXTzSA1pQInEc\n5OcYLQkP8+sEZoo7BTmnoPU=\n-----END PRIVATE KEY-----\n",
            "public_key_fingerprint_md5": "af:1a:63:54:c2:05:65:7c:d6:c5:b3:e4:a9:0a:fd:18",
            "public_key_fingerprint_sha256": "SHA256:syMgO4syVSBp3QlHyfDBNhCLU8/qvQpMU1ox/RjIpXs",
            "public_key_openssh": "ssh-rsa AAAAB3NzaC1yc2EAAAADAQABAAABAQCzwYw5B30zWGQGktULoWTkuRfskKcGQdvu/S/domixYseb9wZ1uL74UYJN3ZK1G0Y89DKv4KAelNidwBwDXpAu/BfV54ta1qFBYsWjKwdgDvIY5TDS7+zVTprJkp7SGSrS7L76tKVa5FNfi5jVixjGbmJJKtZ3wdj7AK4JfIyho+SZ96EDPj272vZTheg7aklEgjCzS6qeMWxIeSzOyvWA8ZcchuW2k0updlDhQoz30ZtbFLjhBzW8D5wuckEfHrQg5SrxWZhETu0MMTGC+5BUCQsdZ55oyFdqYSs9v0RuwIBTKuZkz3FlCYrYb+7cYmwvImND/Z6L3PGfvJRgJhCh\n",
            "public_key_pem": "-----BEGIN PUBLIC KEY-----\nMIIBIjANBgkqhkiG9w0BAQEFAAOCAQ8AMIIBCgKCAQEAs8GMOQd9M1hkBpLVC6Fk\n5LkX7JCnBkHb7v0v3aJosWLHm/cGdbi++FGCTd2StRtGPPQyr+CgHpTYncAcA16Q\nLvwX1eeLWtahQWLFoysHYA7yGOUw0u/s1U6ayZKe0hkq0uy++rSlWuRTX4uY1YsY\nxm5iSSrWd8HY+wCuCXyMoaPkmfehAz49u9r2U4XoO2pJRIIws0uqnjFsSHkszsr1\ngPGXHIbltpNLqXZQ4UKM99GbWxS44Qc1vA+cLnJBHx60IOUq8VmYRE7tDDExgvuQ\nVAkLHWeeaMhXamErPb9EbsCAUyrmZM9xZQmK2G/u3GJsLyJjQ/2ei9zxn7yUYCYQ\noQIDAQAB\n-----END PUBLIC KEY-----\n",
            "rsa_bits": 2048
          },
          "sensitive_attributes": []
        }
      ]
    },
    {
      "mode": "managed",
      "type": "tls_private_key",
      "name": "client-pvt",
      "provider": "provider[\"registry.terraform.io/hashicorp/tls\"]",
      "instances": [
        {
          "schema_version": 1,
          "attributes": {
            "algorithm": "RSA",
            "ecdsa_curve": "P224",
            "id": "9487b7c76168bcadeabd6d675cf3c545fe6be7d1",
            "private_key_openssh": "-----BEGIN OPENSSH PRIVATE KEY-----\nb3BlbnNzaC1rZXktdjEAAAAABG5vbmUAAAAEbm9uZQAAAAAAAAABAAABFwAAAAdz\nc2gtcnNhAAAAAwEAAQAAAQEAqHZTSaAgeiAF7hOX35y9Suot9QL9Ej7EkHmO7C/r\nFXJUg1tRfznNYc859SQqk9JGo7QDZdpETE1LX/Zr6g2t/6X0rqcuJYvoXRCYrJEe\ndIGCbNTYsyQLb/fTtjsxCa9yAEWdsZ3nUgdAdHUKkt+sqzbaT3rygECimPlXj0lb\nMKpwjLOQZE0tXrs3vWLzBy2FlxJsGK1DxhpSVtv9Qv7/7Z3qqa307s7ACwNngGkG\n4AzR0Ux/gAtJZAP9vFc0eWRWMFxSBk4HVm3xp4cOtQTijEr0NllhHHZDxU0Er8Je\ngCblvWhaW+gyuTDoGBjliXsZRdxcn1zMYtbg93p2Ts5lEQAAA7gXl0XiF5dF4gAA\nAAdzc2gtcnNhAAABAQCodlNJoCB6IAXuE5ffnL1K6i31Av0SPsSQeY7sL+sVclSD\nW1F/Oc1hzzn1JCqT0kajtANl2kRMTUtf9mvqDa3/pfSupy4li+hdEJiskR50gYJs\n1NizJAtv99O2OzEJr3IARZ2xnedSB0B0dQqS36yrNtpPevKAQKKY+VePSVswqnCM\ns5BkTS1euze9YvMHLYWXEmwYrUPGGlJW2/1C/v/tneqprfTuzsALA2eAaQbgDNHR\nTH+AC0lkA/28VzR5ZFYwXFIGTgdWbfGnhw61BOKMSvQ2WWEcdkPFTQSvwl6AJuW9\naFpb6DK5MOgYGOWJexlF3FyfXMxi1uD3enZOzmURAAAAAwEAAQAAAQB+HwAh6fEG\nnXzzDdYxQl5xfLtlaJRhGX7+DxPSfdmJV+wv36k3D+ZUqNliT25U9yONodK9aVii\nq2eX85w9QXqYH/382ArzbzhKnIdBAvCDFwa3Re7qxzyM2kS1dME02BYIYBY8iNRL\nFETMK2f8J9tU3583y/tLy5gv4NUN4ESWPH1NAs4eoWS3RnMNFM/mwZwjyPByVUQP\n4TQ3Vf4rU6dJXrWQizm8xqDtKWd542AscsqV+Pjbyco+4sySXlhOqqXF10SUp4V7\n17hcp5WMBNFw61vPd5zhV8nwIpEfoY/wNPh30RV7HxiPOzkp59udpRsEpzDHYrj0\nn7+vfoNOqefFAAAAgDs+9+guwwZzOisvrHpRSVcqcRVNF9L2iXw6Y/BlART4WF1M\nn8Sk0wjxcbZ5GcNvDUkqkKkY1vek3TE4QH2huDdL0R4GXHfYQ37MIcz+jvZJgowr\nTYB0jz5HHq8T07T0emIRpUgQP9BuOOKtAO7l1h4hW9oaBZ3VyohARcGXuLHHAAAA\ngQDQBGOoZRSleKHSTLSOX9Ap2n6TOHGCQWnsBjqTUNiPHykuMZcRlLzB5LnXN+/y\n6lTyMXnAxsf/UeqfXDIk05hHasr1NR1khG8dYYrY6HXKBw4IHQFQcuhqYKGsQbpu\nQ7v0EHwO5ELwEUvbFUpOjFgOYCuRFhXZidnDnc+k3es0XwAAAIEAz1It5xTkVUjw\noTMNUQW2GBVlUibSysNZxZnA745EFWuupsyZdiSVRLKIrAdSa7G1GlK8Z34OQ1TP\niaTcTx005FsHszXGE69RgsyRQ7y8xfAq+akN8/NFBq/2H0020g23PK3b+63iZskp\nv5zlt3CBBe5tz0Yz4xa4Ja/Jk6SmXI8AAAAAAQID\n-----END OPENSSH PRIVATE KEY-----\n",
            "private_key_pem": "-----BEGIN RSA PRIVATE KEY-----\nMIIEogIBAAKCAQEAqHZTSaAgeiAF7hOX35y9Suot9QL9Ej7EkHmO7C/rFXJUg1tR\nfznNYc859SQqk9JGo7QDZdpETE1LX/Zr6g2t/6X0rqcuJYvoXRCYrJEedIGCbNTY\nsyQLb/fTtjsxCa9yAEWdsZ3nUgdAdHUKkt+sqzbaT3rygECimPlXj0lbMKpwjLOQ\nZE0tXrs3vWLzBy2FlxJsGK1DxhpSVtv9Qv7/7Z3qqa307s7ACwNngGkG4AzR0Ux/\ngAtJZAP9vFc0eWRWMFxSBk4HVm3xp4cOtQTijEr0NllhHHZDxU0Er8JegCblvWha\nW+gyuTDoGBjliXsZRdxcn1zMYtbg93p2Ts5lEQIDAQABAoIBAH4fACHp8QadfPMN\n1jFCXnF8u2VolGEZfv4PE9J92YlX7C/fqTcP5lSo2WJPblT3I42h0r1pWKKrZ5fz\nnD1Bepgf/fzYCvNvOEqch0EC8IMXBrdF7urHPIzaRLV0wTTYFghgFjyI1EsURMwr\nZ/wn21TfnzfL+0vLmC/g1Q3gRJY8fU0Czh6hZLdGcw0Uz+bBnCPI8HJVRA/hNDdV\n/itTp0letZCLObzGoO0pZ3njYCxyypX4+NvJyj7izJJeWE6qpcXXRJSnhXvXuFyn\nlYwE0XDrW893nOFXyfAikR+hj/A0+HfRFXsfGI87OSnn252lGwSnMMdiuPSfv69+\ng06p58UCgYEA0ARjqGUUpXih0ky0jl/QKdp+kzhxgkFp7AY6k1DYjx8pLjGXEZS8\nweS51zfv8upU8jF5wMbH/1Hqn1wyJNOYR2rK9TUdZIRvHWGK2Oh1ygcOCB0BUHLo\namChrEG6bkO79BB8DuRC8BFL2xVKToxYDmArkRYV2YnZw53PpN3rNF8CgYEAz1It\n5xTkVUjwoTMNUQW2GBVlUibSysNZxZnA745EFWuupsyZdiSVRLKIrAdSa7G1GlK8\nZ34OQ1TPiaTcTx005FsHszXGE69RgsyRQ7y8xfAq+akN8/NFBq/2H0020g23PK3b\n+63iZskpv5zlt3CBBe5tz0Yz4xa4Ja/Jk6SmXI8CgYBc7skTL22E65roGErGHLok\nKLBJ13qmpdDLmJDMxd6qOlKsh40lVpzpxuTb6OqzTMt8lGv/mw842wEGByuD1mB+\n75AS8pLaGGyH5M8iTuBozLQRHdw7c8qv09IG4iqHHo224TJ7eLELDb8k9qMG6p5g\ndcig/gvu7y4xvaxJzLdK4wKBgCOh/EG7VYNTBgiuvZsvYBzDkKaOBazT5poP0xlZ\nWlpUJ7CDedzUbNNh3Bu1JnVcFcRwc/FVuR3ZddIyg6sVWgHlo20p0OGRQHE6t7zs\ns4VRwhEm/T7wkOyVUbgPjVyM/vFu8GBRgpgn+wTz8oeUzpg2Yqk9Z62gOgZAMGUv\n52gBAoGAOz736C7DBnM6Ky+selFJVypxFU0X0vaJfDpj8GUBFPhYXUyfxKTTCPFx\ntnkZw28NSSqQqRjW96TdMThAfaG4N0vRHgZcd9hDfswhzP6O9kmCjCtNgHSPPkce\nrxPTtPR6YhGlSBA/0G444q0A7uXWHiFb2hoFndXKiEBFwZe4scc=\n-----END RSA PRIVATE KEY-----\n",
            "private_key_pem_pkcs8": "-----BEGIN PRIVATE KEY-----\nMIIEvAIBADANBgkqhkiG9w0BAQEFAASCBKYwggSiAgEAAoIBAQCodlNJoCB6IAXu\nE5ffnL1K6i31Av0SPsSQeY7sL+sVclSDW1F/Oc1hzzn1JCqT0kajtANl2kRMTUtf\n9mvqDa3/pfSupy4li+hdEJiskR50gYJs1NizJAtv99O2OzEJr3IARZ2xnedSB0B0\ndQqS36yrNtpPevKAQKKY+VePSVswqnCMs5BkTS1euze9YvMHLYWXEmwYrUPGGlJW\n2/1C/v/tneqprfTuzsALA2eAaQbgDNHRTH+AC0lkA/28VzR5ZFYwXFIGTgdWbfGn\nhw61BOKMSvQ2WWEcdkPFTQSvwl6AJuW9aFpb6DK5MOgYGOWJexlF3FyfXMxi1uD3\nenZOzmURAgMBAAECggEAfh8AIenxBp188w3WMUJecXy7ZWiUYRl+/g8T0n3ZiVfs\nL9+pNw/mVKjZYk9uVPcjjaHSvWlYoqtnl/OcPUF6mB/9/NgK8284SpyHQQLwgxcG\nt0Xu6sc8jNpEtXTBNNgWCGAWPIjUSxREzCtn/CfbVN+fN8v7S8uYL+DVDeBEljx9\nTQLOHqFkt0ZzDRTP5sGcI8jwclVED+E0N1X+K1OnSV61kIs5vMag7SlneeNgLHLK\nlfj428nKPuLMkl5YTqqlxddElKeFe9e4XKeVjATRcOtbz3ec4VfJ8CKRH6GP8DT4\nd9EVex8Yjzs5KefbnaUbBKcwx2K49J+/r36DTqnnxQKBgQDQBGOoZRSleKHSTLSO\nX9Ap2n6TOHGCQWnsBjqTUNiPHykuMZcRlLzB5LnXN+/y6lTyMXnAxsf/UeqfXDIk\n05hHasr1NR1khG8dYYrY6HXKBw4IHQFQcuhqYKGsQbpuQ7v0EHwO5ELwEUvbFUpO\njFgOYCuRFhXZidnDnc+k3es0XwKBgQDPUi3nFORVSPChMw1RBbYYFWVSJtLKw1nF\nmcDvjkQVa66mzJl2JJVEsoisB1JrsbUaUrxnfg5DVM+JpNxPHTTkWwezNcYTr1GC\nzJFDvLzF8Cr5qQ3z80UGr/YfTTbSDbc8rdv7reJmySm/nOW3cIEF7m3PRjPjFrgl\nr8mTpKZcjwKBgFzuyRMvbYTrmugYSsYcuiQosEnXeqal0MuYkMzF3qo6UqyHjSVW\nnOnG5Nvo6rNMy3yUa/+bDzjbAQYHK4PWYH7vkBLyktoYbIfkzyJO4GjMtBEd3Dtz\nyq/T0gbiKocejbbhMnt4sQsNvyT2owbqnmB1yKD+C+7vLjG9rEnMt0rjAoGAI6H8\nQbtVg1MGCK69my9gHMOQpo4FrNPmmg/TGVlaWlQnsIN53NRs02HcG7UmdVwVxHBz\n8VW5Hdl10jKDqxVaAeWjbSnQ4ZFAcTq3vOyzhVHCESb9PvCQ7JVRuA+NXIz+8W7w\nYFGCmCf7BPPyh5TOmDZiqT1nraA6BkAwZS/naAECgYA7PvfoLsMGczorL6x6UUlX\nKnEVTRfS9ol8OmPwZQEU+FhdTJ/EpNMI8XG2eRnDbw1JKpCpGNb3pN0xOEB9obg3\nS9EeBlx32EN+zCHM/o72SYKMK02AdI8+Rx6vE9O09HpiEaVIED/QbjjirQDu5dYe\nIVvaGgWd1cqIQEXBl7ixxw==\n-----END PRIVATE KEY-----\n",
            "public_key_fingerprint_md5": "aa:91:53:0b:24:f8:08:74:0b:36:3b:82:b9:31:87:1b",
            "public_key_fingerprint_sha256": "SHA256:7uyXzaTtiF5qfA+a5az5yAAKFS4sPiSx4Wh9f4GEeY8",
            "public_key_openssh": "ssh-rsa AAAAB3NzaC1yc2EAAAADAQABAAABAQCodlNJoCB6IAXuE5ffnL1K6i31Av0SPsSQeY7sL+sVclSDW1F/Oc1hzzn1JCqT0kajtANl2kRMTUtf9mvqDa3/pfSupy4li+hdEJiskR50gYJs1NizJAtv99O2OzEJr3IARZ2xnedSB0B0dQqS36yrNtpPevKAQKKY+VePSVswqnCMs5BkTS1euze9YvMHLYWXEmwYrUPGGlJW2/1C/v/tneqprfTuzsALA2eAaQbgDNHRTH+AC0lkA/28VzR5ZFYwXFIGTgdWbfGnhw61BOKMSvQ2WWEcdkPFTQSvwl6AJuW9aFpb6DK5MOgYGOWJexlF3FyfXMxi1uD3enZOzmUR\n",
            "public_key_pem": "-----BEGIN PUBLIC KEY-----\nMIIBIjANBgkqhkiG9w0BAQEFAAOCAQ8AMIIBCgKCAQEAqHZTSaAgeiAF7hOX35y9\nSuot9QL9Ej7EkHmO7C/rFXJUg1tRfznNYc859SQqk9JGo7QDZdpETE1LX/Zr6g2t\n/6X0rqcuJYvoXRCYrJEedIGCbNTYsyQLb/fTtjsxCa9yAEWdsZ3nUgdAdHUKkt+s\nqzbaT3rygECimPlXj0lbMKpwjLOQZE0tXrs3vWLzBy2FlxJsGK1DxhpSVtv9Qv7/\n7Z3qqa307s7ACwNngGkG4AzR0Ux/gAtJZAP9vFc0eWRWMFxSBk4HVm3xp4cOtQTi\njEr0NllhHHZDxU0Er8JegCblvWhaW+gyuTDoGBjliXsZRdxcn1zMYtbg93p2Ts5l\nEQIDAQAB\n-----END PUBLIC KEY-----\n",
            "rsa_bits": 2048
          },
          "sensitive_attributes": []
        }
      ]
    },
    {
      "mode": "managed",
      "type": "tls_private_key",
      "name": "private_key",
      "provider": "provider[\"registry.terraform.io/hashicorp/tls\"]",
      "instances": [
        {
          "schema_version": 1,
          "attributes": {
            "algorithm": "RSA",
            "ecdsa_curve": "P224",
            "id": "220385537b20a16b5908fd36a324e95de212f2bd",
            "private_key_openssh": "-----BEGIN OPENSSH PRIVATE KEY-----\nb3BlbnNzaC1rZXktdjEAAAAABG5vbmUAAAAEbm9uZQAAAAAAAAABAAABFwAAAAdz\nc2gtcnNhAAAAAwEAAQAAAQEAwXYdp9sCWARDiFft5iWr9Dl2HlMA6A/FldtD+o9n\nNp1OJXtCdKFOpd7LC8OiQyuZuJxO1scmhrVLhXSsK/a9fOE/yjF3m0XVA5vy9mqL\nBtwjMXUsNqw8ObHSetAE0Lj2oEu8kgNjJlAaeZSN0ekPPelJhXgwIRLlAA4t7Dxj\nqoJCYRLH/WkpOA8bJnWNEajCXgQGL6LpZMdyiKneowGYZihwgjRxB98+yQJX1n+J\nbGh8yjV/wqXnBoE/OXWJYcpJBOwqYqnZKBjhLRc2rc4FXZPNsj4nu9gNJb2uuTO5\nblRjL/xKdcP88f9B2ExzamU3TqE5oTA9AsJAHTV2pdwtuQAAA7gyTjBHMk4wRwAA\nAAdzc2gtcnNhAAABAQDBdh2n2wJYBEOIV+3mJav0OXYeUwDoD8WV20P6j2c2nU4l\ne0J0oU6l3ssLw6JDK5m4nE7WxyaGtUuFdKwr9r184T/KMXebRdUDm/L2aosG3CMx\ndSw2rDw5sdJ60ATQuPagS7ySA2MmUBp5lI3R6Q896UmFeDAhEuUADi3sPGOqgkJh\nEsf9aSk4DxsmdY0RqMJeBAYvoulkx3KIqd6jAZhmKHCCNHEH3z7JAlfWf4lsaHzK\nNX/CpecGgT85dYlhykkE7CpiqdkoGOEtFzatzgVdk82yPie72A0lva65M7luVGMv\n/Ep1w/zx/0HYTHNqZTdOoTmhMD0CwkAdNXal3C25AAAAAwEAAQAAAQEAlo7Qt4A2\ny77Nu78KcrDgqJlLdoAMVY1orJ5OwiF2Jse3OG47or6ikW3YwRgIIJQ+9rAWnwmv\nzugqlPrevvwwLY6y8S0cMyfehgeIxwLVnYoWjXft58KUwCXGczOOe81migtG/q9K\nK1ftsq7MzA6/gOQcBpYphqPIuglO7el1ewy3scC0w8jSmGEwq2rZ7wKDIEaZOEU1\n1FAsvD/1bIx5hRiiRBNdSPUwKO1hnF9MRDUix3Wdi+sUQNOSTDxTRU66W5iKldQG\nJbr/R162hHU1tGTQ4A1+dttraY0MwjFMNzKQlP0t5Znv51MPWVGSmZNMXT3QcF7e\nLrcG8Ym0L/O0PQAAAIAOBBLiiF60kq1RyFX46Gfxrlv/CeV4GnfyO4mMWppBmlDc\n2px8nOFAYsUcn9qv7NVgFzFcQLkaGt2Um8M/Jck+KS8XY2JKt7VxxkpN/W+GmgJn\nIMu6wDbLKLirjILU5v+pPJrsYHIaCNnBlXSxFQORd5HUFaGbbr5QpwfjU8WbAwAA\nAIEA0wpUcGOcRQxqWRhCmvaUKb3DdR22ZV5Qwzg57RAMBX78PrzFRqh4gs5QT/Lj\no0ByCeCaocdvu3jmE4fshqvS7r5fkOiJaAAKri4YNeeUImWplhdLpQKuuW8gD6i/\n7utHLGmuwGfonjIkOEALuurcuhZ9Z80spUwU28taQ1Mo4u8AAACBAOqtEZRyi9/N\ne3vlwXt+vygiW/RfbMikQr/voFYjchpGqg6P7NoxSqFtMXp/DXKjwbDiCzwD870Z\nP9LWa0N7WxAeXsCQy8BTywQCKdA042XjnoUEzspltf81VgJewiFky9qEUfjObb7s\nVPko3A8M6uxViYHrd73kf2BkTdKoZ9nXAAAAAAEC\n-----END OPENSSH PRIVATE KEY-----\n",
            "private_key_pem": "-----BEGIN RSA PRIVATE KEY-----\nMIIEpAIBAAKCAQEAwXYdp9sCWARDiFft5iWr9Dl2HlMA6A/FldtD+o9nNp1OJXtC\ndKFOpd7LC8OiQyuZuJxO1scmhrVLhXSsK/a9fOE/yjF3m0XVA5vy9mqLBtwjMXUs\nNqw8ObHSetAE0Lj2oEu8kgNjJlAaeZSN0ekPPelJhXgwIRLlAA4t7DxjqoJCYRLH\n/WkpOA8bJnWNEajCXgQGL6LpZMdyiKneowGYZihwgjRxB98+yQJX1n+JbGh8yjV/\nwqXnBoE/OXWJYcpJBOwqYqnZKBjhLRc2rc4FXZPNsj4nu9gNJb2uuTO5blRjL/xK\ndcP88f9B2ExzamU3TqE5oTA9AsJAHTV2pdwtuQIDAQABAoIBAQCWjtC3gDbLvs27\nvwpysOComUt2gAxVjWisnk7CIXYmx7c4bjuivqKRbdjBGAgglD72sBafCa/O6CqU\n+t6+/DAtjrLxLRwzJ96GB4jHAtWdihaNd+3nwpTAJcZzM457zWaKC0b+r0orV+2y\nrszMDr+A5BwGlimGo8i6CU7t6XV7DLexwLTDyNKYYTCratnvAoMgRpk4RTXUUCy8\nP/VsjHmFGKJEE11I9TAo7WGcX0xENSLHdZ2L6xRA05JMPFNFTrpbmIqV1AYluv9H\nXraEdTW0ZNDgDX5222tpjQzCMUw3MpCU/S3lme/nUw9ZUZKZk0xdPdBwXt4utwbx\nibQv87Q9AoGBANMKVHBjnEUMalkYQpr2lCm9w3UdtmVeUMM4Oe0QDAV+/D68xUao\neILOUE/y46NAcgngmqHHb7t45hOH7Iar0u6+X5DoiWgACq4uGDXnlCJlqZYXS6UC\nrrlvIA+ov+7rRyxprsBn6J4yJDhAC7rq3LoWfWfNLKVMFNvLWkNTKOLvAoGBAOqt\nEZRyi9/Ne3vlwXt+vygiW/RfbMikQr/voFYjchpGqg6P7NoxSqFtMXp/DXKjwbDi\nCzwD870ZP9LWa0N7WxAeXsCQy8BTywQCKdA042XjnoUEzspltf81VgJewiFky9qE\nUfjObb7sVPko3A8M6uxViYHrd73kf2BkTdKoZ9nXAoGBAKT4+z8MLxmu9eeF1nNK\n9FGY/RUtT+r4CoxBBM8zbyJQvSDR8iklA2fFnfSRe6+fbkYYZOi4fbiAbuKvq48u\n/GoTOaOOk/NPrQmyEMz6pcspy6L/vOtWKH3ex6JWGQvMskuepbPUxnv72GJ8dm78\nr+VsNUYSlqb0zY1v7rSYamrTAoGARTBFcJjc+FzivUKd6sURosmOhtvjfLxBGcmS\nYhMNPwX6eVShpirGMBW7crwmwNfa8UWTvlwD7oqVMJobAchKrtPlZ6zJBakuv73L\niiEtsgqL3/fs5+tY3ydgdk5tud6343MDn/Fslc+jtdoAF0fds1P8uJstsIS/sTGh\naCxSgf0CgYAOBBLiiF60kq1RyFX46Gfxrlv/CeV4GnfyO4mMWppBmlDc2px8nOFA\nYsUcn9qv7NVgFzFcQLkaGt2Um8M/Jck+KS8XY2JKt7VxxkpN/W+GmgJnIMu6wDbL\nKLirjILU5v+pPJrsYHIaCNnBlXSxFQORd5HUFaGbbr5QpwfjU8WbAw==\n-----END RSA PRIVATE KEY-----\n",
            "private_key_pem_pkcs8": "-----BEGIN PRIVATE KEY-----\nMIIEvgIBADANBgkqhkiG9w0BAQEFAASCBKgwggSkAgEAAoIBAQDBdh2n2wJYBEOI\nV+3mJav0OXYeUwDoD8WV20P6j2c2nU4le0J0oU6l3ssLw6JDK5m4nE7WxyaGtUuF\ndKwr9r184T/KMXebRdUDm/L2aosG3CMxdSw2rDw5sdJ60ATQuPagS7ySA2MmUBp5\nlI3R6Q896UmFeDAhEuUADi3sPGOqgkJhEsf9aSk4DxsmdY0RqMJeBAYvoulkx3KI\nqd6jAZhmKHCCNHEH3z7JAlfWf4lsaHzKNX/CpecGgT85dYlhykkE7CpiqdkoGOEt\nFzatzgVdk82yPie72A0lva65M7luVGMv/Ep1w/zx/0HYTHNqZTdOoTmhMD0CwkAd\nNXal3C25AgMBAAECggEBAJaO0LeANsu+zbu/CnKw4KiZS3aADFWNaKyeTsIhdibH\ntzhuO6K+opFt2MEYCCCUPvawFp8Jr87oKpT63r78MC2OsvEtHDMn3oYHiMcC1Z2K\nFo137efClMAlxnMzjnvNZooLRv6vSitX7bKuzMwOv4DkHAaWKYajyLoJTu3pdXsM\nt7HAtMPI0phhMKtq2e8CgyBGmThFNdRQLLw/9WyMeYUYokQTXUj1MCjtYZxfTEQ1\nIsd1nYvrFEDTkkw8U0VOuluYipXUBiW6/0detoR1NbRk0OANfnbba2mNDMIxTDcy\nkJT9LeWZ7+dTD1lRkpmTTF090HBe3i63BvGJtC/ztD0CgYEA0wpUcGOcRQxqWRhC\nmvaUKb3DdR22ZV5Qwzg57RAMBX78PrzFRqh4gs5QT/Ljo0ByCeCaocdvu3jmE4fs\nhqvS7r5fkOiJaAAKri4YNeeUImWplhdLpQKuuW8gD6i/7utHLGmuwGfonjIkOEAL\nuurcuhZ9Z80spUwU28taQ1Mo4u8CgYEA6q0RlHKL3817e+XBe36/KCJb9F9syKRC\nv++gViNyGkaqDo/s2jFKoW0xen8NcqPBsOILPAPzvRk/0tZrQ3tbEB5ewJDLwFPL\nBAIp0DTjZeOehQTOymW1/zVWAl7CIWTL2oRR+M5tvuxU+SjcDwzq7FWJget3veR/\nYGRN0qhn2dcCgYEApPj7PwwvGa7154XWc0r0UZj9FS1P6vgKjEEEzzNvIlC9INHy\nKSUDZ8Wd9JF7r59uRhhk6Lh9uIBu4q+rjy78ahM5o46T80+tCbIQzPqlyynLov+8\n61Yofd7HolYZC8yyS56ls9TGe/vYYnx2bvyv5Ww1RhKWpvTNjW/utJhqatMCgYBF\nMEVwmNz4XOK9Qp3qxRGiyY6G2+N8vEEZyZJiEw0/Bfp5VKGmKsYwFbtyvCbA19rx\nRZO+XAPuipUwmhsByEqu0+VnrMkFqS6/vcuKIS2yCovf9+zn61jfJ2B2Tm253rfj\ncwOf8WyVz6O12gAXR92zU/y4my2whL+xMaFoLFKB/QKBgA4EEuKIXrSSrVHIVfjo\nZ/GuW/8J5Xgad/I7iYxamkGaUNzanHyc4UBixRyf2q/s1WAXMVxAuRoa3ZSbwz8l\nyT4pLxdjYkq3tXHGSk39b4aaAmcgy7rANssouKuMgtTm/6k8muxgchoI2cGVdLEV\nA5F3kdQVoZtuvlCnB+NTxZsD\n-----END PRIVATE KEY-----\n",
            "public_key_fingerprint_md5": "ef:8a:44:dd:6f:d0:2f:b9:f3:38:1f:dd:d3:c7:77:89",
            "public_key_fingerprint_sha256": "SHA256:0A2e7QOQOEV+6AdmH+tKzHiwF4uzdoCd6sX02i5wPO0",
            "public_key_openssh": "ssh-rsa AAAAB3NzaC1yc2EAAAADAQABAAABAQDBdh2n2wJYBEOIV+3mJav0OXYeUwDoD8WV20P6j2c2nU4le0J0oU6l3ssLw6JDK5m4nE7WxyaGtUuFdKwr9r184T/KMXebRdUDm/L2aosG3CMxdSw2rDw5sdJ60ATQuPagS7ySA2MmUBp5lI3R6Q896UmFeDAhEuUADi3sPGOqgkJhEsf9aSk4DxsmdY0RqMJeBAYvoulkx3KIqd6jAZhmKHCCNHEH3z7JAlfWf4lsaHzKNX/CpecGgT85dYlhykkE7CpiqdkoGOEtFzatzgVdk82yPie72A0lva65M7luVGMv/Ep1w/zx/0HYTHNqZTdOoTmhMD0CwkAdNXal3C25\n",
            "public_key_pem": "-----BEGIN PUBLIC KEY-----\nMIIBIjANBgkqhkiG9w0BAQEFAAOCAQ8AMIIBCgKCAQEAwXYdp9sCWARDiFft5iWr\n9Dl2HlMA6A/FldtD+o9nNp1OJXtCdKFOpd7LC8OiQyuZuJxO1scmhrVLhXSsK/a9\nfOE/yjF3m0XVA5vy9mqLBtwjMXUsNqw8ObHSetAE0Lj2oEu8kgNjJlAaeZSN0ekP\nPelJhXgwIRLlAA4t7DxjqoJCYRLH/WkpOA8bJnWNEajCXgQGL6LpZMdyiKneowGY\nZihwgjRxB98+yQJX1n+JbGh8yjV/wqXnBoE/OXWJYcpJBOwqYqnZKBjhLRc2rc4F\nXZPNsj4nu9gNJb2uuTO5blRjL/xKdcP88f9B2ExzamU3TqE5oTA9AsJAHTV2pdwt\nuQIDAQAB\n-----END PUBLIC KEY-----\n",
            "rsa_bits": 2048
          },
          "sensitive_attributes": []
        }
      ]
    },
    {
      "mode": "managed",
      "type": "tls_private_key",
      "name": "server-pvt",
      "provider": "provider[\"registry.terraform.io/hashicorp/tls\"]",
      "instances": [
        {
          "schema_version": 1,
          "attributes": {
            "algorithm": "RSA",
            "ecdsa_curve": "P224",
            "id": "0958d2930026f0761c380e3b25014caf31b8e7ee",
            "private_key_openssh": "-----BEGIN OPENSSH PRIVATE KEY-----\nb3BlbnNzaC1rZXktdjEAAAAABG5vbmUAAAAEbm9uZQAAAAAAAAABAAABFwAAAAdz\nc2gtcnNhAAAAAwEAAQAAAQEAnfQ+AW5e7T694gKDsND7c8SwqkAdV6bPnnfKBUTw\nhlUVvARNwczZVMMpxKX4DKfzlcTKlfqQKHNI+zLXlmTvTHc0a6kh+Kt0SmdGtySG\nHkU44hejLBNYNohnvo7mCz2woeoneVUTV5/19ioi+SyaQRoU1v/wPQukQJ4N8k3v\nB79khbyfm2HTkaOPyqhAdB8RS8VgRASq/djHdDvdP/YrZ1Zd2TJBl5j4QFv4rj4J\nYvfpX2txMQSrMFdQogYQNCOBn0rl9qNzQ58b8g27HKwb6HhF9DshAJLaciei/ZRm\nu0nSvyIyVJbl3DmOcRTqMacBEuyvOJi/13nJwSd/NiP3dQAAA7iCh9w3gofcNwAA\nAAdzc2gtcnNhAAABAQCd9D4Bbl7tPr3iAoOw0PtzxLCqQB1Xps+ed8oFRPCGVRW8\nBE3BzNlUwynEpfgMp/OVxMqV+pAoc0j7MteWZO9MdzRrqSH4q3RKZ0a3JIYeRTji\nF6MsE1g2iGe+juYLPbCh6id5VRNXn/X2KiL5LJpBGhTW//A9C6RAng3yTe8Hv2SF\nvJ+bYdORo4/KqEB0HxFLxWBEBKr92Md0O90/9itnVl3ZMkGXmPhAW/iuPgli9+lf\na3ExBKswV1CiBhA0I4GfSuX2o3NDnxvyDbscrBvoeEX0OyEAktpyJ6L9lGa7SdK/\nIjJUluXcOY5xFOoxpwES7K84mL/XecnBJ382I/d1AAAAAwEAAQAAAQBarpM+jRfw\nipnG/HyQcZo6/4wRYhe2b604pDsWRVr1NDnzJGFjxvBqylTbchFzaqTcsgtAiYZj\nwrP+i1TcIfyEYNd2i7ZWJlDwOlSN5mkdTc53duyV7FEzlaJB85Y8k+EpQ93/uYkO\nQGacOdq0RRgWEhwuxucslNdqxZLqLjXxstflbjzja1JS+DVyZThXGWu0xXD2AHyR\n823wz10hkuHNz00uHmrXPf5obPOosHG8JgXKSx0xLXXhKSL2mkpT0/TsZNIiT2Ds\nq7pUrSEW5zAnzg7RR1e9Nzkih6fTZyliea3CtqrerQIFnf97I+wB2/bmvVkQkMBp\nE915E2qKsl3BAAAAgE6E1G3PQA5cJYt74dLY6bevTcIO56Zoocjx42Teh90b/MIm\nOLyChoT1GrbL99mmXIQrh0Fi/KYHIIQcCccmIa2RCGBEWtzrnjNPhvWqYEQQXjgZ\nndNBwPseyTAifgi/FNHIsiY1n1QaniHY+7pw2cBWKORKYBQ/r40fOQUtaoI3AAAA\ngQDJFYalYeE/hXH9I9PE3whCp6gV3UkOlHImZYV5APyB5aMIBy7AuYW5TRCLeoHw\nQw1oznqp248igHKmtlXtszsdTtiS7abXRPzOnUeYHDUlNtm7tpWU8u89CG8Xlp2D\n6ugCAZAd2frdSpN7OGwWhJZKfaPfTHm7Uow/V9L23uF18QAAAIEAyRdZkSHwSbSN\n/tE91Ka0zA3jYH2nBmh2QjVQ84uRUEm+a0OAB70JQNNOgFuVwvfzeGR2qgir86sy\nx4wHb+zg2RF6OF6QVf6ylYFNjR+VkU0FWc7ICw19XElxtm4iyWkOatWj5Up8WW/W\n7xBiSfb/YpVIYMlf3ByNiF0lIAA+hcUAAAAAAQID\n-----END OPENSSH PRIVATE KEY-----\n",
            "private_key_pem": "-----BEGIN RSA PRIVATE KEY-----\nMIIEowIBAAKCAQEAnfQ+AW5e7T694gKDsND7c8SwqkAdV6bPnnfKBUTwhlUVvARN\nwczZVMMpxKX4DKfzlcTKlfqQKHNI+zLXlmTvTHc0a6kh+Kt0SmdGtySGHkU44hej\nLBNYNohnvo7mCz2woeoneVUTV5/19ioi+SyaQRoU1v/wPQukQJ4N8k3vB79khbyf\nm2HTkaOPyqhAdB8RS8VgRASq/djHdDvdP/YrZ1Zd2TJBl5j4QFv4rj4JYvfpX2tx\nMQSrMFdQogYQNCOBn0rl9qNzQ58b8g27HKwb6HhF9DshAJLaciei/ZRmu0nSvyIy\nVJbl3DmOcRTqMacBEuyvOJi/13nJwSd/NiP3dQIDAQABAoIBAFqukz6NF/CKmcb8\nfJBxmjr/jBFiF7ZvrTikOxZFWvU0OfMkYWPG8GrKVNtyEXNqpNyyC0CJhmPCs/6L\nVNwh/IRg13aLtlYmUPA6VI3maR1Nznd27JXsUTOVokHzljyT4SlD3f+5iQ5AZpw5\n2rRFGBYSHC7G5yyU12rFkuouNfGy1+VuPONrUlL4NXJlOFcZa7TFcPYAfJHzbfDP\nXSGS4c3PTS4eatc9/mhs86iwcbwmBcpLHTEtdeEpIvaaSlPT9Oxk0iJPYOyrulSt\nIRbnMCfODtFHV703OSKHp9NnKWJ5rcK2qt6tAgWd/3sj7AHb9ua9WRCQwGkT3XkT\naoqyXcECgYEAyRWGpWHhP4Vx/SPTxN8IQqeoFd1JDpRyJmWFeQD8geWjCAcuwLmF\nuU0Qi3qB8EMNaM56qduPIoByprZV7bM7HU7Yku2m10T8zp1HmBw1JTbZu7aVlPLv\nPQhvF5adg+roAgGQHdn63UqTezhsFoSWSn2j30x5u1KMP1fS9t7hdfECgYEAyRdZ\nkSHwSbSN/tE91Ka0zA3jYH2nBmh2QjVQ84uRUEm+a0OAB70JQNNOgFuVwvfzeGR2\nqgir86syx4wHb+zg2RF6OF6QVf6ylYFNjR+VkU0FWc7ICw19XElxtm4iyWkOatWj\n5Up8WW/W7xBiSfb/YpVIYMlf3ByNiF0lIAA+hcUCgYEAwHM0qaXzEXtjLDYU4M/g\ntQKG0V43JJgYY/038CZshNnF3dIaAePNQxqpogQ+xjc2Zz9ukJCM/iVXFY1e0h9+\njT8/8ec3jcH9/rTyp3cfuh0z5/8ITETxiUVAJaBF4tJ4+CqMxrUv7okIe571e9ur\nh2GV7AniW9DWX21rgFCyEdECgYALi9atuaglY0Of9P263xOUf9ulZ7GWcZsQtCUA\nxuvCE2nmmMqaJyWH3losjpWryzbkm8ggfTz6UcMpqAWpTI2giRtebzeUaHpykSkV\nyFF7NVPwUyozUEP5b5Ii6nH+5JRaWAgAG2XGcOCDe4pZOuBxFadBP27MoasSwF5o\nVvtADQKBgE6E1G3PQA5cJYt74dLY6bevTcIO56Zoocjx42Teh90b/MImOLyChoT1\nGrbL99mmXIQrh0Fi/KYHIIQcCccmIa2RCGBEWtzrnjNPhvWqYEQQXjgZndNBwPse\nyTAifgi/FNHIsiY1n1QaniHY+7pw2cBWKORKYBQ/r40fOQUtaoI3\n-----END RSA PRIVATE KEY-----\n",
            "private_key_pem_pkcs8": "-----BEGIN PRIVATE KEY-----\nMIIEvQIBADANBgkqhkiG9w0BAQEFAASCBKcwggSjAgEAAoIBAQCd9D4Bbl7tPr3i\nAoOw0PtzxLCqQB1Xps+ed8oFRPCGVRW8BE3BzNlUwynEpfgMp/OVxMqV+pAoc0j7\nMteWZO9MdzRrqSH4q3RKZ0a3JIYeRTjiF6MsE1g2iGe+juYLPbCh6id5VRNXn/X2\nKiL5LJpBGhTW//A9C6RAng3yTe8Hv2SFvJ+bYdORo4/KqEB0HxFLxWBEBKr92Md0\nO90/9itnVl3ZMkGXmPhAW/iuPgli9+lfa3ExBKswV1CiBhA0I4GfSuX2o3NDnxvy\nDbscrBvoeEX0OyEAktpyJ6L9lGa7SdK/IjJUluXcOY5xFOoxpwES7K84mL/XecnB\nJ382I/d1AgMBAAECggEAWq6TPo0X8IqZxvx8kHGaOv+MEWIXtm+tOKQ7FkVa9TQ5\n8yRhY8bwaspU23IRc2qk3LILQImGY8Kz/otU3CH8hGDXdou2ViZQ8DpUjeZpHU3O\nd3bslexRM5WiQfOWPJPhKUPd/7mJDkBmnDnatEUYFhIcLsbnLJTXasWS6i418bLX\n5W4842tSUvg1cmU4VxlrtMVw9gB8kfNt8M9dIZLhzc9NLh5q1z3+aGzzqLBxvCYF\nyksdMS114Ski9ppKU9P07GTSIk9g7Ku6VK0hFucwJ84O0UdXvTc5Ioen02cpYnmt\nwraq3q0CBZ3/eyPsAdv25r1ZEJDAaRPdeRNqirJdwQKBgQDJFYalYeE/hXH9I9PE\n3whCp6gV3UkOlHImZYV5APyB5aMIBy7AuYW5TRCLeoHwQw1oznqp248igHKmtlXt\nszsdTtiS7abXRPzOnUeYHDUlNtm7tpWU8u89CG8Xlp2D6ugCAZAd2frdSpN7OGwW\nhJZKfaPfTHm7Uow/V9L23uF18QKBgQDJF1mRIfBJtI3+0T3UprTMDeNgfacGaHZC\nNVDzi5FQSb5rQ4AHvQlA006AW5XC9/N4ZHaqCKvzqzLHjAdv7ODZEXo4XpBV/rKV\ngU2NH5WRTQVZzsgLDX1cSXG2biLJaQ5q1aPlSnxZb9bvEGJJ9v9ilUhgyV/cHI2I\nXSUgAD6FxQKBgQDAczSppfMRe2MsNhTgz+C1AobRXjckmBhj/TfwJmyE2cXd0hoB\n481DGqmiBD7GNzZnP26QkIz+JVcVjV7SH36NPz/x5zeNwf3+tPKndx+6HTPn/whM\nRPGJRUAloEXi0nj4KozGtS/uiQh7nvV726uHYZXsCeJb0NZfbWuAULIR0QKBgAuL\n1q25qCVjQ5/0/brfE5R/26VnsZZxmxC0JQDG68ITaeaYyponJYfeWiyOlavLNuSb\nyCB9PPpRwymoBalMjaCJG15vN5RoenKRKRXIUXs1U/BTKjNQQ/lvkiLqcf7klFpY\nCAAbZcZw4IN7ilk64HEVp0E/bsyhqxLAXmhW+0ANAoGAToTUbc9ADlwli3vh0tjp\nt69Nwg7npmihyPHjZN6H3Rv8wiY4vIKGhPUatsv32aZchCuHQWL8pgcghBwJxyYh\nrZEIYERa3OueM0+G9apgRBBeOBmd00HA+x7JMCJ+CL8U0ciyJjWfVBqeIdj7unDZ\nwFYo5EpgFD+vjR85BS1qgjc=\n-----END PRIVATE KEY-----\n",
            "public_key_fingerprint_md5": "e9:8f:b1:75:5b:18:43:f9:96:82:de:76:8a:4b:90:ac",
            "public_key_fingerprint_sha256": "SHA256:VD7iXH+teYlxDZj07FFH0UzUzo43nUx1gOnF4jMqve8",
            "public_key_openssh": "ssh-rsa AAAAB3NzaC1yc2EAAAADAQABAAABAQCd9D4Bbl7tPr3iAoOw0PtzxLCqQB1Xps+ed8oFRPCGVRW8BE3BzNlUwynEpfgMp/OVxMqV+pAoc0j7MteWZO9MdzRrqSH4q3RKZ0a3JIYeRTjiF6MsE1g2iGe+juYLPbCh6id5VRNXn/X2KiL5LJpBGhTW//A9C6RAng3yTe8Hv2SFvJ+bYdORo4/KqEB0HxFLxWBEBKr92Md0O90/9itnVl3ZMkGXmPhAW/iuPgli9+lfa3ExBKswV1CiBhA0I4GfSuX2o3NDnxvyDbscrBvoeEX0OyEAktpyJ6L9lGa7SdK/IjJUluXcOY5xFOoxpwES7K84mL/XecnBJ382I/d1\n",
            "public_key_pem": "-----BEGIN PUBLIC KEY-----\nMIIBIjANBgkqhkiG9w0BAQEFAAOCAQ8AMIIBCgKCAQEAnfQ+AW5e7T694gKDsND7\nc8SwqkAdV6bPnnfKBUTwhlUVvARNwczZVMMpxKX4DKfzlcTKlfqQKHNI+zLXlmTv\nTHc0a6kh+Kt0SmdGtySGHkU44hejLBNYNohnvo7mCz2woeoneVUTV5/19ioi+Sya\nQRoU1v/wPQukQJ4N8k3vB79khbyfm2HTkaOPyqhAdB8RS8VgRASq/djHdDvdP/Yr\nZ1Zd2TJBl5j4QFv4rj4JYvfpX2txMQSrMFdQogYQNCOBn0rl9qNzQ58b8g27HKwb\n6HhF9DshAJLaciei/ZRmu0nSvyIyVJbl3DmOcRTqMacBEuyvOJi/13nJwSd/NiP3\ndQIDAQAB\n-----END PUBLIC KEY-----\n",
            "rsa_bits": 2048
          },
          "sensitive_attributes": []
        }
      ]
    },
    {
      "mode": "managed",
      "type": "tls_self_signed_cert",
      "name": "ca",
      "provider": "provider[\"registry.terraform.io/hashicorp/tls\"]",
      "instances": [
        {
          "schema_version": 0,
          "attributes": {
            "allowed_uses": [
              "digital_signature",
              "key_encipherment",
              "cert_signing"
            ],
            "cert_pem": "-----BEGIN CERTIFICATE-----\nMIIDPDCCAiSgAwIBAgIQaKxw2Tlu8JxBTFxzTDw5IzANBgkqhkiG9w0BAQsFADA4\nMRowGAYDVQQKExFJbmR1cyBWYWxsZXksIEluYzEaMBgGA1UEAxMRUGFyaXZlc2hp\ndGEuVGhvdGEwHhcNMjQwMzE0MjM0MDI2WhcNMjQwODExMjM0MDI2WjA4MRowGAYD\nVQQKExFJbmR1cyBWYWxsZXksIEluYzEaMBgGA1UEAxMRUGFyaXZlc2hpdGEuVGhv\ndGEwggEiMA0GCSqGSIb3DQEBAQUAA4IBDwAwggEKAoIBAQCzwYw5B30zWGQGktUL\noWTkuRfskKcGQdvu/S/domixYseb9wZ1uL74UYJN3ZK1G0Y89DKv4KAelNidwBwD\nXpAu/BfV54ta1qFBYsWjKwdgDvIY5TDS7+zVTprJkp7SGSrS7L76tKVa5FNfi5jV\nixjGbmJJKtZ3wdj7AK4JfIyho+SZ96EDPj272vZTheg7aklEgjCzS6qeMWxIeSzO\nyvWA8ZcchuW2k0updlDhQoz30ZtbFLjhBzW8D5wuckEfHrQg5SrxWZhETu0MMTGC\n+5BUCQsdZ55oyFdqYSs9v0RuwIBTKuZkz3FlCYrYb+7cYmwvImND/Z6L3PGfvJRg\nJhChAgMBAAGjQjBAMA4GA1UdDwEB/wQEAwICpDAPBgNVHRMBAf8EBTADAQH/MB0G\nA1UdDgQWBBRsIvlHcGvXtf245Ng57huxPUhFazANBgkqhkiG9w0BAQsFAAOCAQEA\nsbSiEpNZ4w+xdLaFrQs0qGS2snYrQRQyh+y1pF4OX1QN0nUokqzMGun7cyMLWfBW\nuLcr5jpXPU4XJ9U/a7EmNVbGR1w4xwWZuEw1ETof+fPmt0lt7uL2zfAdzCHGBFqQ\nsNaHqPPe0WyObqgV+DlycEjdq7h3q0ofcuFnjDJxXJo4ZmX5mn6axkshTXGKmYgq\nvxUFcfp7XoAJmlrUz2DeunEB//Y95qMSGYmE3rRcV3F9poTA8k3nys+WoUnKGjuR\nfTE+QlI6Ng4sg1N3h4f8OW48qBRxi3I0/dAh57FqPbOl/qhVa8D9TGbq9jBaV6DJ\nkprr+UcjFVw1iZ4QYQLSKA==\n-----END CERTIFICATE-----\n",
            "dns_names": null,
            "early_renewal_hours": 0,
            "id": "139135075461460879366879399229999823139",
            "ip_addresses": null,
            "is_ca_certificate": true,
            "key_algorithm": "RSA",
            "private_key_pem": "-----BEGIN RSA PRIVATE KEY-----\nMIIEowIBAAKCAQEAs8GMOQd9M1hkBpLVC6Fk5LkX7JCnBkHb7v0v3aJosWLHm/cG\ndbi++FGCTd2StRtGPPQyr+CgHpTYncAcA16QLvwX1eeLWtahQWLFoysHYA7yGOUw\n0u/s1U6ayZKe0hkq0uy++rSlWuRTX4uY1YsYxm5iSSrWd8HY+wCuCXyMoaPkmfeh\nAz49u9r2U4XoO2pJRIIws0uqnjFsSHkszsr1gPGXHIbltpNLqXZQ4UKM99GbWxS4\n4Qc1vA+cLnJBHx60IOUq8VmYRE7tDDExgvuQVAkLHWeeaMhXamErPb9EbsCAUyrm\nZM9xZQmK2G/u3GJsLyJjQ/2ei9zxn7yUYCYQoQIDAQABAoIBAQCLFpn/jrHrxtsu\n0vKSW0GMUUQXwh3bE56wH6yn3AESMJKvNccD0/3AeqFOysG37PC+PV3zBOYgg5/R\nAFMssED0eg+fbdhAY47G3zx58tN0GlxtsvnCXe9tZbMTgaXuf5bJOnLT3m+MEtwI\nNCYAJe73q3XVk5X7eD0CixYfNQZEExZM719Njsvk+ww5f0Dj5hPrIV7wJ1Y1724N\ny9Pl3Ss9leIue4GJW4+gd8nUCWfb3Srsab1UNCJUVV3DFHcz4hDuAtXTZp8a3aUj\npHuu8eKRDqCl7mJ+3r4DUgg9zCslFqGnfAJuaWuX5N2zUzi1SuA+PrsIpOsqurBK\nNImqjNCBAoGBAMqW7md/xE8SuXnm+0pa5ls7PUA6wYPC+QZcyp840ahrA+uCNGbc\nrKhsGEbR+N9/A2HA/CcaEiccpd4gRNvStxrI4+EcWEebvwTfJkYz0YNYjaBee6i5\nILGwrHUOOZ6SowpP8c6DDCbYG9AEghuocCkAB+7nQxCu9YnrVk2DNCXpAoGBAOMl\njEcWvsYaiAgJk7Ojt/qXHtMATsBhFU1jxZCYn7VKBXWLKzWdsG8Zv9gFjvs9ZE6y\nJyPiwYgFru8iAYZAiOTBTc/DO5mwoCRtFmRw/XoAQHRDmzwqFJC5X1tjNGKuPLTQ\nIsKNm7PKhp1vg200RYLwRGEfB0obMNUti3adWAn5AoGAO9ovgQBsXPgpN+yX3TXR\nzK5JwEoblfPqYojTjArbViiXteJ33NPhZrjYy0OJhW4e76h2Vo8LQebi0icycMdm\nNVGYkY8wPaez3ZqX0jHI+kcVQIXpfsWC9Tw/Fy4ms8Saypcn1108H9XFEcXjMoym\n5lYOAfTtCWbHQAH5M1lJ9NECgYAVn7p1/g1VUKtIkJjWDizylzZhAfN9TwC3KFtj\ng5QYrx5L7V7EsOld+kaQKx9MfbCx6TXerbSc3WWk8EjS3gvqMxjUQZLH88+bCCOM\nllEbLzDzoIgDt0HT8UHJsm0HQ+0VjYbxnIeJGyurizUozUQczgDEei64eFQyxy4y\nsZHzCQKBgFLUAPO8wD960505cPEobNnFnWraVOB0VQygeRAPcu4SspcOCqUtfG2N\nj4QX5WWFZOXmRaJs1A61rMc7Ezc6wfyTPDlDBb9XwNGdF0bJlWFv0rFG00oxo8Yd\nCjePiq4dMSwRKwz95V080gNaUCJxHOTnGC0JD/PrBGaKOwU5p6D1\n-----END RSA PRIVATE KEY-----\n",
            "ready_for_renewal": false,
            "set_authority_key_id": false,
            "set_subject_key_id": false,
            "subject": [
              {
                "common_name": "Pariveshita.Thota",
                "country": null,
                "locality": null,
                "organization": "Indus Valley, Inc",
                "organizational_unit": null,
                "postal_code": null,
                "province": null,
                "serial_number": null,
                "street_address": null
              }
            ],
            "uris": null,
            "validity_end_time": "2024-08-11T18:40:26.9281062-05:00",
            "validity_period_hours": 3600,
            "validity_start_time": "2024-03-14T18:40:26.9281062-05:00"
          },
          "sensitive_attributes": [
            [
              {
                "type": "get_attr",
                "value": "private_key_pem"
              }
            ]
          ],
          "dependencies": [
            "tls_private_key.ca-pvt"
          ]
        }
      ]
    }
  ],
  "check_results": null
}
